// !$*UTF8*$!
{
	archiveVersion = 1;
	classes = {
	};
	objectVersion = 46;
	objects = {

/* Begin PBXBuildFile section */
		3A67B00A491460F0C0119307 /* libPods.a in Frameworks */ = {isa = PBXBuildFile; fileRef = CE0D5FB60B95EE1C6AAD8165 /* libPods.a */; };
		461FC9FE1AED98F9001C3F46 /* SLTabBarController.m in Sources */ = {isa = PBXBuildFile; fileRef = 461FC9FD1AED98F9001C3F46 /* SLTabBarController.m */; };
		461FCA021AED9C8E001C3F46 /* ItunesSearchAPIController.m in Sources */ = {isa = PBXBuildFile; fileRef = 461FCA011AED9C8E001C3F46 /* ItunesSearchAPIController.m */; };
		46A094061AF061C00091C7F7 /* ItunesArtist.m in Sources */ = {isa = PBXBuildFile; fileRef = 46A094051AF061C00091C7F7 /* ItunesArtist.m */; };
		46A0940B1AF06A3F0091C7F7 /* ItunesAlbum.m in Sources */ = {isa = PBXBuildFile; fileRef = 46A0940A1AF06A3F0091C7F7 /* ItunesAlbum.m */; };
		46A0940E1AF06DDA0091C7F7 /* ItunesSearchArtist.m in Sources */ = {isa = PBXBuildFile; fileRef = 46A0940D1AF06DDA0091C7F7 /* ItunesSearchArtist.m */; };
		46A094111AF06FDF0091C7F7 /* ItunesSearchAlbum.m in Sources */ = {isa = PBXBuildFile; fileRef = 46A094101AF06FDF0091C7F7 /* ItunesSearchAlbum.m */; };
		46A094141AF072730091C7F7 /* ItunesTrack.m in Sources */ = {isa = PBXBuildFile; fileRef = 46A094131AF072730091C7F7 /* ItunesTrack.m */; };
		46A094171AF076C80091C7F7 /* ItunesSearchTracks.m in Sources */ = {isa = PBXBuildFile; fileRef = 46A094161AF076C80091C7F7 /* ItunesSearchTracks.m */; };
		46A0941A1AF079120091C7F7 /* ItunesArtistSearchResults.JSON in Resources */ = {isa = PBXBuildFile; fileRef = 46A094191AF079120091C7F7 /* ItunesArtistSearchResults.JSON */; };
		46A0941E1AF07BB40091C7F7 /* ItunesAlbumSearchResults.JSON in Resources */ = {isa = PBXBuildFile; fileRef = 46A0941D1AF07BB40091C7F7 /* ItunesAlbumSearchResults.JSON */; };
		46A094201AF07C140091C7F7 /* ItunesTracksSearchResult.JSON in Resources */ = {isa = PBXBuildFile; fileRef = 46A0941F1AF07C140091C7F7 /* ItunesTracksSearchResult.JSON */; };
		46A094281AF1B3E70091C7F7 /* ItunesSearchTesting.m in Sources */ = {isa = PBXBuildFile; fileRef = 46A094271AF1B3E70091C7F7 /* ItunesSearchTesting.m */; };
		46A094291AF1B8150091C7F7 /* ItunesArtistSearchResults.JSON in Resources */ = {isa = PBXBuildFile; fileRef = 46A094191AF079120091C7F7 /* ItunesArtistSearchResults.JSON */; };
		46A0942A1AF1B8150091C7F7 /* ItunesAlbumSearchResults.JSON in Resources */ = {isa = PBXBuildFile; fileRef = 46A0941D1AF07BB40091C7F7 /* ItunesAlbumSearchResults.JSON */; };
		46A0942B1AF1B8150091C7F7 /* ItunesTracksSearchResult.JSON in Resources */ = {isa = PBXBuildFile; fileRef = 46A0941F1AF07C140091C7F7 /* ItunesTracksSearchResult.JSON */; };
		46CB6AD21AED715800BF1DF3 /* main.m in Sources */ = {isa = PBXBuildFile; fileRef = 46CB6AD11AED715800BF1DF3 /* main.m */; };
		46CB6AD51AED715800BF1DF3 /* AppDelegate.m in Sources */ = {isa = PBXBuildFile; fileRef = 46CB6AD41AED715800BF1DF3 /* AppDelegate.m */; };
		46CB6AD81AED715800BF1DF3 /* shortList.xcdatamodeld in Sources */ = {isa = PBXBuildFile; fileRef = 46CB6AD61AED715800BF1DF3 /* shortList.xcdatamodeld */; };
		46CB6AE01AED715800BF1DF3 /* Images.xcassets in Resources */ = {isa = PBXBuildFile; fileRef = 46CB6ADF1AED715800BF1DF3 /* Images.xcassets */; };
		46CB6AE31AED715800BF1DF3 /* LaunchScreen.xib in Resources */ = {isa = PBXBuildFile; fileRef = 46CB6AE11AED715800BF1DF3 /* LaunchScreen.xib */; };
		46CB6B011AED797A00BF1DF3 /* SLFeedVC.m in Sources */ = {isa = PBXBuildFile; fileRef = 46CB6B001AED797A00BF1DF3 /* SLFeedVC.m */; };
		46CB6B051AED7ADC00BF1DF3 /* SLListsVC.m in Sources */ = {isa = PBXBuildFile; fileRef = 46CB6B041AED7ADC00BF1DF3 /* SLListsVC.m */; };
		46CB6B091AED7BB100BF1DF3 /* SLProfileVC.m in Sources */ = {isa = PBXBuildFile; fileRef = 46CB6B081AED7BB100BF1DF3 /* SLProfileVC.m */; };
		46CB6B0D1AED7C9900BF1DF3 /* SLMoreVC.m in Sources */ = {isa = PBXBuildFile; fileRef = 46CB6B0C1AED7C9900BF1DF3 /* SLMoreVC.m */; };
		46CB6B101AED80FD00BF1DF3 /* SLBaseVC.m in Sources */ = {isa = PBXBuildFile; fileRef = 46CB6B0F1AED80FD00BF1DF3 /* SLBaseVC.m */; };
		46CB6B151AED842200BF1DF3 /* SLStyle.m in Sources */ = {isa = PBXBuildFile; fileRef = 46CB6B141AED842200BF1DF3 /* SLStyle.m */; };
		46CB6B181AED850200BF1DF3 /* UIColor+SLStyle.m in Sources */ = {isa = PBXBuildFile; fileRef = 46CB6B171AED850200BF1DF3 /* UIColor+SLStyle.m */; };
		46CB6B1B1AED94D600BF1DF3 /* SLNavigationController.m in Sources */ = {isa = PBXBuildFile; fileRef = 46CB6B1A1AED94D600BF1DF3 /* SLNavigationController.m */; };
		71B66FE816682F53147BC434 /* libPods-shortListTests.a in Frameworks */ = {isa = PBXBuildFile; fileRef = 96318E4294F9670A88DFF932 /* libPods-shortListTests.a */; };
/* End PBXBuildFile section */

/* Begin PBXContainerItemProxy section */
		46CB6AE91AED715800BF1DF3 /* PBXContainerItemProxy */ = {
			isa = PBXContainerItemProxy;
			containerPortal = 46CB6AC41AED715800BF1DF3 /* Project object */;
			proxyType = 1;
			remoteGlobalIDString = 46CB6ACB1AED715800BF1DF3;
			remoteInfo = shortList;
		};
/* End PBXContainerItemProxy section */

/* Begin PBXFileReference section */
		1415B849DC8FE7440FF77432 /* Pods.release.xcconfig */ = {isa = PBXFileReference; includeInIndex = 1; lastKnownFileType = text.xcconfig; name = Pods.release.xcconfig; path = "Pods/Target Support Files/Pods/Pods.release.xcconfig"; sourceTree = "<group>"; };
		387B84E873048CE78F83CF11 /* Pods.debug.xcconfig */ = {isa = PBXFileReference; includeInIndex = 1; lastKnownFileType = text.xcconfig; name = Pods.debug.xcconfig; path = "Pods/Target Support Files/Pods/Pods.debug.xcconfig"; sourceTree = "<group>"; };
		4541FC2A6E9CC99BEBFB5502 /* Pods-shortListTests.release.xcconfig */ = {isa = PBXFileReference; includeInIndex = 1; lastKnownFileType = text.xcconfig; name = "Pods-shortListTests.release.xcconfig"; path = "Pods/Target Support Files/Pods-shortListTests/Pods-shortListTests.release.xcconfig"; sourceTree = "<group>"; };
		461FC9FC1AED98F9001C3F46 /* SLTabBarController.h */ = {isa = PBXFileReference; fileEncoding = 4; lastKnownFileType = sourcecode.c.h; path = SLTabBarController.h; sourceTree = "<group>"; };
		461FC9FD1AED98F9001C3F46 /* SLTabBarController.m */ = {isa = PBXFileReference; fileEncoding = 4; lastKnownFileType = sourcecode.c.objc; path = SLTabBarController.m; sourceTree = "<group>"; };
		461FCA001AED9C8E001C3F46 /* ItunesSearchAPIController.h */ = {isa = PBXFileReference; fileEncoding = 4; lastKnownFileType = sourcecode.c.h; path = ItunesSearchAPIController.h; sourceTree = "<group>"; };
		461FCA011AED9C8E001C3F46 /* ItunesSearchAPIController.m */ = {isa = PBXFileReference; fileEncoding = 4; lastKnownFileType = sourcecode.c.objc; path = ItunesSearchAPIController.m; sourceTree = "<group>"; };
		46A094041AF061C00091C7F7 /* ItunesArtist.h */ = {isa = PBXFileReference; fileEncoding = 4; lastKnownFileType = sourcecode.c.h; path = ItunesArtist.h; sourceTree = "<group>"; };
		46A094051AF061C00091C7F7 /* ItunesArtist.m */ = {isa = PBXFileReference; fileEncoding = 4; lastKnownFileType = sourcecode.c.objc; path = ItunesArtist.m; sourceTree = "<group>"; };
		46A094091AF06A3F0091C7F7 /* ItunesAlbum.h */ = {isa = PBXFileReference; fileEncoding = 4; lastKnownFileType = sourcecode.c.h; path = ItunesAlbum.h; sourceTree = "<group>"; };
		46A0940A1AF06A3F0091C7F7 /* ItunesAlbum.m */ = {isa = PBXFileReference; fileEncoding = 4; lastKnownFileType = sourcecode.c.objc; path = ItunesAlbum.m; sourceTree = "<group>"; };
		46A0940C1AF06DDA0091C7F7 /* ItunesSearchArtist.h */ = {isa = PBXFileReference; fileEncoding = 4; lastKnownFileType = sourcecode.c.h; path = ItunesSearchArtist.h; sourceTree = "<group>"; };
		46A0940D1AF06DDA0091C7F7 /* ItunesSearchArtist.m */ = {isa = PBXFileReference; fileEncoding = 4; lastKnownFileType = sourcecode.c.objc; path = ItunesSearchArtist.m; sourceTree = "<group>"; };
		46A0940F1AF06FDF0091C7F7 /* ItunesSearchAlbum.h */ = {isa = PBXFileReference; fileEncoding = 4; lastKnownFileType = sourcecode.c.h; path = ItunesSearchAlbum.h; sourceTree = "<group>"; };
		46A094101AF06FDF0091C7F7 /* ItunesSearchAlbum.m */ = {isa = PBXFileReference; fileEncoding = 4; lastKnownFileType = sourcecode.c.objc; path = ItunesSearchAlbum.m; sourceTree = "<group>"; };
		46A094121AF072730091C7F7 /* ItunesTrack.h */ = {isa = PBXFileReference; fileEncoding = 4; lastKnownFileType = sourcecode.c.h; path = ItunesTrack.h; sourceTree = "<group>"; };
		46A094131AF072730091C7F7 /* ItunesTrack.m */ = {isa = PBXFileReference; fileEncoding = 4; lastKnownFileType = sourcecode.c.objc; path = ItunesTrack.m; sourceTree = "<group>"; };
		46A094151AF076C80091C7F7 /* ItunesSearchTracks.h */ = {isa = PBXFileReference; fileEncoding = 4; lastKnownFileType = sourcecode.c.h; path = ItunesSearchTracks.h; sourceTree = "<group>"; };
		46A094161AF076C80091C7F7 /* ItunesSearchTracks.m */ = {isa = PBXFileReference; fileEncoding = 4; lastKnownFileType = sourcecode.c.objc; path = ItunesSearchTracks.m; sourceTree = "<group>"; };
		46A094191AF079120091C7F7 /* ItunesArtistSearchResults.JSON */ = {isa = PBXFileReference; fileEncoding = 4; lastKnownFileType = text.json; path = ItunesArtistSearchResults.JSON; sourceTree = "<group>"; };
		46A0941D1AF07BB40091C7F7 /* ItunesAlbumSearchResults.JSON */ = {isa = PBXFileReference; fileEncoding = 4; lastKnownFileType = text.json; path = ItunesAlbumSearchResults.JSON; sourceTree = "<group>"; };
		46A0941F1AF07C140091C7F7 /* ItunesTracksSearchResult.JSON */ = {isa = PBXFileReference; fileEncoding = 4; lastKnownFileType = text.json; path = ItunesTracksSearchResult.JSON; sourceTree = "<group>"; };
		46A094271AF1B3E70091C7F7 /* ItunesSearchTesting.m */ = {isa = PBXFileReference; fileEncoding = 4; lastKnownFileType = sourcecode.c.objc; path = ItunesSearchTesting.m; sourceTree = "<group>"; };
		46CB6ACC1AED715800BF1DF3 /* shortList.app */ = {isa = PBXFileReference; explicitFileType = wrapper.application; includeInIndex = 0; path = shortList.app; sourceTree = BUILT_PRODUCTS_DIR; };
		46CB6AD01AED715800BF1DF3 /* Info.plist */ = {isa = PBXFileReference; lastKnownFileType = text.plist.xml; path = Info.plist; sourceTree = "<group>"; };
		46CB6AD11AED715800BF1DF3 /* main.m */ = {isa = PBXFileReference; lastKnownFileType = sourcecode.c.objc; path = main.m; sourceTree = "<group>"; };
		46CB6AD31AED715800BF1DF3 /* AppDelegate.h */ = {isa = PBXFileReference; lastKnownFileType = sourcecode.c.h; path = AppDelegate.h; sourceTree = "<group>"; };
		46CB6AD41AED715800BF1DF3 /* AppDelegate.m */ = {isa = PBXFileReference; lastKnownFileType = sourcecode.c.objc; path = AppDelegate.m; sourceTree = "<group>"; };
		46CB6AD71AED715800BF1DF3 /* shortList.xcdatamodel */ = {isa = PBXFileReference; lastKnownFileType = wrapper.xcdatamodel; path = shortList.xcdatamodel; sourceTree = "<group>"; };
		46CB6ADF1AED715800BF1DF3 /* Images.xcassets */ = {isa = PBXFileReference; lastKnownFileType = folder.assetcatalog; path = Images.xcassets; sourceTree = "<group>"; };
		46CB6AE21AED715800BF1DF3 /* Base */ = {isa = PBXFileReference; lastKnownFileType = file.xib; name = Base; path = Base.lproj/LaunchScreen.xib; sourceTree = "<group>"; };
		46CB6AE81AED715800BF1DF3 /* shortListTests.xctest */ = {isa = PBXFileReference; explicitFileType = wrapper.cfbundle; includeInIndex = 0; path = shortListTests.xctest; sourceTree = BUILT_PRODUCTS_DIR; };
		46CB6AED1AED715900BF1DF3 /* Info.plist */ = {isa = PBXFileReference; lastKnownFileType = text.plist.xml; path = Info.plist; sourceTree = "<group>"; };
		46CB6AFF1AED797A00BF1DF3 /* SLFeedVC.h */ = {isa = PBXFileReference; fileEncoding = 4; lastKnownFileType = sourcecode.c.h; path = SLFeedVC.h; sourceTree = "<group>"; };
		46CB6B001AED797A00BF1DF3 /* SLFeedVC.m */ = {isa = PBXFileReference; fileEncoding = 4; lastKnownFileType = sourcecode.c.objc; path = SLFeedVC.m; sourceTree = "<group>"; };
		46CB6B031AED7ADC00BF1DF3 /* SLListsVC.h */ = {isa = PBXFileReference; fileEncoding = 4; lastKnownFileType = sourcecode.c.h; path = SLListsVC.h; sourceTree = "<group>"; };
		46CB6B041AED7ADC00BF1DF3 /* SLListsVC.m */ = {isa = PBXFileReference; fileEncoding = 4; lastKnownFileType = sourcecode.c.objc; path = SLListsVC.m; sourceTree = "<group>"; };
		46CB6B071AED7BB100BF1DF3 /* SLProfileVC.h */ = {isa = PBXFileReference; fileEncoding = 4; lastKnownFileType = sourcecode.c.h; path = SLProfileVC.h; sourceTree = "<group>"; };
		46CB6B081AED7BB100BF1DF3 /* SLProfileVC.m */ = {isa = PBXFileReference; fileEncoding = 4; lastKnownFileType = sourcecode.c.objc; path = SLProfileVC.m; sourceTree = "<group>"; };
		46CB6B0B1AED7C9900BF1DF3 /* SLMoreVC.h */ = {isa = PBXFileReference; fileEncoding = 4; lastKnownFileType = sourcecode.c.h; path = SLMoreVC.h; sourceTree = "<group>"; };
		46CB6B0C1AED7C9900BF1DF3 /* SLMoreVC.m */ = {isa = PBXFileReference; fileEncoding = 4; lastKnownFileType = sourcecode.c.objc; path = SLMoreVC.m; sourceTree = "<group>"; };
		46CB6B0E1AED80FD00BF1DF3 /* SLBaseVC.h */ = {isa = PBXFileReference; fileEncoding = 4; lastKnownFileType = sourcecode.c.h; path = SLBaseVC.h; sourceTree = "<group>"; };
		46CB6B0F1AED80FD00BF1DF3 /* SLBaseVC.m */ = {isa = PBXFileReference; fileEncoding = 4; lastKnownFileType = sourcecode.c.objc; path = SLBaseVC.m; sourceTree = "<group>"; };
		46CB6B131AED842200BF1DF3 /* SLStyle.h */ = {isa = PBXFileReference; fileEncoding = 4; lastKnownFileType = sourcecode.c.h; path = SLStyle.h; sourceTree = "<group>"; };
		46CB6B141AED842200BF1DF3 /* SLStyle.m */ = {isa = PBXFileReference; fileEncoding = 4; lastKnownFileType = sourcecode.c.objc; path = SLStyle.m; sourceTree = "<group>"; };
		46CB6B161AED850200BF1DF3 /* UIColor+SLStyle.h */ = {isa = PBXFileReference; fileEncoding = 4; lastKnownFileType = sourcecode.c.h; path = "UIColor+SLStyle.h"; sourceTree = "<group>"; };
		46CB6B171AED850200BF1DF3 /* UIColor+SLStyle.m */ = {isa = PBXFileReference; fileEncoding = 4; lastKnownFileType = sourcecode.c.objc; path = "UIColor+SLStyle.m"; sourceTree = "<group>"; };
		46CB6B191AED94D600BF1DF3 /* SLNavigationController.h */ = {isa = PBXFileReference; fileEncoding = 4; lastKnownFileType = sourcecode.c.h; path = SLNavigationController.h; sourceTree = "<group>"; };
		46CB6B1A1AED94D600BF1DF3 /* SLNavigationController.m */ = {isa = PBXFileReference; fileEncoding = 4; lastKnownFileType = sourcecode.c.objc; path = SLNavigationController.m; sourceTree = "<group>"; };
		6EFCC671B3C3AACECC69EBC0 /* Pods-shortListTests.debug.xcconfig */ = {isa = PBXFileReference; includeInIndex = 1; lastKnownFileType = text.xcconfig; name = "Pods-shortListTests.debug.xcconfig"; path = "Pods/Target Support Files/Pods-shortListTests/Pods-shortListTests.debug.xcconfig"; sourceTree = "<group>"; };
		96318E4294F9670A88DFF932 /* libPods-shortListTests.a */ = {isa = PBXFileReference; explicitFileType = archive.ar; includeInIndex = 0; path = "libPods-shortListTests.a"; sourceTree = BUILT_PRODUCTS_DIR; };
		CE0D5FB60B95EE1C6AAD8165 /* libPods.a */ = {isa = PBXFileReference; explicitFileType = archive.ar; includeInIndex = 0; path = libPods.a; sourceTree = BUILT_PRODUCTS_DIR; };
/* End PBXFileReference section */

/* Begin PBXFrameworksBuildPhase section */
		46CB6AC91AED715800BF1DF3 /* Frameworks */ = {
			isa = PBXFrameworksBuildPhase;
			buildActionMask = 2147483647;
			files = (
				3A67B00A491460F0C0119307 /* libPods.a in Frameworks */,
			);
			runOnlyForDeploymentPostprocessing = 0;
		};
		46CB6AE51AED715800BF1DF3 /* Frameworks */ = {
			isa = PBXFrameworksBuildPhase;
			buildActionMask = 2147483647;
			files = (
				71B66FE816682F53147BC434 /* libPods-shortListTests.a in Frameworks */,
			);
			runOnlyForDeploymentPostprocessing = 0;
		};
/* End PBXFrameworksBuildPhase section */

/* Begin PBXGroup section */
		461FC9F91AED9888001C3F46 /* Components */ = {
			isa = PBXGroup;
			children = (
				461FC9FB1AED98B6001C3F46 /* Tab */,
				461FC9FA1AED98A8001C3F46 /* Navigation */,
			);
			name = Components;
			sourceTree = "<group>";
		};
		461FC9FA1AED98A8001C3F46 /* Navigation */ = {
			isa = PBXGroup;
			children = (
				46CB6B191AED94D600BF1DF3 /* SLNavigationController.h */,
				46CB6B1A1AED94D600BF1DF3 /* SLNavigationController.m */,
			);
			name = Navigation;
			sourceTree = "<group>";
		};
		461FC9FB1AED98B6001C3F46 /* Tab */ = {
			isa = PBXGroup;
			children = (
				461FC9FC1AED98F9001C3F46 /* SLTabBarController.h */,
				461FC9FD1AED98F9001C3F46 /* SLTabBarController.m */,
			);
			name = Tab;
			sourceTree = "<group>";
		};
		461FC9FF1AED9A68001C3F46 /* Controllers */ = {
			isa = PBXGroup;
			children = (
				461FCA001AED9C8E001C3F46 /* ItunesSearchAPIController.h */,
				461FCA011AED9C8E001C3F46 /* ItunesSearchAPIController.m */,
			);
			name = Controllers;
			sourceTree = "<group>";
		};
		46A094071AF061E60091C7F7 /* itunes API */ = {
			isa = PBXGroup;
			children = (
				46A094081AF061FD0091C7F7 /* Models */,
				461FC9FF1AED9A68001C3F46 /* Controllers */,
			);
			name = "itunes API";
			sourceTree = "<group>";
		};
		46A094081AF061FD0091C7F7 /* Models */ = {
			isa = PBXGroup;
			children = (
				46A0940C1AF06DDA0091C7F7 /* ItunesSearchArtist.h */,
				46A0940D1AF06DDA0091C7F7 /* ItunesSearchArtist.m */,
				46A0940F1AF06FDF0091C7F7 /* ItunesSearchAlbum.h */,
				46A094101AF06FDF0091C7F7 /* ItunesSearchAlbum.m */,
				46A094151AF076C80091C7F7 /* ItunesSearchTracks.h */,
				46A094161AF076C80091C7F7 /* ItunesSearchTracks.m */,
				46A094041AF061C00091C7F7 /* ItunesArtist.h */,
				46A094051AF061C00091C7F7 /* ItunesArtist.m */,
				46A094091AF06A3F0091C7F7 /* ItunesAlbum.h */,
				46A0940A1AF06A3F0091C7F7 /* ItunesAlbum.m */,
				46A094121AF072730091C7F7 /* ItunesTrack.h */,
				46A094131AF072730091C7F7 /* ItunesTrack.m */,
			);
			name = Models;
			sourceTree = "<group>";
		};
		46A094181AF078270091C7F7 /* Itunes API Test Files */ = {
			isa = PBXGroup;
			children = (
				46A094191AF079120091C7F7 /* ItunesArtistSearchResults.JSON */,
				46A0941D1AF07BB40091C7F7 /* ItunesAlbumSearchResults.JSON */,
				46A0941F1AF07C140091C7F7 /* ItunesTracksSearchResult.JSON */,
			);
			name = "Itunes API Test Files";
			sourceTree = "<group>";
		};
		46CB6AC31AED715800BF1DF3 = {
			isa = PBXGroup;
			children = (
				46CB6ACE1AED715800BF1DF3 /* shortList */,
				46CB6AEB1AED715800BF1DF3 /* shortListTests */,
				46CB6ACD1AED715800BF1DF3 /* Products */,
				E1C19EF74320190C92849CF2 /* Pods */,
				E1761E54DFFFFE8F0167477C /* Frameworks */,
			);
			sourceTree = "<group>";
		};
		46CB6ACD1AED715800BF1DF3 /* Products */ = {
			isa = PBXGroup;
			children = (
				46CB6ACC1AED715800BF1DF3 /* shortList.app */,
				46CB6AE81AED715800BF1DF3 /* shortListTests.xctest */,
			);
			name = Products;
			sourceTree = "<group>";
		};
		46CB6ACE1AED715800BF1DF3 /* shortList */ = {
			isa = PBXGroup;
			children = (
				46CB6AD31AED715800BF1DF3 /* AppDelegate.h */,
				46CB6AD41AED715800BF1DF3 /* AppDelegate.m */,
				46CB6AFA1AED76F400BF1DF3 /* UI */,
				46CB6AF91AED76EB00BF1DF3 /* Models */,
				46CB6ACF1AED715800BF1DF3 /* Supporting Files */,
			);
			path = shortList;
			sourceTree = "<group>";
		};
		46CB6ACF1AED715800BF1DF3 /* Supporting Files */ = {
			isa = PBXGroup;
			children = (
				46CB6AD61AED715800BF1DF3 /* shortList.xcdatamodeld */,
				46CB6ADF1AED715800BF1DF3 /* Images.xcassets */,
				46CB6AE11AED715800BF1DF3 /* LaunchScreen.xib */,
				46CB6AD01AED715800BF1DF3 /* Info.plist */,
				46CB6AD11AED715800BF1DF3 /* main.m */,
			);
			name = "Supporting Files";
			sourceTree = "<group>";
		};
		46CB6AEB1AED715800BF1DF3 /* shortListTests */ = {
			isa = PBXGroup;
			children = (
				46A094271AF1B3E70091C7F7 /* ItunesSearchTesting.m */,
				46A094181AF078270091C7F7 /* Itunes API Test Files */,
				46CB6AEC1AED715900BF1DF3 /* Supporting Files */,
			);
			path = shortListTests;
			sourceTree = "<group>";
		};
		46CB6AEC1AED715900BF1DF3 /* Supporting Files */ = {
			isa = PBXGroup;
			children = (
				46CB6AED1AED715900BF1DF3 /* Info.plist */,
			);
			name = "Supporting Files";
			sourceTree = "<group>";
		};
		46CB6AF91AED76EB00BF1DF3 /* Models */ = {
			isa = PBXGroup;
			children = (
				46A094071AF061E60091C7F7 /* itunes API */,
			);
			name = Models;
			sourceTree = "<group>";
		};
		46CB6AFA1AED76F400BF1DF3 /* UI */ = {
			isa = PBXGroup;
			children = (
				461FC9F91AED9888001C3F46 /* Components */,
				46CB6B121AED83F000BF1DF3 /* SL Style */,
				46CB6B111AED83D700BF1DF3 /* SL Sections */,
				46CB6B0E1AED80FD00BF1DF3 /* SLBaseVC.h */,
				46CB6B0F1AED80FD00BF1DF3 /* SLBaseVC.m */,
			);
			name = UI;
			sourceTree = "<group>";
		};
		46CB6AFE1AED794000BF1DF3 /* Feed */ = {
			isa = PBXGroup;
			children = (
				46CB6AFF1AED797A00BF1DF3 /* SLFeedVC.h */,
				46CB6B001AED797A00BF1DF3 /* SLFeedVC.m */,
			);
			name = Feed;
			sourceTree = "<group>";
		};
		46CB6B021AED7A9100BF1DF3 /* Lists */ = {
			isa = PBXGroup;
			children = (
				46CB6B031AED7ADC00BF1DF3 /* SLListsVC.h */,
				46CB6B041AED7ADC00BF1DF3 /* SLListsVC.m */,
			);
			name = Lists;
			sourceTree = "<group>";
		};
		46CB6B061AED7B9A00BF1DF3 /* Profile */ = {
			isa = PBXGroup;
			children = (
				46CB6B071AED7BB100BF1DF3 /* SLProfileVC.h */,
				46CB6B081AED7BB100BF1DF3 /* SLProfileVC.m */,
			);
			name = Profile;
			sourceTree = "<group>";
		};
		46CB6B0A1AED7C8300BF1DF3 /* More */ = {
			isa = PBXGroup;
			children = (
				46CB6B0B1AED7C9900BF1DF3 /* SLMoreVC.h */,
				46CB6B0C1AED7C9900BF1DF3 /* SLMoreVC.m */,
			);
			name = More;
			sourceTree = "<group>";
		};
		46CB6B111AED83D700BF1DF3 /* SL Sections */ = {
			isa = PBXGroup;
			children = (
				46CB6B0A1AED7C8300BF1DF3 /* More */,
				46CB6B061AED7B9A00BF1DF3 /* Profile */,
				46CB6B021AED7A9100BF1DF3 /* Lists */,
				46CB6AFE1AED794000BF1DF3 /* Feed */,
			);
			name = "SL Sections";
			sourceTree = "<group>";
		};
		46CB6B121AED83F000BF1DF3 /* SL Style */ = {
			isa = PBXGroup;
			children = (
				46CB6B131AED842200BF1DF3 /* SLStyle.h */,
				46CB6B141AED842200BF1DF3 /* SLStyle.m */,
				46CB6B161AED850200BF1DF3 /* UIColor+SLStyle.h */,
				46CB6B171AED850200BF1DF3 /* UIColor+SLStyle.m */,
			);
			name = "SL Style";
			sourceTree = "<group>";
		};
		E1761E54DFFFFE8F0167477C /* Frameworks */ = {
			isa = PBXGroup;
			children = (
				CE0D5FB60B95EE1C6AAD8165 /* libPods.a */,
				96318E4294F9670A88DFF932 /* libPods-shortListTests.a */,
			);
			name = Frameworks;
			sourceTree = "<group>";
		};
		E1C19EF74320190C92849CF2 /* Pods */ = {
			isa = PBXGroup;
			children = (
				387B84E873048CE78F83CF11 /* Pods.debug.xcconfig */,
				1415B849DC8FE7440FF77432 /* Pods.release.xcconfig */,
				6EFCC671B3C3AACECC69EBC0 /* Pods-shortListTests.debug.xcconfig */,
				4541FC2A6E9CC99BEBFB5502 /* Pods-shortListTests.release.xcconfig */,
			);
			name = Pods;
			sourceTree = "<group>";
		};
/* End PBXGroup section */

/* Begin PBXNativeTarget section */
		46CB6ACB1AED715800BF1DF3 /* shortList */ = {
			isa = PBXNativeTarget;
			buildConfigurationList = 46CB6AF21AED715900BF1DF3 /* Build configuration list for PBXNativeTarget "shortList" */;
			buildPhases = (
				AADDE83235A427A52B52687E /* Check Pods Manifest.lock */,
				46CB6AC81AED715800BF1DF3 /* Sources */,
				46CB6AC91AED715800BF1DF3 /* Frameworks */,
				46CB6ACA1AED715800BF1DF3 /* Resources */,
				46714766D042C982A4C328BD /* Copy Pods Resources */,
			);
			buildRules = (
			);
			dependencies = (
			);
			name = shortList;
			productName = shortList;
			productReference = 46CB6ACC1AED715800BF1DF3 /* shortList.app */;
			productType = "com.apple.product-type.application";
		};
		46CB6AE71AED715800BF1DF3 /* shortListTests */ = {
			isa = PBXNativeTarget;
			buildConfigurationList = 46CB6AF51AED715900BF1DF3 /* Build configuration list for PBXNativeTarget "shortListTests" */;
			buildPhases = (
				A0861F878F72317DFCE57765 /* Check Pods Manifest.lock */,
				46CB6AE41AED715800BF1DF3 /* Sources */,
				46CB6AE51AED715800BF1DF3 /* Frameworks */,
				46CB6AE61AED715800BF1DF3 /* Resources */,
				D74E838B1ED1BBB3DED45ADD /* Copy Pods Resources */,
			);
			buildRules = (
			);
			dependencies = (
				46CB6AEA1AED715800BF1DF3 /* PBXTargetDependency */,
			);
			name = shortListTests;
			productName = shortListTests;
			productReference = 46CB6AE81AED715800BF1DF3 /* shortListTests.xctest */;
			productType = "com.apple.product-type.bundle.unit-test";
		};
/* End PBXNativeTarget section */

/* Begin PBXProject section */
		46CB6AC41AED715800BF1DF3 /* Project object */ = {
			isa = PBXProject;
			attributes = {
				LastUpgradeCheck = 0630;
				ORGANIZATIONNAME = "Dustin Bergman";
				TargetAttributes = {
					46CB6ACB1AED715800BF1DF3 = {
						CreatedOnToolsVersion = 6.3.1;
					};
					46CB6AE71AED715800BF1DF3 = {
						CreatedOnToolsVersion = 6.3.1;
						TestTargetID = 46CB6ACB1AED715800BF1DF3;
					};
				};
			};
			buildConfigurationList = 46CB6AC71AED715800BF1DF3 /* Build configuration list for PBXProject "shortList" */;
			compatibilityVersion = "Xcode 3.2";
			developmentRegion = English;
			hasScannedForEncodings = 0;
			knownRegions = (
				en,
				Base,
			);
			mainGroup = 46CB6AC31AED715800BF1DF3;
			productRefGroup = 46CB6ACD1AED715800BF1DF3 /* Products */;
			projectDirPath = "";
			projectRoot = "";
			targets = (
				46CB6ACB1AED715800BF1DF3 /* shortList */,
				46CB6AE71AED715800BF1DF3 /* shortListTests */,
			);
		};
/* End PBXProject section */

/* Begin PBXResourcesBuildPhase section */
		46CB6ACA1AED715800BF1DF3 /* Resources */ = {
			isa = PBXResourcesBuildPhase;
			buildActionMask = 2147483647;
			files = (
				46A094291AF1B8150091C7F7 /* ItunesArtistSearchResults.JSON in Resources */,
				46A0942A1AF1B8150091C7F7 /* ItunesAlbumSearchResults.JSON in Resources */,
				46A0942B1AF1B8150091C7F7 /* ItunesTracksSearchResult.JSON in Resources */,
				46CB6AE31AED715800BF1DF3 /* LaunchScreen.xib in Resources */,
				46CB6AE01AED715800BF1DF3 /* Images.xcassets in Resources */,
			);
			runOnlyForDeploymentPostprocessing = 0;
		};
		46CB6AE61AED715800BF1DF3 /* Resources */ = {
			isa = PBXResourcesBuildPhase;
			buildActionMask = 2147483647;
			files = (
				46A0941E1AF07BB40091C7F7 /* ItunesAlbumSearchResults.JSON in Resources */,
				46A094201AF07C140091C7F7 /* ItunesTracksSearchResult.JSON in Resources */,
				46A0941A1AF079120091C7F7 /* ItunesArtistSearchResults.JSON in Resources */,
			);
			runOnlyForDeploymentPostprocessing = 0;
		};
/* End PBXResourcesBuildPhase section */

/* Begin PBXShellScriptBuildPhase section */
		46714766D042C982A4C328BD /* Copy Pods Resources */ = {
			isa = PBXShellScriptBuildPhase;
			buildActionMask = 2147483647;
			files = (
			);
			inputPaths = (
			);
			name = "Copy Pods Resources";
			outputPaths = (
			);
			runOnlyForDeploymentPostprocessing = 0;
			shellPath = /bin/sh;
			shellScript = "\"${SRCROOT}/Pods/Target Support Files/Pods/Pods-resources.sh\"\n";
			showEnvVarsInLog = 0;
		};
		A0861F878F72317DFCE57765 /* Check Pods Manifest.lock */ = {
			isa = PBXShellScriptBuildPhase;
			buildActionMask = 2147483647;
			files = (
			);
			inputPaths = (
			);
			name = "Check Pods Manifest.lock";
			outputPaths = (
			);
			runOnlyForDeploymentPostprocessing = 0;
			shellPath = /bin/sh;
			shellScript = "diff \"${PODS_ROOT}/../Podfile.lock\" \"${PODS_ROOT}/Manifest.lock\" > /dev/null\nif [[ $? != 0 ]] ; then\n    cat << EOM\nerror: The sandbox is not in sync with the Podfile.lock. Run 'pod install' or update your CocoaPods installation.\nEOM\n    exit 1\nfi\n";
			showEnvVarsInLog = 0;
		};
		AADDE83235A427A52B52687E /* Check Pods Manifest.lock */ = {
			isa = PBXShellScriptBuildPhase;
			buildActionMask = 2147483647;
			files = (
			);
			inputPaths = (
			);
			name = "Check Pods Manifest.lock";
			outputPaths = (
			);
			runOnlyForDeploymentPostprocessing = 0;
			shellPath = /bin/sh;
			shellScript = "diff \"${PODS_ROOT}/../Podfile.lock\" \"${PODS_ROOT}/Manifest.lock\" > /dev/null\nif [[ $? != 0 ]] ; then\n    cat << EOM\nerror: The sandbox is not in sync with the Podfile.lock. Run 'pod install' or update your CocoaPods installation.\nEOM\n    exit 1\nfi\n";
			showEnvVarsInLog = 0;
		};
		D74E838B1ED1BBB3DED45ADD /* Copy Pods Resources */ = {
			isa = PBXShellScriptBuildPhase;
			buildActionMask = 2147483647;
			files = (
			);
			inputPaths = (
			);
			name = "Copy Pods Resources";
			outputPaths = (
			);
			runOnlyForDeploymentPostprocessing = 0;
			shellPath = /bin/sh;
			shellScript = "\"${SRCROOT}/Pods/Target Support Files/Pods-shortListTests/Pods-shortListTests-resources.sh\"\n";
			showEnvVarsInLog = 0;
		};
/* End PBXShellScriptBuildPhase section */

/* Begin PBXSourcesBuildPhase section */
		46CB6AC81AED715800BF1DF3 /* Sources */ = {
			isa = PBXSourcesBuildPhase;
			buildActionMask = 2147483647;
			files = (
				46CB6B101AED80FD00BF1DF3 /* SLBaseVC.m in Sources */,
				46A0940B1AF06A3F0091C7F7 /* ItunesAlbum.m in Sources */,
				46CB6B0D1AED7C9900BF1DF3 /* SLMoreVC.m in Sources */,
				46A094141AF072730091C7F7 /* ItunesTrack.m in Sources */,
				46CB6B091AED7BB100BF1DF3 /* SLProfileVC.m in Sources */,
				46CB6AD51AED715800BF1DF3 /* AppDelegate.m in Sources */,
				46CB6B1B1AED94D600BF1DF3 /* SLNavigationController.m in Sources */,
				46CB6B011AED797A00BF1DF3 /* SLFeedVC.m in Sources */,
				461FCA021AED9C8E001C3F46 /* ItunesSearchAPIController.m in Sources */,
				46CB6AD81AED715800BF1DF3 /* shortList.xcdatamodeld in Sources */,
				46CB6B181AED850200BF1DF3 /* UIColor+SLStyle.m in Sources */,
				46CB6B151AED842200BF1DF3 /* SLStyle.m in Sources */,
				46A094171AF076C80091C7F7 /* ItunesSearchTracks.m in Sources */,
				46CB6AD21AED715800BF1DF3 /* main.m in Sources */,
				461FC9FE1AED98F9001C3F46 /* SLTabBarController.m in Sources */,
				46A0940E1AF06DDA0091C7F7 /* ItunesSearchArtist.m in Sources */,
				46CB6B051AED7ADC00BF1DF3 /* SLListsVC.m in Sources */,
				46A094061AF061C00091C7F7 /* ItunesArtist.m in Sources */,
				46A094111AF06FDF0091C7F7 /* ItunesSearchAlbum.m in Sources */,
			);
			runOnlyForDeploymentPostprocessing = 0;
		};
		46CB6AE41AED715800BF1DF3 /* Sources */ = {
			isa = PBXSourcesBuildPhase;
			buildActionMask = 2147483647;
			files = (
				46A094281AF1B3E70091C7F7 /* ItunesSearchTesting.m in Sources */,
			);
			runOnlyForDeploymentPostprocessing = 0;
		};
/* End PBXSourcesBuildPhase section */

/* Begin PBXTargetDependency section */
		46CB6AEA1AED715800BF1DF3 /* PBXTargetDependency */ = {
			isa = PBXTargetDependency;
			target = 46CB6ACB1AED715800BF1DF3 /* shortList */;
			targetProxy = 46CB6AE91AED715800BF1DF3 /* PBXContainerItemProxy */;
		};
/* End PBXTargetDependency section */

/* Begin PBXVariantGroup section */
		46CB6AE11AED715800BF1DF3 /* LaunchScreen.xib */ = {
			isa = PBXVariantGroup;
			children = (
				46CB6AE21AED715800BF1DF3 /* Base */,
			);
			name = LaunchScreen.xib;
			sourceTree = "<group>";
		};
/* End PBXVariantGroup section */

/* Begin XCBuildConfiguration section */
		46CB6AF01AED715900BF1DF3 /* Debug */ = {
			isa = XCBuildConfiguration;
			buildSettings = {
				ALWAYS_SEARCH_USER_PATHS = NO;
				CLANG_CXX_LANGUAGE_STANDARD = "gnu++0x";
				CLANG_CXX_LIBRARY = "libc++";
				CLANG_ENABLE_MODULES = YES;
				CLANG_ENABLE_OBJC_ARC = YES;
				CLANG_WARN_BOOL_CONVERSION = YES;
				CLANG_WARN_CONSTANT_CONVERSION = YES;
				CLANG_WARN_DIRECT_OBJC_ISA_USAGE = YES_ERROR;
				CLANG_WARN_EMPTY_BODY = YES;
				CLANG_WARN_ENUM_CONVERSION = YES;
				CLANG_WARN_INT_CONVERSION = YES;
				CLANG_WARN_OBJC_ROOT_CLASS = YES_ERROR;
				CLANG_WARN_UNREACHABLE_CODE = YES;
				CLANG_WARN__DUPLICATE_METHOD_MATCH = YES;
				"CODE_SIGN_IDENTITY[sdk=iphoneos*]" = "iPhone Developer";
				COPY_PHASE_STRIP = NO;
				DEBUG_INFORMATION_FORMAT = "dwarf-with-dsym";
				ENABLE_STRICT_OBJC_MSGSEND = YES;
				GCC_C_LANGUAGE_STANDARD = gnu99;
				GCC_DYNAMIC_NO_PIC = NO;
				GCC_NO_COMMON_BLOCKS = YES;
				GCC_OPTIMIZATION_LEVEL = 0;
				GCC_PREPROCESSOR_DEFINITIONS = (
					"DEBUG=1",
					"$(inherited)",
				);
				GCC_SYMBOLS_PRIVATE_EXTERN = NO;
				GCC_WARN_64_TO_32_BIT_CONVERSION = YES;
				GCC_WARN_ABOUT_RETURN_TYPE = YES_ERROR;
				GCC_WARN_UNDECLARED_SELECTOR = YES;
				GCC_WARN_UNINITIALIZED_AUTOS = YES_AGGRESSIVE;
				GCC_WARN_UNUSED_FUNCTION = YES;
				GCC_WARN_UNUSED_VARIABLE = YES;
				IPHONEOS_DEPLOYMENT_TARGET = 8.3;
				MTL_ENABLE_DEBUG_INFO = YES;
				ONLY_ACTIVE_ARCH = YES;
				SDKROOT = iphoneos;
				TARGETED_DEVICE_FAMILY = "1,2";
			};
			name = Debug;
		};
		46CB6AF11AED715900BF1DF3 /* Release */ = {
			isa = XCBuildConfiguration;
			buildSettings = {
				ALWAYS_SEARCH_USER_PATHS = NO;
				CLANG_CXX_LANGUAGE_STANDARD = "gnu++0x";
				CLANG_CXX_LIBRARY = "libc++";
				CLANG_ENABLE_MODULES = YES;
				CLANG_ENABLE_OBJC_ARC = YES;
				CLANG_WARN_BOOL_CONVERSION = YES;
				CLANG_WARN_CONSTANT_CONVERSION = YES;
				CLANG_WARN_DIRECT_OBJC_ISA_USAGE = YES_ERROR;
				CLANG_WARN_EMPTY_BODY = YES;
				CLANG_WARN_ENUM_CONVERSION = YES;
				CLANG_WARN_INT_CONVERSION = YES;
				CLANG_WARN_OBJC_ROOT_CLASS = YES_ERROR;
				CLANG_WARN_UNREACHABLE_CODE = YES;
				CLANG_WARN__DUPLICATE_METHOD_MATCH = YES;
				"CODE_SIGN_IDENTITY[sdk=iphoneos*]" = "iPhone Developer";
				COPY_PHASE_STRIP = NO;
				DEBUG_INFORMATION_FORMAT = "dwarf-with-dsym";
				ENABLE_NS_ASSERTIONS = NO;
				ENABLE_STRICT_OBJC_MSGSEND = YES;
				GCC_C_LANGUAGE_STANDARD = gnu99;
				GCC_NO_COMMON_BLOCKS = YES;
				GCC_WARN_64_TO_32_BIT_CONVERSION = YES;
				GCC_WARN_ABOUT_RETURN_TYPE = YES_ERROR;
				GCC_WARN_UNDECLARED_SELECTOR = YES;
				GCC_WARN_UNINITIALIZED_AUTOS = YES_AGGRESSIVE;
				GCC_WARN_UNUSED_FUNCTION = YES;
				GCC_WARN_UNUSED_VARIABLE = YES;
				IPHONEOS_DEPLOYMENT_TARGET = 8.3;
				MTL_ENABLE_DEBUG_INFO = NO;
				SDKROOT = iphoneos;
				TARGETED_DEVICE_FAMILY = "1,2";
				VALIDATE_PRODUCT = YES;
			};
			name = Release;
		};
		46CB6AF31AED715900BF1DF3 /* Debug */ = {
			isa = XCBuildConfiguration;
			baseConfigurationReference = 387B84E873048CE78F83CF11 /* Pods.debug.xcconfig */;
			buildSettings = {
				ASSETCATALOG_COMPILER_APPICON_NAME = AppIcon;
				INFOPLIST_FILE = shortList/Info.plist;
				LD_RUNPATH_SEARCH_PATHS = "$(inherited) @executable_path/Frameworks";
				PRODUCT_NAME = "$(TARGET_NAME)";
			};
			name = Debug;
		};
		46CB6AF41AED715900BF1DF3 /* Release */ = {
			isa = XCBuildConfiguration;
			baseConfigurationReference = 1415B849DC8FE7440FF77432 /* Pods.release.xcconfig */;
			buildSettings = {
				ASSETCATALOG_COMPILER_APPICON_NAME = AppIcon;
				INFOPLIST_FILE = shortList/Info.plist;
				LD_RUNPATH_SEARCH_PATHS = "$(inherited) @executable_path/Frameworks";
				PRODUCT_NAME = "$(TARGET_NAME)";
			};
			name = Release;
		};
		46CB6AF61AED715900BF1DF3 /* Debug */ = {
			isa = XCBuildConfiguration;
			baseConfigurationReference = 6EFCC671B3C3AACECC69EBC0 /* Pods-shortListTests.debug.xcconfig */;
			buildSettings = {
				BUNDLE_LOADER = "$(TEST_HOST)";
				FRAMEWORK_SEARCH_PATHS = (
					"$(SDKROOT)/Developer/Library/Frameworks",
					"$(inherited)",
				);
				GCC_PREPROCESSOR_DEFINITIONS = (
					"DEBUG=1",
					"$(inherited)",
				);
				INFOPLIST_FILE = shortListTests/Info.plist;
				LD_RUNPATH_SEARCH_PATHS = "$(inherited) @executable_path/Frameworks @loader_path/Frameworks";
				PRODUCT_NAME = "$(TARGET_NAME)";
				TEST_HOST = "$(BUILT_PRODUCTS_DIR)/shortList.app/shortList";
			};
			name = Debug;
		};
		46CB6AF71AED715900BF1DF3 /* Release */ = {
			isa = XCBuildConfiguration;
			baseConfigurationReference = 4541FC2A6E9CC99BEBFB5502 /* Pods-shortListTests.release.xcconfig */;
			buildSettings = {
				BUNDLE_LOADER = "$(TEST_HOST)";
				FRAMEWORK_SEARCH_PATHS = (
					"$(SDKROOT)/Developer/Library/Frameworks",
					"$(inherited)",
				);
				INFOPLIST_FILE = shortListTests/Info.plist;
				LD_RUNPATH_SEARCH_PATHS = "$(inherited) @executable_path/Frameworks @loader_path/Frameworks";
				PRODUCT_NAME = "$(TARGET_NAME)";
				TEST_HOST = "$(BUILT_PRODUCTS_DIR)/shortList.app/shortList";
			};
			name = Release;
		};
/* End XCBuildConfiguration section */

/* Begin XCConfigurationList section */
		46CB6AC71AED715800BF1DF3 /* Build configuration list for PBXProject "shortList" */ = {
			isa = XCConfigurationList;
			buildConfigurations = (
				46CB6AF01AED715900BF1DF3 /* Debug */,
				46CB6AF11AED715900BF1DF3 /* Release */,
			);
			defaultConfigurationIsVisible = 0;
			defaultConfigurationName = Release;
		};
		46CB6AF21AED715900BF1DF3 /* Build configuration list for PBXNativeTarget "shortList" */ = {
			isa = XCConfigurationList;
			buildConfigurations = (
				46CB6AF31AED715900BF1DF3 /* Debug */,
				46CB6AF41AED715900BF1DF3 /* Release */,
			);
			defaultConfigurationIsVisible = 0;
			defaultConfigurationName = Release;
		};
		46CB6AF51AED715900BF1DF3 /* Build configuration list for PBXNativeTarget "shortListTests" */ = {
			isa = XCConfigurationList;
			buildConfigurations = (
				46CB6AF61AED715900BF1DF3 /* Debug */,
				46CB6AF71AED715900BF1DF3 /* Release */,
			);
			defaultConfigurationIsVisible = 0;
			defaultConfigurationName = Release;
		};
/* End XCConfigurationList section */

/* Begin XCVersionGroup section */
		46CB6AD61AED715800BF1DF3 /* shortList.xcdatamodeld */ = {
			isa = XCVersionGroup;
			children = (
				46CB6AD71AED715800BF1DF3 /* shortList.xcdatamodel */,
			);
			currentVersion = 46CB6AD71AED715800BF1DF3 /* shortList.xcdatamodel */;
			path = shortList.xcdatamodeld;
			sourceTree = "<group>";
			versionGroupType = wrapper.xcdatamodel;
		};
/* End XCVersionGroup section */
	};
	rootObject = 46CB6AC41AED715800BF1DF3 /* Project object */;
}
