// !$*UTF8*$!
{
	archiveVersion = 1;
	classes = {
	};
	objectVersion = 46;
	objects = {

/* Begin PBXBuildFile section */
		35A771AF0330548174B8FE16 /* libPods-shortListTests.a in Frameworks */ = {isa = PBXBuildFile; fileRef = 512C7F814DAC96482B4A4FD8 /* libPods-shortListTests.a */; };
		461801161B08D7A4003C0A92 /* SLCreateShortListVC.m in Sources */ = {isa = PBXBuildFile; fileRef = 461801151B08D7A4003C0A92 /* SLCreateShortListVC.m */; };
		4618011A1B08E6A0003C0A92 /* SLCreateShortListTitleCell.m in Sources */ = {isa = PBXBuildFile; fileRef = 461801191B08E6A0003C0A92 /* SLCreateShortListTitleCell.m */; };
		461801201B09361E003C0A92 /* SLCreateShortListEnterNameCell.m in Sources */ = {isa = PBXBuildFile; fileRef = 4618011F1B09361E003C0A92 /* SLCreateShortListEnterNameCell.m */; };
		461801231B095206003C0A92 /* SLCreateShortListEnterYearCell.m in Sources */ = {isa = PBXBuildFile; fileRef = 461801221B095206003C0A92 /* SLCreateShortListEnterYearCell.m */; };
		461FCA021AED9C8E001C3F46 /* ItunesSearchAPIController.m in Sources */ = {isa = PBXBuildFile; fileRef = 461FCA011AED9C8E001C3F46 /* ItunesSearchAPIController.m */; };
		4648A5521B1E663F00F997F8 /* SLParseController.swift in Sources */ = {isa = PBXBuildFile; fileRef = 4648A5511B1E663F00F997F8 /* SLParseController.swift */; };
		4648A5561B234CC300F997F8 /* SLShortListAlbum.m in Sources */ = {isa = PBXBuildFile; fileRef = 4648A5551B234CC300F997F8 /* SLShortListAlbum.m */; };
		464CF7101B9B6A76008356F6 /* UIViewController+SLToastBanner.m in Sources */ = {isa = PBXBuildFile; fileRef = 464CF70F1B9B6A76008356F6 /* UIViewController+SLToastBanner.m */; };
		464CF7161B9C9EA1008356F6 /* Social.framework in Frameworks */ = {isa = PBXBuildFile; fileRef = 464CF7151B9C9EA1008356F6 /* Social.framework */; };
		464CF7181B9C9EAC008356F6 /* Twitter.framework in Frameworks */ = {isa = PBXBuildFile; fileRef = 464CF7171B9C9EAC008356F6 /* Twitter.framework */; };
		464CF71C1B9CD205008356F6 /* SLLoginCell.m in Sources */ = {isa = PBXBuildFile; fileRef = 464CF71B1B9CD205008356F6 /* SLLoginCell.m */; };
		4651CE261B4C9992003E9C0F /* SLListAbumCell.m in Sources */ = {isa = PBXBuildFile; fileRef = 4651CE251B4C9992003E9C0F /* SLListAbumCell.m */; };
		465415B41B6E7EE500E51893 /* UIViewController+Utilities.m in Sources */ = {isa = PBXBuildFile; fileRef = 465415B31B6E7EE500E51893 /* UIViewController+Utilities.m */; };
		465740C31B83F681004DECFF /* SLAlbumArtImaging.m in Sources */ = {isa = PBXBuildFile; fileRef = 465740C21B83F681004DECFF /* SLAlbumArtImaging.m */; };
		466064001B81251F006AB766 /* SLLoginVC.m in Sources */ = {isa = PBXBuildFile; fileRef = 466063F31B81251F006AB766 /* SLLoginVC.m */; };
		466064011B81251F006AB766 /* SLNavigationController.m in Sources */ = {isa = PBXBuildFile; fileRef = 466063F51B81251F006AB766 /* SLNavigationController.m */; };
		466064021B81251F006AB766 /* SLPlayNowViewController.m in Sources */ = {isa = PBXBuildFile; fileRef = 466063F71B81251F006AB766 /* SLPlayNowViewController.m */; };
		466064031B81251F006AB766 /* SLTabBarController.m in Sources */ = {isa = PBXBuildFile; fileRef = 466063F91B81251F006AB766 /* SLTabBarController.m */; };
		466064041B81251F006AB766 /* SLUserSignUpVC.m in Sources */ = {isa = PBXBuildFile; fileRef = 466063FB1B81251F006AB766 /* SLUserSignUpVC.m */; };
		466064051B81251F006AB766 /* UIViewController+SLLoginGate.m in Sources */ = {isa = PBXBuildFile; fileRef = 466063FD1B81251F006AB766 /* UIViewController+SLLoginGate.m */; };
		466064061B81251F006AB766 /* UIViewController+SLPlayNow.m in Sources */ = {isa = PBXBuildFile; fileRef = 466063FF1B81251F006AB766 /* UIViewController+SLPlayNow.m */; };
		466064091B81260C006AB766 /* SLInstagramController.m in Sources */ = {isa = PBXBuildFile; fileRef = 466064081B81260C006AB766 /* SLInstagramController.m */; };
		4664276A1BE1935100ECFCAE /* SLEntryVC.swift in Sources */ = {isa = PBXBuildFile; fileRef = 466427691BE1935100ECFCAE /* SLEntryVC.swift */; };
		4665B7381B6D4D4C0088B0B3 /* Polaris.otf in Resources */ = {isa = PBXBuildFile; fileRef = 4665B7371B6D47700088B0B3 /* Polaris.otf */; };
		4665B7391B6D4D4F0088B0B3 /* NixieOne.otf in Resources */ = {isa = PBXBuildFile; fileRef = 4665B7361B6D475A0088B0B3 /* NixieOne.otf */; };
		466DF3641B7FEE6D00563095 /* UIViewController+SLEmailShortlist.m in Sources */ = {isa = PBXBuildFile; fileRef = 466DF3631B7FEE6D00563095 /* UIViewController+SLEmailShortlist.m */; };
		466DF3671B80D3B600563095 /* UIViewController+SLAlbumArtImaging.m in Sources */ = {isa = PBXBuildFile; fileRef = 466DF3661B80D3B600563095 /* UIViewController+SLAlbumArtImaging.m */; };
		467491FE1C054037003A8825 /* SLGenericOneButtonCell.m in Sources */ = {isa = PBXBuildFile; fileRef = 467491FD1C054037003A8825 /* SLGenericOneButtonCell.m */; };
		467D55921AF54FB4005CD607 /* SLListAlbumsVC.m in Sources */ = {isa = PBXBuildFile; fileRef = 467D55911AF54FB4005CD607 /* SLListAlbumsVC.m */; };
		467D55961AF55F3A005CD607 /* SLArtistSearchResultsVC.m in Sources */ = {isa = PBXBuildFile; fileRef = 467D55951AF55F3A005CD607 /* SLArtistSearchResultsVC.m */; };
		467D55991AF577D0005CD607 /* SLAlbumSearchResultVC.m in Sources */ = {isa = PBXBuildFile; fileRef = 467D55981AF577D0005CD607 /* SLAlbumSearchResultVC.m */; };
		467D559E1AF62A4F005CD607 /* SLAlbumSearchResultsCellTableViewCell.m in Sources */ = {isa = PBXBuildFile; fileRef = 467D559D1AF62A4F005CD607 /* SLAlbumSearchResultsCellTableViewCell.m */; };
		467D55A31AF69746005CD607 /* SLAlbumDetailsVC.m in Sources */ = {isa = PBXBuildFile; fileRef = 467D55A21AF69746005CD607 /* SLAlbumDetailsVC.m */; };
		467D55A71AF6D98F005CD607 /* UIImage+AverageColor.m in Sources */ = {isa = PBXBuildFile; fileRef = 467D55A61AF6D98F005CD607 /* UIImage+AverageColor.m */; };
		468925651AFFE10500A7D98C /* SLAlbumDetailsCell.m in Sources */ = {isa = PBXBuildFile; fileRef = 468925641AFFE10500A7D98C /* SLAlbumDetailsCell.m */; };
		468925681B00026B00A7D98C /* SLAlbumTrackCell.m in Sources */ = {isa = PBXBuildFile; fileRef = 468925671B00026B00A7D98C /* SLAlbumTrackCell.m */; };
		468FB8BC1B1260DE0004DC14 /* SLShortlist.m in Sources */ = {isa = PBXBuildFile; fileRef = 468FB8BB1B1260DE0004DC14 /* SLShortlist.m */; };
		4694DD2A1C0B7790002A1D78 /* ShortListCoreDataManager.m in Sources */ = {isa = PBXBuildFile; fileRef = 4694DD231C0B7790002A1D78 /* ShortListCoreDataManager.m */; };
		4694DD2B1C0B7790002A1D78 /* AlbumShortList.m in Sources */ = {isa = PBXBuildFile; fileRef = 4694DD251C0B7790002A1D78 /* AlbumShortList.m */; };
		4694DD2C1C0B7790002A1D78 /* ShortListCoreDataTrial.xcdatamodeld in Sources */ = {isa = PBXBuildFile; fileRef = 4694DD261C0B7790002A1D78 /* ShortListCoreDataTrial.xcdatamodeld */; };
		4694DD2D1C0B7790002A1D78 /* ShortList.m in Sources */ = {isa = PBXBuildFile; fileRef = 4694DD291C0B7790002A1D78 /* ShortList.m */; };
		4694DD2F1C0B77C4002A1D78 /* CoreData.framework in Frameworks */ = {isa = PBXBuildFile; fileRef = 4694DD2E1C0B77C4002A1D78 /* CoreData.framework */; };
		4694DD321C0B7CA1002A1D78 /* SLShortlistCoreDataMigrtationController.m in Sources */ = {isa = PBXBuildFile; fileRef = 4694DD311C0B7CA1002A1D78 /* SLShortlistCoreDataMigrtationController.m */; };
		46A094061AF061C00091C7F7 /* ItunesArtist.m in Sources */ = {isa = PBXBuildFile; fileRef = 46A094051AF061C00091C7F7 /* ItunesArtist.m */; };
		46A0940B1AF06A3F0091C7F7 /* ItunesAlbum.m in Sources */ = {isa = PBXBuildFile; fileRef = 46A0940A1AF06A3F0091C7F7 /* ItunesAlbum.m */; };
		46A0940E1AF06DDA0091C7F7 /* ItunesSearchArtist.m in Sources */ = {isa = PBXBuildFile; fileRef = 46A0940D1AF06DDA0091C7F7 /* ItunesSearchArtist.m */; };
		46A094111AF06FDF0091C7F7 /* ItunesSearchAlbum.m in Sources */ = {isa = PBXBuildFile; fileRef = 46A094101AF06FDF0091C7F7 /* ItunesSearchAlbum.m */; };
		46A094141AF072730091C7F7 /* ItunesTrack.m in Sources */ = {isa = PBXBuildFile; fileRef = 46A094131AF072730091C7F7 /* ItunesTrack.m */; };
		46A094171AF076C80091C7F7 /* ItunesSearchTracks.m in Sources */ = {isa = PBXBuildFile; fileRef = 46A094161AF076C80091C7F7 /* ItunesSearchTracks.m */; };
		46A0941A1AF079120091C7F7 /* ItunesArtistSearchResults.JSON in Resources */ = {isa = PBXBuildFile; fileRef = 46A094191AF079120091C7F7 /* ItunesArtistSearchResults.JSON */; };
		46A0941E1AF07BB40091C7F7 /* ItunesAlbumSearchResults.JSON in Resources */ = {isa = PBXBuildFile; fileRef = 46A0941D1AF07BB40091C7F7 /* ItunesAlbumSearchResults.JSON */; };
		46A094201AF07C140091C7F7 /* ItunesTracksSearchResult.JSON in Resources */ = {isa = PBXBuildFile; fileRef = 46A0941F1AF07C140091C7F7 /* ItunesTracksSearchResult.JSON */; };
		46A094281AF1B3E70091C7F7 /* ItunesSearchTesting.m in Sources */ = {isa = PBXBuildFile; fileRef = 46A094271AF1B3E70091C7F7 /* ItunesSearchTesting.m */; };
		46A094291AF1B8150091C7F7 /* ItunesArtistSearchResults.JSON in Resources */ = {isa = PBXBuildFile; fileRef = 46A094191AF079120091C7F7 /* ItunesArtistSearchResults.JSON */; };
		46A0942A1AF1B8150091C7F7 /* ItunesAlbumSearchResults.JSON in Resources */ = {isa = PBXBuildFile; fileRef = 46A0941D1AF07BB40091C7F7 /* ItunesAlbumSearchResults.JSON */; };
		46A0942B1AF1B8150091C7F7 /* ItunesTracksSearchResult.JSON in Resources */ = {isa = PBXBuildFile; fileRef = 46A0941F1AF07C140091C7F7 /* ItunesTracksSearchResult.JSON */; };
		46B242351B57166100BA20D4 /* SLAlbumsCollectionCell.m in Sources */ = {isa = PBXBuildFile; fileRef = 46B242341B57166100BA20D4 /* SLAlbumsCollectionCell.m */; };
		46B2423B1B5DC14100BA20D4 /* SLAlbumCell.m in Sources */ = {isa = PBXBuildFile; fileRef = 46B2423A1B5DC14100BA20D4 /* SLAlbumCell.m */; };
		46CB6AD21AED715800BF1DF3 /* main.m in Sources */ = {isa = PBXBuildFile; fileRef = 46CB6AD11AED715800BF1DF3 /* main.m */; };
		46CB6AD51AED715800BF1DF3 /* AppDelegate.m in Sources */ = {isa = PBXBuildFile; fileRef = 46CB6AD41AED715800BF1DF3 /* AppDelegate.m */; };
		46CB6AD81AED715800BF1DF3 /* shortList.xcdatamodeld in Sources */ = {isa = PBXBuildFile; fileRef = 46CB6AD61AED715800BF1DF3 /* shortList.xcdatamodeld */; };
		46CB6AE01AED715800BF1DF3 /* Images.xcassets in Resources */ = {isa = PBXBuildFile; fileRef = 46CB6ADF1AED715800BF1DF3 /* Images.xcassets */; };
		46CB6AE31AED715800BF1DF3 /* LaunchScreen.xib in Resources */ = {isa = PBXBuildFile; fileRef = 46CB6AE11AED715800BF1DF3 /* LaunchScreen.xib */; };
		46CB6B011AED797A00BF1DF3 /* SLFeedVC.m in Sources */ = {isa = PBXBuildFile; fileRef = 46CB6B001AED797A00BF1DF3 /* SLFeedVC.m */; };
		46CB6B051AED7ADC00BF1DF3 /* SLListsVC.m in Sources */ = {isa = PBXBuildFile; fileRef = 46CB6B041AED7ADC00BF1DF3 /* SLListsVC.m */; };
		46CB6B091AED7BB100BF1DF3 /* SLProfileVC.m in Sources */ = {isa = PBXBuildFile; fileRef = 46CB6B081AED7BB100BF1DF3 /* SLProfileVC.m */; };
		46CB6B0D1AED7C9900BF1DF3 /* SLMoreVC.m in Sources */ = {isa = PBXBuildFile; fileRef = 46CB6B0C1AED7C9900BF1DF3 /* SLMoreVC.m */; };
		46CB6B101AED80FD00BF1DF3 /* SLBaseVC.m in Sources */ = {isa = PBXBuildFile; fileRef = 46CB6B0F1AED80FD00BF1DF3 /* SLBaseVC.m */; };
		46CB6B151AED842200BF1DF3 /* SLStyle.m in Sources */ = {isa = PBXBuildFile; fileRef = 46CB6B141AED842200BF1DF3 /* SLStyle.m */; };
		46CB6B181AED850200BF1DF3 /* UIColor+SLStyle.m in Sources */ = {isa = PBXBuildFile; fileRef = 46CB6B171AED850200BF1DF3 /* UIColor+SLStyle.m */; };
		46CDDCA81B920A05004A5D20 /* UIImage+ImageEffects.m in Sources */ = {isa = PBXBuildFile; fileRef = 46CDDCA71B920A05004A5D20 /* UIImage+ImageEffects.m */; };
		46D423031B77AF2A00D79263 /* SpotifySearchApiController.m in Sources */ = {isa = PBXBuildFile; fileRef = 46D423021B77AF2A00D79263 /* SpotifySearchApiController.m */; };
		46D423071B77D3A900D79263 /* SpotifyAlbums.m in Sources */ = {isa = PBXBuildFile; fileRef = 46D423061B77D3A900D79263 /* SpotifyAlbums.m */; };
		46D4230A1B77D47900D79263 /* SpotifyAlbum.m in Sources */ = {isa = PBXBuildFile; fileRef = 46D423091B77D47900D79263 /* SpotifyAlbum.m */; };
		46D4230C1B77D83A00D79263 /* SpotifyAlbumResults.JSON in Resources */ = {isa = PBXBuildFile; fileRef = 46D4230B1B77D83A00D79263 /* SpotifyAlbumResults.JSON */; };
		46D4230E1B77D89400D79263 /* SpotifySearchTesting.m in Sources */ = {isa = PBXBuildFile; fileRef = 46D4230D1B77D89400D79263 /* SpotifySearchTesting.m */; };
		46D4230F1B77D97800D79263 /* SpotifyAlbumResults.JSON in Resources */ = {isa = PBXBuildFile; fileRef = 46D4230B1B77D83A00D79263 /* SpotifyAlbumResults.JSON */; };
		8827545C6125A4271D50F33B /* libPods-shortList.a in Frameworks */ = {isa = PBXBuildFile; fileRef = 05FC029CF3BE838FABCE59CA /* libPods-shortList.a */; };
		C905D44D1D5C2A35002ED87E /* SLSortOptionsVC.swift in Sources */ = {isa = PBXBuildFile; fileRef = C905D44C1D5C2A35002ED87E /* SLSortOptionsVC.swift */; };
		C9063B7F1C433DE400B1B1C6 /* SLPreviewAlbumDetailsVC.m in Sources */ = {isa = PBXBuildFile; fileRef = C9063B7E1C433DE400B1B1C6 /* SLPreviewAlbumDetailsVC.m */; };
		C99E250E1F0702D5002B243C /* appKeys.plist in Resources */ = {isa = PBXBuildFile; fileRef = C99E250D1F0702D5002B243C /* appKeys.plist */; };
		C9B7A1541D56A79B0069F228 /* ShortList+ShortlistYears.m in Sources */ = {isa = PBXBuildFile; fileRef = C9B7A1531D56A79B0069F228 /* ShortList+ShortlistYears.m */; };
		DAEA59572793809400523DF9 /* ExportShortListProvider.swift in Sources */ = {isa = PBXBuildFile; fileRef = DAEA59562793809400523DF9 /* ExportShortListProvider.swift */; };
/* End PBXBuildFile section */

/* Begin PBXContainerItemProxy section */
		46CB6AE91AED715800BF1DF3 /* PBXContainerItemProxy */ = {
			isa = PBXContainerItemProxy;
			containerPortal = 46CB6AC41AED715800BF1DF3 /* Project object */;
			proxyType = 1;
			remoteGlobalIDString = 46CB6ACB1AED715800BF1DF3;
			remoteInfo = shortList;
		};
/* End PBXContainerItemProxy section */

/* Begin PBXFileReference section */
		05FC029CF3BE838FABCE59CA /* libPods-shortList.a */ = {isa = PBXFileReference; explicitFileType = archive.ar; includeInIndex = 0; path = "libPods-shortList.a"; sourceTree = BUILT_PRODUCTS_DIR; };
		0DF7573C6C218B8DD05E3EB7 /* Pods-shortListTests.appstore.xcconfig */ = {isa = PBXFileReference; includeInIndex = 1; lastKnownFileType = text.xcconfig; name = "Pods-shortListTests.appstore.xcconfig"; path = "Pods/Target Support Files/Pods-shortListTests/Pods-shortListTests.appstore.xcconfig"; sourceTree = "<group>"; };
		461801141B08D7A4003C0A92 /* SLCreateShortListVC.h */ = {isa = PBXFileReference; fileEncoding = 4; lastKnownFileType = sourcecode.c.h; path = SLCreateShortListVC.h; sourceTree = "<group>"; };
		461801151B08D7A4003C0A92 /* SLCreateShortListVC.m */ = {isa = PBXFileReference; fileEncoding = 4; lastKnownFileType = sourcecode.c.objc; path = SLCreateShortListVC.m; sourceTree = "<group>"; };
		461801181B08E6A0003C0A92 /* SLCreateShortListTitleCell.h */ = {isa = PBXFileReference; fileEncoding = 4; lastKnownFileType = sourcecode.c.h; path = SLCreateShortListTitleCell.h; sourceTree = "<group>"; };
		461801191B08E6A0003C0A92 /* SLCreateShortListTitleCell.m */ = {isa = PBXFileReference; fileEncoding = 4; lastKnownFileType = sourcecode.c.objc; path = SLCreateShortListTitleCell.m; sourceTree = "<group>"; };
		4618011E1B09361E003C0A92 /* SLCreateShortListEnterNameCell.h */ = {isa = PBXFileReference; fileEncoding = 4; lastKnownFileType = sourcecode.c.h; path = SLCreateShortListEnterNameCell.h; sourceTree = "<group>"; };
		4618011F1B09361E003C0A92 /* SLCreateShortListEnterNameCell.m */ = {isa = PBXFileReference; fileEncoding = 4; lastKnownFileType = sourcecode.c.objc; path = SLCreateShortListEnterNameCell.m; sourceTree = "<group>"; };
		461801211B095206003C0A92 /* SLCreateShortListEnterYearCell.h */ = {isa = PBXFileReference; fileEncoding = 4; lastKnownFileType = sourcecode.c.h; path = SLCreateShortListEnterYearCell.h; sourceTree = "<group>"; };
		461801221B095206003C0A92 /* SLCreateShortListEnterYearCell.m */ = {isa = PBXFileReference; fileEncoding = 4; lastKnownFileType = sourcecode.c.objc; path = SLCreateShortListEnterYearCell.m; sourceTree = "<group>"; };
		461FCA001AED9C8E001C3F46 /* ItunesSearchAPIController.h */ = {isa = PBXFileReference; fileEncoding = 4; lastKnownFileType = sourcecode.c.h; path = ItunesSearchAPIController.h; sourceTree = "<group>"; };
		461FCA011AED9C8E001C3F46 /* ItunesSearchAPIController.m */ = {isa = PBXFileReference; fileEncoding = 4; lastKnownFileType = sourcecode.c.objc; path = ItunesSearchAPIController.m; sourceTree = "<group>"; };
		4648A5501B1E663E00F997F8 /* shortList-Bridging-Header.h */ = {isa = PBXFileReference; lastKnownFileType = sourcecode.c.h; path = "shortList-Bridging-Header.h"; sourceTree = "<group>"; };
		4648A5511B1E663F00F997F8 /* SLParseController.swift */ = {isa = PBXFileReference; fileEncoding = 4; lastKnownFileType = sourcecode.swift; path = SLParseController.swift; sourceTree = "<group>"; };
		4648A5541B234CC300F997F8 /* SLShortListAlbum.h */ = {isa = PBXFileReference; fileEncoding = 4; lastKnownFileType = sourcecode.c.h; path = SLShortListAlbum.h; sourceTree = "<group>"; };
		4648A5551B234CC300F997F8 /* SLShortListAlbum.m */ = {isa = PBXFileReference; fileEncoding = 4; lastKnownFileType = sourcecode.c.objc; path = SLShortListAlbum.m; sourceTree = "<group>"; };
		464CF70E1B9B6A76008356F6 /* UIViewController+SLToastBanner.h */ = {isa = PBXFileReference; fileEncoding = 4; lastKnownFileType = sourcecode.c.h; path = "UIViewController+SLToastBanner.h"; sourceTree = "<group>"; };
		464CF70F1B9B6A76008356F6 /* UIViewController+SLToastBanner.m */ = {isa = PBXFileReference; fileEncoding = 4; lastKnownFileType = sourcecode.c.objc; path = "UIViewController+SLToastBanner.m"; sourceTree = "<group>"; };
		464CF7111B9C9DE6008356F6 /* libParseFacebookUtils.a */ = {isa = PBXFileReference; lastKnownFileType = archive.ar; name = libParseFacebookUtils.a; path = "Pods/../build/Debug-iphoneos/libParseFacebookUtils.a"; sourceTree = "<group>"; };
		464CF7121B9C9DE6008356F6 /* libParseTwitterUtils.a */ = {isa = PBXFileReference; lastKnownFileType = archive.ar; name = libParseTwitterUtils.a; path = "Pods/../build/Debug-iphoneos/libParseTwitterUtils.a"; sourceTree = "<group>"; };
		464CF7151B9C9EA1008356F6 /* Social.framework */ = {isa = PBXFileReference; lastKnownFileType = wrapper.framework; name = Social.framework; path = System/Library/Frameworks/Social.framework; sourceTree = SDKROOT; };
		464CF7171B9C9EAC008356F6 /* Twitter.framework */ = {isa = PBXFileReference; lastKnownFileType = wrapper.framework; name = Twitter.framework; path = System/Library/Frameworks/Twitter.framework; sourceTree = SDKROOT; };
		464CF71A1B9CD205008356F6 /* SLLoginCell.h */ = {isa = PBXFileReference; fileEncoding = 4; lastKnownFileType = sourcecode.c.h; path = SLLoginCell.h; sourceTree = "<group>"; };
		464CF71B1B9CD205008356F6 /* SLLoginCell.m */ = {isa = PBXFileReference; fileEncoding = 4; lastKnownFileType = sourcecode.c.objc; path = SLLoginCell.m; sourceTree = "<group>"; };
		464CF7201B9E38E5008356F6 /* libFacebook-iOS-SDK.a */ = {isa = PBXFileReference; lastKnownFileType = archive.ar; name = "libFacebook-iOS-SDK.a"; path = "Pods/../build/Debug-iphoneos/libFacebook-iOS-SDK.a"; sourceTree = "<group>"; };
		4651CE241B4C9992003E9C0F /* SLListAbumCell.h */ = {isa = PBXFileReference; fileEncoding = 4; lastKnownFileType = sourcecode.c.h; path = SLListAbumCell.h; sourceTree = "<group>"; };
		4651CE251B4C9992003E9C0F /* SLListAbumCell.m */ = {isa = PBXFileReference; fileEncoding = 4; lastKnownFileType = sourcecode.c.objc; path = SLListAbumCell.m; sourceTree = "<group>"; };
		465415B21B6E7EE500E51893 /* UIViewController+Utilities.h */ = {isa = PBXFileReference; fileEncoding = 4; lastKnownFileType = sourcecode.c.h; path = "UIViewController+Utilities.h"; sourceTree = "<group>"; };
		465415B31B6E7EE500E51893 /* UIViewController+Utilities.m */ = {isa = PBXFileReference; fileEncoding = 4; lastKnownFileType = sourcecode.c.objc; path = "UIViewController+Utilities.m"; sourceTree = "<group>"; };
		465740C11B83F681004DECFF /* SLAlbumArtImaging.h */ = {isa = PBXFileReference; fileEncoding = 4; lastKnownFileType = sourcecode.c.h; path = SLAlbumArtImaging.h; sourceTree = "<group>"; };
		465740C21B83F681004DECFF /* SLAlbumArtImaging.m */ = {isa = PBXFileReference; fileEncoding = 4; lastKnownFileType = sourcecode.c.objc; path = SLAlbumArtImaging.m; sourceTree = "<group>"; };
		466063F21B81251F006AB766 /* SLLoginVC.h */ = {isa = PBXFileReference; fileEncoding = 4; lastKnownFileType = sourcecode.c.h; path = SLLoginVC.h; sourceTree = "<group>"; };
		466063F31B81251F006AB766 /* SLLoginVC.m */ = {isa = PBXFileReference; fileEncoding = 4; lastKnownFileType = sourcecode.c.objc; path = SLLoginVC.m; sourceTree = "<group>"; };
		466063F41B81251F006AB766 /* SLNavigationController.h */ = {isa = PBXFileReference; fileEncoding = 4; lastKnownFileType = sourcecode.c.h; path = SLNavigationController.h; sourceTree = "<group>"; };
		466063F51B81251F006AB766 /* SLNavigationController.m */ = {isa = PBXFileReference; fileEncoding = 4; lastKnownFileType = sourcecode.c.objc; path = SLNavigationController.m; sourceTree = "<group>"; };
		466063F61B81251F006AB766 /* SLPlayNowViewController.h */ = {isa = PBXFileReference; fileEncoding = 4; lastKnownFileType = sourcecode.c.h; path = SLPlayNowViewController.h; sourceTree = "<group>"; };
		466063F71B81251F006AB766 /* SLPlayNowViewController.m */ = {isa = PBXFileReference; fileEncoding = 4; lastKnownFileType = sourcecode.c.objc; path = SLPlayNowViewController.m; sourceTree = "<group>"; };
		466063F81B81251F006AB766 /* SLTabBarController.h */ = {isa = PBXFileReference; fileEncoding = 4; lastKnownFileType = sourcecode.c.h; path = SLTabBarController.h; sourceTree = "<group>"; };
		466063F91B81251F006AB766 /* SLTabBarController.m */ = {isa = PBXFileReference; fileEncoding = 4; lastKnownFileType = sourcecode.c.objc; path = SLTabBarController.m; sourceTree = "<group>"; };
		466063FA1B81251F006AB766 /* SLUserSignUpVC.h */ = {isa = PBXFileReference; fileEncoding = 4; lastKnownFileType = sourcecode.c.h; path = SLUserSignUpVC.h; sourceTree = "<group>"; };
		466063FB1B81251F006AB766 /* SLUserSignUpVC.m */ = {isa = PBXFileReference; fileEncoding = 4; lastKnownFileType = sourcecode.c.objc; path = SLUserSignUpVC.m; sourceTree = "<group>"; };
		466063FC1B81251F006AB766 /* UIViewController+SLLoginGate.h */ = {isa = PBXFileReference; fileEncoding = 4; lastKnownFileType = sourcecode.c.h; path = "UIViewController+SLLoginGate.h"; sourceTree = "<group>"; };
		466063FD1B81251F006AB766 /* UIViewController+SLLoginGate.m */ = {isa = PBXFileReference; fileEncoding = 4; lastKnownFileType = sourcecode.c.objc; path = "UIViewController+SLLoginGate.m"; sourceTree = "<group>"; };
		466063FE1B81251F006AB766 /* UIViewController+SLPlayNow.h */ = {isa = PBXFileReference; fileEncoding = 4; lastKnownFileType = sourcecode.c.h; path = "UIViewController+SLPlayNow.h"; sourceTree = "<group>"; };
		466063FF1B81251F006AB766 /* UIViewController+SLPlayNow.m */ = {isa = PBXFileReference; fileEncoding = 4; lastKnownFileType = sourcecode.c.objc; path = "UIViewController+SLPlayNow.m"; sourceTree = "<group>"; };
		466064071B81260C006AB766 /* SLInstagramController.h */ = {isa = PBXFileReference; fileEncoding = 4; lastKnownFileType = sourcecode.c.h; path = SLInstagramController.h; sourceTree = "<group>"; };
		466064081B81260C006AB766 /* SLInstagramController.m */ = {isa = PBXFileReference; fileEncoding = 4; lastKnownFileType = sourcecode.c.objc; path = SLInstagramController.m; sourceTree = "<group>"; };
		466427691BE1935100ECFCAE /* SLEntryVC.swift */ = {isa = PBXFileReference; fileEncoding = 4; lastKnownFileType = sourcecode.swift; path = SLEntryVC.swift; sourceTree = "<group>"; };
		4665B7361B6D475A0088B0B3 /* NixieOne.otf */ = {isa = PBXFileReference; lastKnownFileType = file; path = NixieOne.otf; sourceTree = "<group>"; };
		4665B7371B6D47700088B0B3 /* Polaris.otf */ = {isa = PBXFileReference; lastKnownFileType = file; path = Polaris.otf; sourceTree = "<group>"; };
		466DF3621B7FEE6D00563095 /* UIViewController+SLEmailShortlist.h */ = {isa = PBXFileReference; fileEncoding = 4; lastKnownFileType = sourcecode.c.h; path = "UIViewController+SLEmailShortlist.h"; sourceTree = "<group>"; };
		466DF3631B7FEE6D00563095 /* UIViewController+SLEmailShortlist.m */ = {isa = PBXFileReference; fileEncoding = 4; lastKnownFileType = sourcecode.c.objc; path = "UIViewController+SLEmailShortlist.m"; sourceTree = "<group>"; };
		466DF3651B80D3B600563095 /* UIViewController+SLAlbumArtImaging.h */ = {isa = PBXFileReference; fileEncoding = 4; lastKnownFileType = sourcecode.c.h; path = "UIViewController+SLAlbumArtImaging.h"; sourceTree = "<group>"; };
		466DF3661B80D3B600563095 /* UIViewController+SLAlbumArtImaging.m */ = {isa = PBXFileReference; fileEncoding = 4; lastKnownFileType = sourcecode.c.objc; path = "UIViewController+SLAlbumArtImaging.m"; sourceTree = "<group>"; };
		467491FC1C054037003A8825 /* SLGenericOneButtonCell.h */ = {isa = PBXFileReference; fileEncoding = 4; lastKnownFileType = sourcecode.c.h; path = SLGenericOneButtonCell.h; sourceTree = "<group>"; };
		467491FD1C054037003A8825 /* SLGenericOneButtonCell.m */ = {isa = PBXFileReference; fileEncoding = 4; lastKnownFileType = sourcecode.c.objc; path = SLGenericOneButtonCell.m; sourceTree = "<group>"; };
		467D55901AF54FB4005CD607 /* SLListAlbumsVC.h */ = {isa = PBXFileReference; fileEncoding = 4; lastKnownFileType = sourcecode.c.h; path = SLListAlbumsVC.h; sourceTree = "<group>"; };
		467D55911AF54FB4005CD607 /* SLListAlbumsVC.m */ = {isa = PBXFileReference; fileEncoding = 4; lastKnownFileType = sourcecode.c.objc; path = SLListAlbumsVC.m; sourceTree = "<group>"; };
		467D55941AF55F3A005CD607 /* SLArtistSearchResultsVC.h */ = {isa = PBXFileReference; fileEncoding = 4; lastKnownFileType = sourcecode.c.h; path = SLArtistSearchResultsVC.h; sourceTree = "<group>"; };
		467D55951AF55F3A005CD607 /* SLArtistSearchResultsVC.m */ = {isa = PBXFileReference; fileEncoding = 4; lastKnownFileType = sourcecode.c.objc; path = SLArtistSearchResultsVC.m; sourceTree = "<group>"; };
		467D55971AF577D0005CD607 /* SLAlbumSearchResultVC.h */ = {isa = PBXFileReference; fileEncoding = 4; lastKnownFileType = sourcecode.c.h; path = SLAlbumSearchResultVC.h; sourceTree = "<group>"; };
		467D55981AF577D0005CD607 /* SLAlbumSearchResultVC.m */ = {isa = PBXFileReference; fileEncoding = 4; lastKnownFileType = sourcecode.c.objc; path = SLAlbumSearchResultVC.m; sourceTree = "<group>"; };
		467D559C1AF62A4F005CD607 /* SLAlbumSearchResultsCellTableViewCell.h */ = {isa = PBXFileReference; fileEncoding = 4; lastKnownFileType = sourcecode.c.h; path = SLAlbumSearchResultsCellTableViewCell.h; sourceTree = "<group>"; };
		467D559D1AF62A4F005CD607 /* SLAlbumSearchResultsCellTableViewCell.m */ = {isa = PBXFileReference; fileEncoding = 4; lastKnownFileType = sourcecode.c.objc; path = SLAlbumSearchResultsCellTableViewCell.m; sourceTree = "<group>"; };
		467D55A11AF69746005CD607 /* SLAlbumDetailsVC.h */ = {isa = PBXFileReference; fileEncoding = 4; lastKnownFileType = sourcecode.c.h; path = SLAlbumDetailsVC.h; sourceTree = "<group>"; };
		467D55A21AF69746005CD607 /* SLAlbumDetailsVC.m */ = {isa = PBXFileReference; fileEncoding = 4; lastKnownFileType = sourcecode.c.objc; path = SLAlbumDetailsVC.m; sourceTree = "<group>"; };
		467D55A51AF6D98F005CD607 /* UIImage+AverageColor.h */ = {isa = PBXFileReference; fileEncoding = 4; lastKnownFileType = sourcecode.c.h; path = "UIImage+AverageColor.h"; sourceTree = "<group>"; };
		467D55A61AF6D98F005CD607 /* UIImage+AverageColor.m */ = {isa = PBXFileReference; fileEncoding = 4; lastKnownFileType = sourcecode.c.objc; path = "UIImage+AverageColor.m"; sourceTree = "<group>"; };
		468925631AFFE10500A7D98C /* SLAlbumDetailsCell.h */ = {isa = PBXFileReference; fileEncoding = 4; lastKnownFileType = sourcecode.c.h; path = SLAlbumDetailsCell.h; sourceTree = "<group>"; };
		468925641AFFE10500A7D98C /* SLAlbumDetailsCell.m */ = {isa = PBXFileReference; fileEncoding = 4; lastKnownFileType = sourcecode.c.objc; path = SLAlbumDetailsCell.m; sourceTree = "<group>"; };
		468925661B00026B00A7D98C /* SLAlbumTrackCell.h */ = {isa = PBXFileReference; fileEncoding = 4; lastKnownFileType = sourcecode.c.h; path = SLAlbumTrackCell.h; sourceTree = "<group>"; };
		468925671B00026B00A7D98C /* SLAlbumTrackCell.m */ = {isa = PBXFileReference; fileEncoding = 4; lastKnownFileType = sourcecode.c.objc; path = SLAlbumTrackCell.m; sourceTree = "<group>"; };
		468FB8BA1B1260DE0004DC14 /* SLShortlist.h */ = {isa = PBXFileReference; fileEncoding = 4; lastKnownFileType = sourcecode.c.h; path = SLShortlist.h; sourceTree = "<group>"; };
		468FB8BB1B1260DE0004DC14 /* SLShortlist.m */ = {isa = PBXFileReference; fileEncoding = 4; lastKnownFileType = sourcecode.c.objc; path = SLShortlist.m; sourceTree = "<group>"; };
		4694DD221C0B7790002A1D78 /* ShortListCoreDataManager.h */ = {isa = PBXFileReference; fileEncoding = 4; lastKnownFileType = sourcecode.c.h; path = ShortListCoreDataManager.h; sourceTree = "<group>"; };
		4694DD231C0B7790002A1D78 /* ShortListCoreDataManager.m */ = {isa = PBXFileReference; fileEncoding = 4; lastKnownFileType = sourcecode.c.objc; path = ShortListCoreDataManager.m; sourceTree = "<group>"; };
		4694DD241C0B7790002A1D78 /* AlbumShortList.h */ = {isa = PBXFileReference; fileEncoding = 4; lastKnownFileType = sourcecode.c.h; path = AlbumShortList.h; sourceTree = "<group>"; };
		4694DD251C0B7790002A1D78 /* AlbumShortList.m */ = {isa = PBXFileReference; fileEncoding = 4; lastKnownFileType = sourcecode.c.objc; path = AlbumShortList.m; sourceTree = "<group>"; };
		4694DD271C0B7790002A1D78 /* ShortListCoreDataTrial.xcdatamodel */ = {isa = PBXFileReference; lastKnownFileType = wrapper.xcdatamodel; path = ShortListCoreDataTrial.xcdatamodel; sourceTree = "<group>"; };
		4694DD281C0B7790002A1D78 /* ShortList.h */ = {isa = PBXFileReference; fileEncoding = 4; lastKnownFileType = sourcecode.c.h; path = ShortList.h; sourceTree = "<group>"; };
		4694DD291C0B7790002A1D78 /* ShortList.m */ = {isa = PBXFileReference; fileEncoding = 4; lastKnownFileType = sourcecode.c.objc; path = ShortList.m; sourceTree = "<group>"; };
		4694DD2E1C0B77C4002A1D78 /* CoreData.framework */ = {isa = PBXFileReference; lastKnownFileType = wrapper.framework; name = CoreData.framework; path = System/Library/Frameworks/CoreData.framework; sourceTree = SDKROOT; };
		4694DD301C0B7CA1002A1D78 /* SLShortlistCoreDataMigrtationController.h */ = {isa = PBXFileReference; fileEncoding = 4; lastKnownFileType = sourcecode.c.h; path = SLShortlistCoreDataMigrtationController.h; sourceTree = "<group>"; };
		4694DD311C0B7CA1002A1D78 /* SLShortlistCoreDataMigrtationController.m */ = {isa = PBXFileReference; fileEncoding = 4; lastKnownFileType = sourcecode.c.objc; path = SLShortlistCoreDataMigrtationController.m; sourceTree = "<group>"; };
		46A094041AF061C00091C7F7 /* ItunesArtist.h */ = {isa = PBXFileReference; fileEncoding = 4; lastKnownFileType = sourcecode.c.h; path = ItunesArtist.h; sourceTree = "<group>"; };
		46A094051AF061C00091C7F7 /* ItunesArtist.m */ = {isa = PBXFileReference; fileEncoding = 4; lastKnownFileType = sourcecode.c.objc; path = ItunesArtist.m; sourceTree = "<group>"; };
		46A094091AF06A3F0091C7F7 /* ItunesAlbum.h */ = {isa = PBXFileReference; fileEncoding = 4; lastKnownFileType = sourcecode.c.h; path = ItunesAlbum.h; sourceTree = "<group>"; };
		46A0940A1AF06A3F0091C7F7 /* ItunesAlbum.m */ = {isa = PBXFileReference; fileEncoding = 4; lastKnownFileType = sourcecode.c.objc; path = ItunesAlbum.m; sourceTree = "<group>"; };
		46A0940C1AF06DDA0091C7F7 /* ItunesSearchArtist.h */ = {isa = PBXFileReference; fileEncoding = 4; lastKnownFileType = sourcecode.c.h; path = ItunesSearchArtist.h; sourceTree = "<group>"; };
		46A0940D1AF06DDA0091C7F7 /* ItunesSearchArtist.m */ = {isa = PBXFileReference; fileEncoding = 4; lastKnownFileType = sourcecode.c.objc; path = ItunesSearchArtist.m; sourceTree = "<group>"; };
		46A0940F1AF06FDF0091C7F7 /* ItunesSearchAlbum.h */ = {isa = PBXFileReference; fileEncoding = 4; lastKnownFileType = sourcecode.c.h; path = ItunesSearchAlbum.h; sourceTree = "<group>"; };
		46A094101AF06FDF0091C7F7 /* ItunesSearchAlbum.m */ = {isa = PBXFileReference; fileEncoding = 4; lastKnownFileType = sourcecode.c.objc; path = ItunesSearchAlbum.m; sourceTree = "<group>"; };
		46A094121AF072730091C7F7 /* ItunesTrack.h */ = {isa = PBXFileReference; fileEncoding = 4; lastKnownFileType = sourcecode.c.h; path = ItunesTrack.h; sourceTree = "<group>"; };
		46A094131AF072730091C7F7 /* ItunesTrack.m */ = {isa = PBXFileReference; fileEncoding = 4; lastKnownFileType = sourcecode.c.objc; path = ItunesTrack.m; sourceTree = "<group>"; };
		46A094151AF076C80091C7F7 /* ItunesSearchTracks.h */ = {isa = PBXFileReference; fileEncoding = 4; lastKnownFileType = sourcecode.c.h; path = ItunesSearchTracks.h; sourceTree = "<group>"; };
		46A094161AF076C80091C7F7 /* ItunesSearchTracks.m */ = {isa = PBXFileReference; fileEncoding = 4; lastKnownFileType = sourcecode.c.objc; path = ItunesSearchTracks.m; sourceTree = "<group>"; };
		46A094191AF079120091C7F7 /* ItunesArtistSearchResults.JSON */ = {isa = PBXFileReference; fileEncoding = 4; lastKnownFileType = text.json; path = ItunesArtistSearchResults.JSON; sourceTree = "<group>"; };
		46A0941D1AF07BB40091C7F7 /* ItunesAlbumSearchResults.JSON */ = {isa = PBXFileReference; fileEncoding = 4; lastKnownFileType = text.json; path = ItunesAlbumSearchResults.JSON; sourceTree = "<group>"; };
		46A0941F1AF07C140091C7F7 /* ItunesTracksSearchResult.JSON */ = {isa = PBXFileReference; fileEncoding = 4; lastKnownFileType = text.json; path = ItunesTracksSearchResult.JSON; sourceTree = "<group>"; };
		46A094271AF1B3E70091C7F7 /* ItunesSearchTesting.m */ = {isa = PBXFileReference; fileEncoding = 4; lastKnownFileType = sourcecode.c.objc; path = ItunesSearchTesting.m; sourceTree = "<group>"; };
		46B242331B57166100BA20D4 /* SLAlbumsCollectionCell.h */ = {isa = PBXFileReference; fileEncoding = 4; lastKnownFileType = sourcecode.c.h; path = SLAlbumsCollectionCell.h; sourceTree = "<group>"; };
		46B242341B57166100BA20D4 /* SLAlbumsCollectionCell.m */ = {isa = PBXFileReference; fileEncoding = 4; lastKnownFileType = sourcecode.c.objc; path = SLAlbumsCollectionCell.m; sourceTree = "<group>"; };
		46B242391B5DC14100BA20D4 /* SLAlbumCell.h */ = {isa = PBXFileReference; fileEncoding = 4; lastKnownFileType = sourcecode.c.h; path = SLAlbumCell.h; sourceTree = "<group>"; };
		46B2423A1B5DC14100BA20D4 /* SLAlbumCell.m */ = {isa = PBXFileReference; fileEncoding = 4; lastKnownFileType = sourcecode.c.objc; path = SLAlbumCell.m; sourceTree = "<group>"; };
		46CB6ACC1AED715800BF1DF3 /* shortList.app */ = {isa = PBXFileReference; explicitFileType = wrapper.application; includeInIndex = 0; path = shortList.app; sourceTree = BUILT_PRODUCTS_DIR; };
		46CB6AD01AED715800BF1DF3 /* Info.plist */ = {isa = PBXFileReference; lastKnownFileType = text.plist.xml; path = Info.plist; sourceTree = "<group>"; };
		46CB6AD11AED715800BF1DF3 /* main.m */ = {isa = PBXFileReference; lastKnownFileType = sourcecode.c.objc; path = main.m; sourceTree = "<group>"; };
		46CB6AD31AED715800BF1DF3 /* AppDelegate.h */ = {isa = PBXFileReference; lastKnownFileType = sourcecode.c.h; path = AppDelegate.h; sourceTree = "<group>"; };
		46CB6AD41AED715800BF1DF3 /* AppDelegate.m */ = {isa = PBXFileReference; lastKnownFileType = sourcecode.c.objc; path = AppDelegate.m; sourceTree = "<group>"; };
		46CB6AD71AED715800BF1DF3 /* shortList.xcdatamodel */ = {isa = PBXFileReference; lastKnownFileType = wrapper.xcdatamodel; path = shortList.xcdatamodel; sourceTree = "<group>"; };
		46CB6ADF1AED715800BF1DF3 /* Images.xcassets */ = {isa = PBXFileReference; lastKnownFileType = folder.assetcatalog; path = Images.xcassets; sourceTree = "<group>"; };
		46CB6AE21AED715800BF1DF3 /* Base */ = {isa = PBXFileReference; lastKnownFileType = file.xib; name = Base; path = Base.lproj/LaunchScreen.xib; sourceTree = "<group>"; };
		46CB6AE81AED715800BF1DF3 /* shortListTests.xctest */ = {isa = PBXFileReference; explicitFileType = wrapper.cfbundle; includeInIndex = 0; path = shortListTests.xctest; sourceTree = BUILT_PRODUCTS_DIR; };
		46CB6AED1AED715900BF1DF3 /* Info.plist */ = {isa = PBXFileReference; lastKnownFileType = text.plist.xml; path = Info.plist; sourceTree = "<group>"; };
		46CB6AFF1AED797A00BF1DF3 /* SLFeedVC.h */ = {isa = PBXFileReference; fileEncoding = 4; lastKnownFileType = sourcecode.c.h; path = SLFeedVC.h; sourceTree = "<group>"; };
		46CB6B001AED797A00BF1DF3 /* SLFeedVC.m */ = {isa = PBXFileReference; fileEncoding = 4; lastKnownFileType = sourcecode.c.objc; path = SLFeedVC.m; sourceTree = "<group>"; };
		46CB6B031AED7ADC00BF1DF3 /* SLListsVC.h */ = {isa = PBXFileReference; fileEncoding = 4; lastKnownFileType = sourcecode.c.h; path = SLListsVC.h; sourceTree = "<group>"; };
		46CB6B041AED7ADC00BF1DF3 /* SLListsVC.m */ = {isa = PBXFileReference; fileEncoding = 4; lastKnownFileType = sourcecode.c.objc; path = SLListsVC.m; sourceTree = "<group>"; };
		46CB6B071AED7BB100BF1DF3 /* SLProfileVC.h */ = {isa = PBXFileReference; fileEncoding = 4; lastKnownFileType = sourcecode.c.h; path = SLProfileVC.h; sourceTree = "<group>"; };
		46CB6B081AED7BB100BF1DF3 /* SLProfileVC.m */ = {isa = PBXFileReference; fileEncoding = 4; lastKnownFileType = sourcecode.c.objc; path = SLProfileVC.m; sourceTree = "<group>"; };
		46CB6B0B1AED7C9900BF1DF3 /* SLMoreVC.h */ = {isa = PBXFileReference; fileEncoding = 4; lastKnownFileType = sourcecode.c.h; path = SLMoreVC.h; sourceTree = "<group>"; };
		46CB6B0C1AED7C9900BF1DF3 /* SLMoreVC.m */ = {isa = PBXFileReference; fileEncoding = 4; lastKnownFileType = sourcecode.c.objc; path = SLMoreVC.m; sourceTree = "<group>"; };
		46CB6B0E1AED80FD00BF1DF3 /* SLBaseVC.h */ = {isa = PBXFileReference; fileEncoding = 4; lastKnownFileType = sourcecode.c.h; path = SLBaseVC.h; sourceTree = "<group>"; };
		46CB6B0F1AED80FD00BF1DF3 /* SLBaseVC.m */ = {isa = PBXFileReference; fileEncoding = 4; lastKnownFileType = sourcecode.c.objc; path = SLBaseVC.m; sourceTree = "<group>"; };
		46CB6B131AED842200BF1DF3 /* SLStyle.h */ = {isa = PBXFileReference; fileEncoding = 4; lastKnownFileType = sourcecode.c.h; path = SLStyle.h; sourceTree = "<group>"; };
		46CB6B141AED842200BF1DF3 /* SLStyle.m */ = {isa = PBXFileReference; fileEncoding = 4; lastKnownFileType = sourcecode.c.objc; path = SLStyle.m; sourceTree = "<group>"; };
		46CB6B161AED850200BF1DF3 /* UIColor+SLStyle.h */ = {isa = PBXFileReference; fileEncoding = 4; lastKnownFileType = sourcecode.c.h; path = "UIColor+SLStyle.h"; sourceTree = "<group>"; };
		46CB6B171AED850200BF1DF3 /* UIColor+SLStyle.m */ = {isa = PBXFileReference; fileEncoding = 4; lastKnownFileType = sourcecode.c.objc; path = "UIColor+SLStyle.m"; sourceTree = "<group>"; };
		46CDDCA61B920A05004A5D20 /* UIImage+ImageEffects.h */ = {isa = PBXFileReference; fileEncoding = 4; lastKnownFileType = sourcecode.c.h; path = "UIImage+ImageEffects.h"; sourceTree = "<group>"; };
		46CDDCA71B920A05004A5D20 /* UIImage+ImageEffects.m */ = {isa = PBXFileReference; fileEncoding = 4; lastKnownFileType = sourcecode.c.objc; path = "UIImage+ImageEffects.m"; sourceTree = "<group>"; };
		46D423011B77AF2A00D79263 /* SpotifySearchApiController.h */ = {isa = PBXFileReference; fileEncoding = 4; lastKnownFileType = sourcecode.c.h; path = SpotifySearchApiController.h; sourceTree = "<group>"; };
		46D423021B77AF2A00D79263 /* SpotifySearchApiController.m */ = {isa = PBXFileReference; fileEncoding = 4; lastKnownFileType = sourcecode.c.objc; path = SpotifySearchApiController.m; sourceTree = "<group>"; };
		46D423051B77D3A900D79263 /* SpotifyAlbums.h */ = {isa = PBXFileReference; fileEncoding = 4; lastKnownFileType = sourcecode.c.h; path = SpotifyAlbums.h; sourceTree = "<group>"; };
		46D423061B77D3A900D79263 /* SpotifyAlbums.m */ = {isa = PBXFileReference; fileEncoding = 4; lastKnownFileType = sourcecode.c.objc; path = SpotifyAlbums.m; sourceTree = "<group>"; };
		46D423081B77D47900D79263 /* SpotifyAlbum.h */ = {isa = PBXFileReference; fileEncoding = 4; lastKnownFileType = sourcecode.c.h; path = SpotifyAlbum.h; sourceTree = "<group>"; };
		46D423091B77D47900D79263 /* SpotifyAlbum.m */ = {isa = PBXFileReference; fileEncoding = 4; lastKnownFileType = sourcecode.c.objc; path = SpotifyAlbum.m; sourceTree = "<group>"; };
		46D4230B1B77D83A00D79263 /* SpotifyAlbumResults.JSON */ = {isa = PBXFileReference; fileEncoding = 4; lastKnownFileType = text.json; path = SpotifyAlbumResults.JSON; sourceTree = "<group>"; };
		46D4230D1B77D89400D79263 /* SpotifySearchTesting.m */ = {isa = PBXFileReference; fileEncoding = 4; lastKnownFileType = sourcecode.c.objc; path = SpotifySearchTesting.m; sourceTree = "<group>"; };
		512C7F814DAC96482B4A4FD8 /* libPods-shortListTests.a */ = {isa = PBXFileReference; explicitFileType = archive.ar; includeInIndex = 0; path = "libPods-shortListTests.a"; sourceTree = BUILT_PRODUCTS_DIR; };
		8ABDC291B26DF9679832C3F3 /* Pods-shortList.appstore.xcconfig */ = {isa = PBXFileReference; includeInIndex = 1; lastKnownFileType = text.xcconfig; name = "Pods-shortList.appstore.xcconfig"; path = "Pods/Target Support Files/Pods-shortList/Pods-shortList.appstore.xcconfig"; sourceTree = "<group>"; };
		AF08C75AC186A2D34CAC9EB4 /* Pods-shortList.debug.xcconfig */ = {isa = PBXFileReference; includeInIndex = 1; lastKnownFileType = text.xcconfig; name = "Pods-shortList.debug.xcconfig"; path = "Pods/Target Support Files/Pods-shortList/Pods-shortList.debug.xcconfig"; sourceTree = "<group>"; };
		B5A9A1D2BDCED8EF911103C3 /* Pods-shortListTests.debug.xcconfig */ = {isa = PBXFileReference; includeInIndex = 1; lastKnownFileType = text.xcconfig; name = "Pods-shortListTests.debug.xcconfig"; path = "Pods/Target Support Files/Pods-shortListTests/Pods-shortListTests.debug.xcconfig"; sourceTree = "<group>"; };
		C905D44C1D5C2A35002ED87E /* SLSortOptionsVC.swift */ = {isa = PBXFileReference; fileEncoding = 4; lastKnownFileType = sourcecode.swift; path = SLSortOptionsVC.swift; sourceTree = "<group>"; };
		C9063B7D1C433DE400B1B1C6 /* SLPreviewAlbumDetailsVC.h */ = {isa = PBXFileReference; fileEncoding = 4; lastKnownFileType = sourcecode.c.h; path = SLPreviewAlbumDetailsVC.h; sourceTree = "<group>"; };
		C9063B7E1C433DE400B1B1C6 /* SLPreviewAlbumDetailsVC.m */ = {isa = PBXFileReference; fileEncoding = 4; lastKnownFileType = sourcecode.c.objc; path = SLPreviewAlbumDetailsVC.m; sourceTree = "<group>"; };
		C99E250D1F0702D5002B243C /* appKeys.plist */ = {isa = PBXFileReference; fileEncoding = 4; lastKnownFileType = text.plist.xml; name = appKeys.plist; path = ../appKeys.plist; sourceTree = "<group>"; };
		C9B7A1521D56A79B0069F228 /* ShortList+ShortlistYears.h */ = {isa = PBXFileReference; fileEncoding = 4; lastKnownFileType = sourcecode.c.h; path = "ShortList+ShortlistYears.h"; sourceTree = "<group>"; };
		C9B7A1531D56A79B0069F228 /* ShortList+ShortlistYears.m */ = {isa = PBXFileReference; fileEncoding = 4; lastKnownFileType = sourcecode.c.objc; path = "ShortList+ShortlistYears.m"; sourceTree = "<group>"; };
		DAEA59562793809400523DF9 /* ExportShortListProvider.swift */ = {isa = PBXFileReference; lastKnownFileType = sourcecode.swift; path = ExportShortListProvider.swift; sourceTree = "<group>"; };
/* End PBXFileReference section */

/* Begin PBXFrameworksBuildPhase section */
		46CB6AC91AED715800BF1DF3 /* Frameworks */ = {
			isa = PBXFrameworksBuildPhase;
			buildActionMask = 2147483647;
			files = (
				4694DD2F1C0B77C4002A1D78 /* CoreData.framework in Frameworks */,
				464CF7181B9C9EAC008356F6 /* Twitter.framework in Frameworks */,
				464CF7161B9C9EA1008356F6 /* Social.framework in Frameworks */,
				8827545C6125A4271D50F33B /* libPods-shortList.a in Frameworks */,
			);
			runOnlyForDeploymentPostprocessing = 0;
		};
		46CB6AE51AED715800BF1DF3 /* Frameworks */ = {
			isa = PBXFrameworksBuildPhase;
			buildActionMask = 2147483647;
			files = (
				35A771AF0330548174B8FE16 /* libPods-shortListTests.a in Frameworks */,
			);
			runOnlyForDeploymentPostprocessing = 0;
		};
/* End PBXFrameworksBuildPhase section */

/* Begin PBXGroup section */
		461801131B08D590003C0A92 /* Create ShortList */ = {
			isa = PBXGroup;
			children = (
				461801171B08E668003C0A92 /* Cells */,
				461801141B08D7A4003C0A92 /* SLCreateShortListVC.h */,
				461801151B08D7A4003C0A92 /* SLCreateShortListVC.m */,
			);
			name = "Create ShortList";
			sourceTree = "<group>";
		};
		461801171B08E668003C0A92 /* Cells */ = {
			isa = PBXGroup;
			children = (
				461801181B08E6A0003C0A92 /* SLCreateShortListTitleCell.h */,
				461801191B08E6A0003C0A92 /* SLCreateShortListTitleCell.m */,
				4618011E1B09361E003C0A92 /* SLCreateShortListEnterNameCell.h */,
				4618011F1B09361E003C0A92 /* SLCreateShortListEnterNameCell.m */,
				461801211B095206003C0A92 /* SLCreateShortListEnterYearCell.h */,
				461801221B095206003C0A92 /* SLCreateShortListEnterYearCell.m */,
			);
			name = Cells;
			sourceTree = "<group>";
		};
		461FC9FF1AED9A68001C3F46 /* Controllers */ = {
			isa = PBXGroup;
			children = (
				461FCA001AED9C8E001C3F46 /* ItunesSearchAPIController.h */,
				461FCA011AED9C8E001C3F46 /* ItunesSearchAPIController.m */,
				DAEA59562793809400523DF9 /* ExportShortListProvider.swift */,
				4648A5511B1E663F00F997F8 /* SLParseController.swift */,
				46D423011B77AF2A00D79263 /* SpotifySearchApiController.h */,
				46D423021B77AF2A00D79263 /* SpotifySearchApiController.m */,
			);
			name = Controllers;
			sourceTree = "<group>";
		};
		464CF7191B9CD1D3008356F6 /* Cells */ = {
			isa = PBXGroup;
			children = (
				464CF71A1B9CD205008356F6 /* SLLoginCell.h */,
				464CF71B1B9CD205008356F6 /* SLLoginCell.m */,
				467491FC1C054037003A8825 /* SLGenericOneButtonCell.h */,
				467491FD1C054037003A8825 /* SLGenericOneButtonCell.m */,
			);
			name = Cells;
			sourceTree = "<group>";
		};
		464CF71D1B9D2DFF008356F6 /* Login */ = {
			isa = PBXGroup;
			children = (
				466063F21B81251F006AB766 /* SLLoginVC.h */,
				466063F31B81251F006AB766 /* SLLoginVC.m */,
				466063FA1B81251F006AB766 /* SLUserSignUpVC.h */,
				466063FB1B81251F006AB766 /* SLUserSignUpVC.m */,
			);
			name = Login;
			sourceTree = "<group>";
		};
		4651CE231B4C993B003E9C0F /* Albums */ = {
			isa = PBXGroup;
			children = (
				467D55901AF54FB4005CD607 /* SLListAlbumsVC.h */,
				467D55911AF54FB4005CD607 /* SLListAlbumsVC.m */,
				4651CE241B4C9992003E9C0F /* SLListAbumCell.h */,
				4651CE251B4C9992003E9C0F /* SLListAbumCell.m */,
			);
			name = Albums;
			sourceTree = "<group>";
		};
		466063F11B8124FB006AB766 /* Componenets */ = {
			isa = PBXGroup;
			children = (
				464CF71D1B9D2DFF008356F6 /* Login */,
				466427691BE1935100ECFCAE /* SLEntryVC.swift */,
				466063F41B81251F006AB766 /* SLNavigationController.h */,
				466063F51B81251F006AB766 /* SLNavigationController.m */,
				466063F61B81251F006AB766 /* SLPlayNowViewController.h */,
				466063F71B81251F006AB766 /* SLPlayNowViewController.m */,
				466063F81B81251F006AB766 /* SLTabBarController.h */,
				466063F91B81251F006AB766 /* SLTabBarController.m */,
				466064071B81260C006AB766 /* SLInstagramController.h */,
				466064081B81260C006AB766 /* SLInstagramController.m */,
				465740C11B83F681004DECFF /* SLAlbumArtImaging.h */,
				465740C21B83F681004DECFF /* SLAlbumArtImaging.m */,
				C905D44C1D5C2A35002ED87E /* SLSortOptionsVC.swift */,
			);
			name = Componenets;
			sourceTree = "<group>";
		};
		4665B7351B6D471A0088B0B3 /* Fonts */ = {
			isa = PBXGroup;
			children = (
				4665B7371B6D47700088B0B3 /* Polaris.otf */,
				4665B7361B6D475A0088B0B3 /* NixieOne.otf */,
			);
			name = Fonts;
			sourceTree = "<group>";
		};
		467D55931AF55E71005CD607 /* Search */ = {
			isa = PBXGroup;
			children = (
				467D559A1AF577DB005CD607 /* Artist */,
				467D559B1AF577EB005CD607 /* Album */,
			);
			name = Search;
			sourceTree = "<group>";
		};
		467D559A1AF577DB005CD607 /* Artist */ = {
			isa = PBXGroup;
			children = (
				467D55941AF55F3A005CD607 /* SLArtistSearchResultsVC.h */,
				467D55951AF55F3A005CD607 /* SLArtistSearchResultsVC.m */,
			);
			name = Artist;
			sourceTree = "<group>";
		};
		467D559B1AF577EB005CD607 /* Album */ = {
			isa = PBXGroup;
			children = (
				467D55971AF577D0005CD607 /* SLAlbumSearchResultVC.h */,
				467D55981AF577D0005CD607 /* SLAlbumSearchResultVC.m */,
				467D559C1AF62A4F005CD607 /* SLAlbumSearchResultsCellTableViewCell.h */,
				467D559D1AF62A4F005CD607 /* SLAlbumSearchResultsCellTableViewCell.m */,
			);
			name = Album;
			sourceTree = "<group>";
		};
		467D55A01AF696FF005CD607 /* Album Details */ = {
			isa = PBXGroup;
			children = (
				468925691B00027400A7D98C /* Cells */,
				467D55A11AF69746005CD607 /* SLAlbumDetailsVC.h */,
				467D55A21AF69746005CD607 /* SLAlbumDetailsVC.m */,
				C9063B7D1C433DE400B1B1C6 /* SLPreviewAlbumDetailsVC.h */,
				C9063B7E1C433DE400B1B1C6 /* SLPreviewAlbumDetailsVC.m */,
			);
			name = "Album Details";
			sourceTree = "<group>";
		};
		467D55A41AF6D914005CD607 /* Categories */ = {
			isa = PBXGroup;
			children = (
				46CDDCA61B920A05004A5D20 /* UIImage+ImageEffects.h */,
				46CDDCA71B920A05004A5D20 /* UIImage+ImageEffects.m */,
				466063FC1B81251F006AB766 /* UIViewController+SLLoginGate.h */,
				466063FD1B81251F006AB766 /* UIViewController+SLLoginGate.m */,
				466063FE1B81251F006AB766 /* UIViewController+SLPlayNow.h */,
				466063FF1B81251F006AB766 /* UIViewController+SLPlayNow.m */,
				467D55A51AF6D98F005CD607 /* UIImage+AverageColor.h */,
				467D55A61AF6D98F005CD607 /* UIImage+AverageColor.m */,
				465415B21B6E7EE500E51893 /* UIViewController+Utilities.h */,
				465415B31B6E7EE500E51893 /* UIViewController+Utilities.m */,
				466DF3621B7FEE6D00563095 /* UIViewController+SLEmailShortlist.h */,
				466DF3631B7FEE6D00563095 /* UIViewController+SLEmailShortlist.m */,
				466DF3651B80D3B600563095 /* UIViewController+SLAlbumArtImaging.h */,
				466DF3661B80D3B600563095 /* UIViewController+SLAlbumArtImaging.m */,
				464CF70E1B9B6A76008356F6 /* UIViewController+SLToastBanner.h */,
				464CF70F1B9B6A76008356F6 /* UIViewController+SLToastBanner.m */,
				C9B7A1521D56A79B0069F228 /* ShortList+ShortlistYears.h */,
				C9B7A1531D56A79B0069F228 /* ShortList+ShortlistYears.m */,
			);
			name = Categories;
			sourceTree = "<group>";
		};
		468925691B00027400A7D98C /* Cells */ = {
			isa = PBXGroup;
			children = (
				468925631AFFE10500A7D98C /* SLAlbumDetailsCell.h */,
				468925641AFFE10500A7D98C /* SLAlbumDetailsCell.m */,
				468925661B00026B00A7D98C /* SLAlbumTrackCell.h */,
				468925671B00026B00A7D98C /* SLAlbumTrackCell.m */,
			);
			name = Cells;
			sourceTree = "<group>";
		};
		468FB8B81B1260290004DC14 /* itunes */ = {
			isa = PBXGroup;
			children = (
				46A0940C1AF06DDA0091C7F7 /* ItunesSearchArtist.h */,
				46A0940D1AF06DDA0091C7F7 /* ItunesSearchArtist.m */,
				46A0940F1AF06FDF0091C7F7 /* ItunesSearchAlbum.h */,
				46A094101AF06FDF0091C7F7 /* ItunesSearchAlbum.m */,
				46A094151AF076C80091C7F7 /* ItunesSearchTracks.h */,
				46A094161AF076C80091C7F7 /* ItunesSearchTracks.m */,
				46A094041AF061C00091C7F7 /* ItunesArtist.h */,
				46A094051AF061C00091C7F7 /* ItunesArtist.m */,
				46A094091AF06A3F0091C7F7 /* ItunesAlbum.h */,
				46A0940A1AF06A3F0091C7F7 /* ItunesAlbum.m */,
				46A094121AF072730091C7F7 /* ItunesTrack.h */,
				46A094131AF072730091C7F7 /* ItunesTrack.m */,
			);
			name = itunes;
			sourceTree = "<group>";
		};
		468FB8B91B1260B40004DC14 /* ShortList */ = {
			isa = PBXGroup;
			children = (
				468FB8BA1B1260DE0004DC14 /* SLShortlist.h */,
				468FB8BB1B1260DE0004DC14 /* SLShortlist.m */,
				4648A5541B234CC300F997F8 /* SLShortListAlbum.h */,
				4648A5551B234CC300F997F8 /* SLShortListAlbum.m */,
			);
			name = ShortList;
			sourceTree = "<group>";
		};
		4694DD211C0B76BA002A1D78 /* CoreData */ = {
			isa = PBXGroup;
			children = (
				4694DD221C0B7790002A1D78 /* ShortListCoreDataManager.h */,
				4694DD231C0B7790002A1D78 /* ShortListCoreDataManager.m */,
				4694DD241C0B7790002A1D78 /* AlbumShortList.h */,
				4694DD251C0B7790002A1D78 /* AlbumShortList.m */,
				4694DD261C0B7790002A1D78 /* ShortListCoreDataTrial.xcdatamodeld */,
				4694DD281C0B7790002A1D78 /* ShortList.h */,
				4694DD291C0B7790002A1D78 /* ShortList.m */,
				4694DD301C0B7CA1002A1D78 /* SLShortlistCoreDataMigrtationController.h */,
				4694DD311C0B7CA1002A1D78 /* SLShortlistCoreDataMigrtationController.m */,
			);
			name = CoreData;
			sourceTree = "<group>";
		};
		46A094071AF061E60091C7F7 /* itunes API */ = {
			isa = PBXGroup;
			children = (
				46A094081AF061FD0091C7F7 /* Models */,
				461FC9FF1AED9A68001C3F46 /* Controllers */,
			);
			name = "itunes API";
			sourceTree = "<group>";
		};
		46A094081AF061FD0091C7F7 /* Models */ = {
			isa = PBXGroup;
			children = (
				46D423041B77D29C00D79263 /* Spotify */,
				468FB8B91B1260B40004DC14 /* ShortList */,
				468FB8B81B1260290004DC14 /* itunes */,
			);
			name = Models;
			sourceTree = "<group>";
		};
		46A094181AF078270091C7F7 /* Itunes API Test Files */ = {
			isa = PBXGroup;
			children = (
				46A094191AF079120091C7F7 /* ItunesArtistSearchResults.JSON */,
				46A0941D1AF07BB40091C7F7 /* ItunesAlbumSearchResults.JSON */,
				46A0941F1AF07C140091C7F7 /* ItunesTracksSearchResult.JSON */,
				46D4230B1B77D83A00D79263 /* SpotifyAlbumResults.JSON */,
			);
			name = "Itunes API Test Files";
			sourceTree = "<group>";
		};
		46A16A991B1D3828007F21FA /* ShortLists */ = {
			isa = PBXGroup;
			children = (
				46CB6B031AED7ADC00BF1DF3 /* SLListsVC.h */,
				46CB6B041AED7ADC00BF1DF3 /* SLListsVC.m */,
				46B242331B57166100BA20D4 /* SLAlbumsCollectionCell.h */,
				46B242341B57166100BA20D4 /* SLAlbumsCollectionCell.m */,
				46B242391B5DC14100BA20D4 /* SLAlbumCell.h */,
				46B2423A1B5DC14100BA20D4 /* SLAlbumCell.m */,
				4651CE231B4C993B003E9C0F /* Albums */,
			);
			name = ShortLists;
			sourceTree = "<group>";
		};
		46CB6AC31AED715800BF1DF3 = {
			isa = PBXGroup;
			children = (
				46CB6ACE1AED715800BF1DF3 /* shortList */,
				46CB6AEB1AED715800BF1DF3 /* shortListTests */,
				46CB6ACD1AED715800BF1DF3 /* Products */,
				E1761E54DFFFFE8F0167477C /* Frameworks */,
				7308406D78EAF82ACB7D356F /* Pods */,
			);
			sourceTree = "<group>";
		};
		46CB6ACD1AED715800BF1DF3 /* Products */ = {
			isa = PBXGroup;
			children = (
				46CB6ACC1AED715800BF1DF3 /* shortList.app */,
				46CB6AE81AED715800BF1DF3 /* shortListTests.xctest */,
			);
			name = Products;
			sourceTree = "<group>";
		};
		46CB6ACE1AED715800BF1DF3 /* shortList */ = {
			isa = PBXGroup;
			children = (
				46CB6AD31AED715800BF1DF3 /* AppDelegate.h */,
				46CB6AD41AED715800BF1DF3 /* AppDelegate.m */,
				46CB6AFA1AED76F400BF1DF3 /* UI */,
				4694DD211C0B76BA002A1D78 /* CoreData */,
				46CB6AF91AED76EB00BF1DF3 /* Models */,
				46CB6ACF1AED715800BF1DF3 /* Supporting Files */,
			);
			path = shortList;
			sourceTree = "<group>";
		};
		46CB6ACF1AED715800BF1DF3 /* Supporting Files */ = {
			isa = PBXGroup;
			children = (
				C99E250D1F0702D5002B243C /* appKeys.plist */,
				4665B7351B6D471A0088B0B3 /* Fonts */,
				4648A5501B1E663E00F997F8 /* shortList-Bridging-Header.h */,
				46CB6AD61AED715800BF1DF3 /* shortList.xcdatamodeld */,
				46CB6ADF1AED715800BF1DF3 /* Images.xcassets */,
				46CB6AE11AED715800BF1DF3 /* LaunchScreen.xib */,
				46CB6AD01AED715800BF1DF3 /* Info.plist */,
				46CB6AD11AED715800BF1DF3 /* main.m */,
			);
			name = "Supporting Files";
			sourceTree = "<group>";
		};
		46CB6AEB1AED715800BF1DF3 /* shortListTests */ = {
			isa = PBXGroup;
			children = (
				46D4230D1B77D89400D79263 /* SpotifySearchTesting.m */,
				46A094271AF1B3E70091C7F7 /* ItunesSearchTesting.m */,
				46A094181AF078270091C7F7 /* Itunes API Test Files */,
				46CB6AEC1AED715900BF1DF3 /* Supporting Files */,
			);
			path = shortListTests;
			sourceTree = "<group>";
		};
		46CB6AEC1AED715900BF1DF3 /* Supporting Files */ = {
			isa = PBXGroup;
			children = (
				46CB6AED1AED715900BF1DF3 /* Info.plist */,
			);
			name = "Supporting Files";
			sourceTree = "<group>";
		};
		46CB6AF91AED76EB00BF1DF3 /* Models */ = {
			isa = PBXGroup;
			children = (
				46A094071AF061E60091C7F7 /* itunes API */,
			);
			name = Models;
			sourceTree = "<group>";
		};
		46CB6AFA1AED76F400BF1DF3 /* UI */ = {
			isa = PBXGroup;
			children = (
				466063F11B8124FB006AB766 /* Componenets */,
				467D55A41AF6D914005CD607 /* Categories */,
				46CB6B121AED83F000BF1DF3 /* SL Style */,
				46CB6B111AED83D700BF1DF3 /* SL Sections */,
				46CB6B0E1AED80FD00BF1DF3 /* SLBaseVC.h */,
				46CB6B0F1AED80FD00BF1DF3 /* SLBaseVC.m */,
			);
			name = UI;
			sourceTree = "<group>";
		};
		46CB6AFE1AED794000BF1DF3 /* Feed */ = {
			isa = PBXGroup;
			children = (
				46CB6AFF1AED797A00BF1DF3 /* SLFeedVC.h */,
				46CB6B001AED797A00BF1DF3 /* SLFeedVC.m */,
			);
			name = Feed;
			sourceTree = "<group>";
		};
		46CB6B021AED7A9100BF1DF3 /* Lists */ = {
			isa = PBXGroup;
			children = (
				461801131B08D590003C0A92 /* Create ShortList */,
				467D55A01AF696FF005CD607 /* Album Details */,
				467D55931AF55E71005CD607 /* Search */,
				46A16A991B1D3828007F21FA /* ShortLists */,
			);
			name = Lists;
			sourceTree = "<group>";
		};
		46CB6B061AED7B9A00BF1DF3 /* Profile */ = {
			isa = PBXGroup;
			children = (
				46CB6B071AED7BB100BF1DF3 /* SLProfileVC.h */,
				46CB6B081AED7BB100BF1DF3 /* SLProfileVC.m */,
			);
			name = Profile;
			sourceTree = "<group>";
		};
		46CB6B0A1AED7C8300BF1DF3 /* More */ = {
			isa = PBXGroup;
			children = (
				464CF7191B9CD1D3008356F6 /* Cells */,
				46CB6B0B1AED7C9900BF1DF3 /* SLMoreVC.h */,
				46CB6B0C1AED7C9900BF1DF3 /* SLMoreVC.m */,
			);
			name = More;
			sourceTree = "<group>";
		};
		46CB6B111AED83D700BF1DF3 /* SL Sections */ = {
			isa = PBXGroup;
			children = (
				46CB6B0A1AED7C8300BF1DF3 /* More */,
				46CB6B061AED7B9A00BF1DF3 /* Profile */,
				46CB6B021AED7A9100BF1DF3 /* Lists */,
				46CB6AFE1AED794000BF1DF3 /* Feed */,
			);
			name = "SL Sections";
			sourceTree = "<group>";
		};
		46CB6B121AED83F000BF1DF3 /* SL Style */ = {
			isa = PBXGroup;
			children = (
				46CB6B131AED842200BF1DF3 /* SLStyle.h */,
				46CB6B141AED842200BF1DF3 /* SLStyle.m */,
				46CB6B161AED850200BF1DF3 /* UIColor+SLStyle.h */,
				46CB6B171AED850200BF1DF3 /* UIColor+SLStyle.m */,
			);
			name = "SL Style";
			sourceTree = "<group>";
		};
		46D423041B77D29C00D79263 /* Spotify */ = {
			isa = PBXGroup;
			children = (
				46D423051B77D3A900D79263 /* SpotifyAlbums.h */,
				46D423061B77D3A900D79263 /* SpotifyAlbums.m */,
				46D423081B77D47900D79263 /* SpotifyAlbum.h */,
				46D423091B77D47900D79263 /* SpotifyAlbum.m */,
			);
			name = Spotify;
			sourceTree = "<group>";
		};
		7308406D78EAF82ACB7D356F /* Pods */ = {
			isa = PBXGroup;
			children = (
				B5A9A1D2BDCED8EF911103C3 /* Pods-shortListTests.debug.xcconfig */,
				0DF7573C6C218B8DD05E3EB7 /* Pods-shortListTests.appstore.xcconfig */,
				AF08C75AC186A2D34CAC9EB4 /* Pods-shortList.debug.xcconfig */,
				8ABDC291B26DF9679832C3F3 /* Pods-shortList.appstore.xcconfig */,
			);
			name = Pods;
			sourceTree = "<group>";
		};
		E1761E54DFFFFE8F0167477C /* Frameworks */ = {
			isa = PBXGroup;
			children = (
				4694DD2E1C0B77C4002A1D78 /* CoreData.framework */,
				464CF7201B9E38E5008356F6 /* libFacebook-iOS-SDK.a */,
				464CF7171B9C9EAC008356F6 /* Twitter.framework */,
				464CF7151B9C9EA1008356F6 /* Social.framework */,
				464CF7111B9C9DE6008356F6 /* libParseFacebookUtils.a */,
				464CF7121B9C9DE6008356F6 /* libParseTwitterUtils.a */,
				05FC029CF3BE838FABCE59CA /* libPods-shortList.a */,
				512C7F814DAC96482B4A4FD8 /* libPods-shortListTests.a */,
			);
			name = Frameworks;
			sourceTree = "<group>";
		};
/* End PBXGroup section */

/* Begin PBXNativeTarget section */
		46CB6ACB1AED715800BF1DF3 /* shortList */ = {
			isa = PBXNativeTarget;
			buildConfigurationList = 46CB6AF21AED715900BF1DF3 /* Build configuration list for PBXNativeTarget "shortList" */;
			buildPhases = (
				FFB18038564E9913A34AB5CB /* [CP] Check Pods Manifest.lock */,
				46CB6AC81AED715800BF1DF3 /* Sources */,
				46CB6AC91AED715800BF1DF3 /* Frameworks */,
				46AB4A9E1B042B680056EC35 /* Copy ShortList Keys */,
				46CB6ACA1AED715800BF1DF3 /* Resources */,
				C9C1CE5E1C42E114004D8AE9 /* Build Number Script */,
				2B6E77B469C3DA3519DF24F4 /* [CP] Copy Pods Resources */,
			);
			buildRules = (
			);
			dependencies = (
			);
			name = shortList;
			productName = shortList;
			productReference = 46CB6ACC1AED715800BF1DF3 /* shortList.app */;
			productType = "com.apple.product-type.application";
		};
		46CB6AE71AED715800BF1DF3 /* shortListTests */ = {
			isa = PBXNativeTarget;
			buildConfigurationList = 46CB6AF51AED715900BF1DF3 /* Build configuration list for PBXNativeTarget "shortListTests" */;
			buildPhases = (
				4A69FB56769C53734D67DBD9 /* [CP] Check Pods Manifest.lock */,
				46CB6AE41AED715800BF1DF3 /* Sources */,
				46CB6AE51AED715800BF1DF3 /* Frameworks */,
				46CB6AE61AED715800BF1DF3 /* Resources */,
			);
			buildRules = (
			);
			dependencies = (
				46CB6AEA1AED715800BF1DF3 /* PBXTargetDependency */,
			);
			name = shortListTests;
			productName = shortListTests;
			productReference = 46CB6AE81AED715800BF1DF3 /* shortListTests.xctest */;
			productType = "com.apple.product-type.bundle.unit-test";
		};
/* End PBXNativeTarget section */

/* Begin PBXProject section */
		46CB6AC41AED715800BF1DF3 /* Project object */ = {
			isa = PBXProject;
			attributes = {
				LastSwiftUpdateCheck = 0700;
				LastUpgradeCheck = 1000;
				ORGANIZATIONNAME = "Dustin Bergman";
				TargetAttributes = {
					46CB6ACB1AED715800BF1DF3 = {
						CreatedOnToolsVersion = 6.3.1;
						DevelopmentTeam = J93BBX354J;
						LastSwiftMigration = 1000;
						ProvisioningStyle = Automatic;
					};
					46CB6AE71AED715800BF1DF3 = {
						CreatedOnToolsVersion = 6.3.1;
						TestTargetID = 46CB6ACB1AED715800BF1DF3;
					};
				};
			};
			buildConfigurationList = 46CB6AC71AED715800BF1DF3 /* Build configuration list for PBXProject "shortList" */;
			compatibilityVersion = "Xcode 3.2";
			developmentRegion = English;
			hasScannedForEncodings = 0;
			knownRegions = (
				English,
				en,
				Base,
			);
			mainGroup = 46CB6AC31AED715800BF1DF3;
			productRefGroup = 46CB6ACD1AED715800BF1DF3 /* Products */;
			projectDirPath = "";
			projectRoot = "";
			targets = (
				46CB6ACB1AED715800BF1DF3 /* shortList */,
				46CB6AE71AED715800BF1DF3 /* shortListTests */,
			);
		};
/* End PBXProject section */

/* Begin PBXResourcesBuildPhase section */
		46CB6ACA1AED715800BF1DF3 /* Resources */ = {
			isa = PBXResourcesBuildPhase;
			buildActionMask = 2147483647;
			files = (
				4665B7381B6D4D4C0088B0B3 /* Polaris.otf in Resources */,
				46A094291AF1B8150091C7F7 /* ItunesArtistSearchResults.JSON in Resources */,
				4665B7391B6D4D4F0088B0B3 /* NixieOne.otf in Resources */,
				46A0942A1AF1B8150091C7F7 /* ItunesAlbumSearchResults.JSON in Resources */,
				C99E250E1F0702D5002B243C /* appKeys.plist in Resources */,
				46A0942B1AF1B8150091C7F7 /* ItunesTracksSearchResult.JSON in Resources */,
				46D4230F1B77D97800D79263 /* SpotifyAlbumResults.JSON in Resources */,
				46CB6AE31AED715800BF1DF3 /* LaunchScreen.xib in Resources */,
				46CB6AE01AED715800BF1DF3 /* Images.xcassets in Resources */,
			);
			runOnlyForDeploymentPostprocessing = 0;
		};
		46CB6AE61AED715800BF1DF3 /* Resources */ = {
			isa = PBXResourcesBuildPhase;
			buildActionMask = 2147483647;
			files = (
				46A0941E1AF07BB40091C7F7 /* ItunesAlbumSearchResults.JSON in Resources */,
				46D4230C1B77D83A00D79263 /* SpotifyAlbumResults.JSON in Resources */,
				46A094201AF07C140091C7F7 /* ItunesTracksSearchResult.JSON in Resources */,
				46A0941A1AF079120091C7F7 /* ItunesArtistSearchResults.JSON in Resources */,
			);
			runOnlyForDeploymentPostprocessing = 0;
		};
/* End PBXResourcesBuildPhase section */

/* Begin PBXShellScriptBuildPhase section */
		2B6E77B469C3DA3519DF24F4 /* [CP] Copy Pods Resources */ = {
			isa = PBXShellScriptBuildPhase;
			buildActionMask = 2147483647;
			files = (
			);
			inputPaths = (
				"${PODS_ROOT}/Target Support Files/Pods-shortList/Pods-shortList-resources.sh",
				"${PODS_CONFIGURATION_BUILD_DIR}/FBSDKCoreKit/FacebookSDKStrings.bundle",
				"${PODS_CONFIGURATION_BUILD_DIR}/Parse/Parse.bundle",
				"${PODS_CONFIGURATION_BUILD_DIR}/Parse/TwitterUtils.bundle",
				"${PODS_CONFIGURATION_BUILD_DIR}/Parse/ParseUI.bundle",
			);
			name = "[CP] Copy Pods Resources";
			outputPaths = (
				"${TARGET_BUILD_DIR}/${UNLOCALIZED_RESOURCES_FOLDER_PATH}/FacebookSDKStrings.bundle",
				"${TARGET_BUILD_DIR}/${UNLOCALIZED_RESOURCES_FOLDER_PATH}/Parse.bundle",
				"${TARGET_BUILD_DIR}/${UNLOCALIZED_RESOURCES_FOLDER_PATH}/TwitterUtils.bundle",
				"${TARGET_BUILD_DIR}/${UNLOCALIZED_RESOURCES_FOLDER_PATH}/ParseUI.bundle",
			);
			runOnlyForDeploymentPostprocessing = 0;
			shellPath = /bin/sh;
			shellScript = "\"${PODS_ROOT}/Target Support Files/Pods-shortList/Pods-shortList-resources.sh\"\n";
			showEnvVarsInLog = 0;
		};
		46AB4A9E1B042B680056EC35 /* Copy ShortList Keys */ = {
			isa = PBXShellScriptBuildPhase;
			buildActionMask = 2147483647;
			files = (
			);
			inputPaths = (
			);
			name = "Copy ShortList Keys";
			outputPaths = (
			);
			runOnlyForDeploymentPostprocessing = 0;
			shellPath = /bin/sh;
			shellScript = "if [ -e /opt/shortListKeys/appKeys.plist  ];\nthen\necho \"Adding appKeys.plist to Shortlist Music source\"\ncp /opt/shortListKeys/appKeys.plist  ${SRCROOT}/\nelse\necho \"You Must Add /shortListKeys/appKeys.plist to your local File System!!!\"\nfi\n\ncat /opt/shortListKeys/appKeys.plist \n";
		};
		4A69FB56769C53734D67DBD9 /* [CP] Check Pods Manifest.lock */ = {
			isa = PBXShellScriptBuildPhase;
			buildActionMask = 2147483647;
			files = (
			);
			inputPaths = (
				"${PODS_PODFILE_DIR_PATH}/Podfile.lock",
				"${PODS_ROOT}/Manifest.lock",
			);
			name = "[CP] Check Pods Manifest.lock";
			outputPaths = (
				"$(DERIVED_FILE_DIR)/Pods-shortListTests-checkManifestLockResult.txt",
			);
			runOnlyForDeploymentPostprocessing = 0;
			shellPath = /bin/sh;
			shellScript = "diff \"${PODS_PODFILE_DIR_PATH}/Podfile.lock\" \"${PODS_ROOT}/Manifest.lock\" > /dev/null\nif [ $? != 0 ] ; then\n    # print error to STDERR\n    echo \"error: The sandbox is not in sync with the Podfile.lock. Run 'pod install' or update your CocoaPods installation.\" >&2\n    exit 1\nfi\n# This output is used by Xcode 'outputs' to avoid re-running this script phase.\necho \"SUCCESS\" > \"${SCRIPT_OUTPUT_FILE_0}\"\n";
			showEnvVarsInLog = 0;
		};
		C9C1CE5E1C42E114004D8AE9 /* Build Number Script */ = {
			isa = PBXShellScriptBuildPhase;
			buildActionMask = 2147483647;
			files = (
			);
			inputPaths = (
			);
			name = "Build Number Script";
			outputPaths = (
			);
			runOnlyForDeploymentPostprocessing = 0;
			shellPath = /bin/bash;
			shellScript = "#!/bin/bash\nbuildNumber=$(/usr/libexec/PlistBuddy -c \"Print CFBundleVersion\" \"$INFOPLIST_FILE\")\nbuildNumber=$(($buildNumber + 1))\n/usr/libexec/PlistBuddy -c \"Set :CFBundleVersion $buildNumber\" \"$INFOPLIST_FILE\"";
		};
		FFB18038564E9913A34AB5CB /* [CP] Check Pods Manifest.lock */ = {
			isa = PBXShellScriptBuildPhase;
			buildActionMask = 2147483647;
			files = (
			);
			inputPaths = (
				"${PODS_PODFILE_DIR_PATH}/Podfile.lock",
				"${PODS_ROOT}/Manifest.lock",
			);
			name = "[CP] Check Pods Manifest.lock";
			outputPaths = (
				"$(DERIVED_FILE_DIR)/Pods-shortList-checkManifestLockResult.txt",
			);
			runOnlyForDeploymentPostprocessing = 0;
			shellPath = /bin/sh;
			shellScript = "diff \"${PODS_PODFILE_DIR_PATH}/Podfile.lock\" \"${PODS_ROOT}/Manifest.lock\" > /dev/null\nif [ $? != 0 ] ; then\n    # print error to STDERR\n    echo \"error: The sandbox is not in sync with the Podfile.lock. Run 'pod install' or update your CocoaPods installation.\" >&2\n    exit 1\nfi\n# This output is used by Xcode 'outputs' to avoid re-running this script phase.\necho \"SUCCESS\" > \"${SCRIPT_OUTPUT_FILE_0}\"\n";
			showEnvVarsInLog = 0;
		};
/* End PBXShellScriptBuildPhase section */

/* Begin PBXSourcesBuildPhase section */
		46CB6AC81AED715800BF1DF3 /* Sources */ = {
			isa = PBXSourcesBuildPhase;
			buildActionMask = 2147483647;
			files = (
				46CB6B101AED80FD00BF1DF3 /* SLBaseVC.m in Sources */,
				466DF3641B7FEE6D00563095 /* UIViewController+SLEmailShortlist.m in Sources */,
				464CF71C1B9CD205008356F6 /* SLLoginCell.m in Sources */,
				4694DD2D1C0B7790002A1D78 /* ShortList.m in Sources */,
				46A0940B1AF06A3F0091C7F7 /* ItunesAlbum.m in Sources */,
				46CB6B0D1AED7C9900BF1DF3 /* SLMoreVC.m in Sources */,
				466064041B81251F006AB766 /* SLUserSignUpVC.m in Sources */,
				4648A5561B234CC300F997F8 /* SLShortListAlbum.m in Sources */,
				46A094141AF072730091C7F7 /* ItunesTrack.m in Sources */,
				46CB6B091AED7BB100BF1DF3 /* SLProfileVC.m in Sources */,
				46D423071B77D3A900D79263 /* SpotifyAlbums.m in Sources */,
				46CB6AD51AED715800BF1DF3 /* AppDelegate.m in Sources */,
				4694DD321C0B7CA1002A1D78 /* SLShortlistCoreDataMigrtationController.m in Sources */,
				464CF7101B9B6A76008356F6 /* UIViewController+SLToastBanner.m in Sources */,
				466064051B81251F006AB766 /* UIViewController+SLLoginGate.m in Sources */,
				4648A5521B1E663F00F997F8 /* SLParseController.swift in Sources */,
				467D55991AF577D0005CD607 /* SLAlbumSearchResultVC.m in Sources */,
				C905D44D1D5C2A35002ED87E /* SLSortOptionsVC.swift in Sources */,
				4651CE261B4C9992003E9C0F /* SLListAbumCell.m in Sources */,
				466064061B81251F006AB766 /* UIViewController+SLPlayNow.m in Sources */,
				46CB6B011AED797A00BF1DF3 /* SLFeedVC.m in Sources */,
				461FCA021AED9C8E001C3F46 /* ItunesSearchAPIController.m in Sources */,
				461801201B09361E003C0A92 /* SLCreateShortListEnterNameCell.m in Sources */,
				467D55A71AF6D98F005CD607 /* UIImage+AverageColor.m in Sources */,
				46CB6AD81AED715800BF1DF3 /* shortList.xcdatamodeld in Sources */,
				4694DD2B1C0B7790002A1D78 /* AlbumShortList.m in Sources */,
				46CB6B181AED850200BF1DF3 /* UIColor+SLStyle.m in Sources */,
				465740C31B83F681004DECFF /* SLAlbumArtImaging.m in Sources */,
				46CB6B151AED842200BF1DF3 /* SLStyle.m in Sources */,
				46D4230A1B77D47900D79263 /* SpotifyAlbum.m in Sources */,
				46A094171AF076C80091C7F7 /* ItunesSearchTracks.m in Sources */,
				46B242351B57166100BA20D4 /* SLAlbumsCollectionCell.m in Sources */,
				46CB6AD21AED715800BF1DF3 /* main.m in Sources */,
				C9B7A1541D56A79B0069F228 /* ShortList+ShortlistYears.m in Sources */,
				467D55961AF55F3A005CD607 /* SLArtistSearchResultsVC.m in Sources */,
				468925681B00026B00A7D98C /* SLAlbumTrackCell.m in Sources */,
				467D559E1AF62A4F005CD607 /* SLAlbumSearchResultsCellTableViewCell.m in Sources */,
				466064031B81251F006AB766 /* SLTabBarController.m in Sources */,
				466064011B81251F006AB766 /* SLNavigationController.m in Sources */,
				461801161B08D7A4003C0A92 /* SLCreateShortListVC.m in Sources */,
				46A0940E1AF06DDA0091C7F7 /* ItunesSearchArtist.m in Sources */,
				46D423031B77AF2A00D79263 /* SpotifySearchApiController.m in Sources */,
				4694DD2C1C0B7790002A1D78 /* ShortListCoreDataTrial.xcdatamodeld in Sources */,
				46CB6B051AED7ADC00BF1DF3 /* SLListsVC.m in Sources */,
				467491FE1C054037003A8825 /* SLGenericOneButtonCell.m in Sources */,
				4618011A1B08E6A0003C0A92 /* SLCreateShortListTitleCell.m in Sources */,
				468925651AFFE10500A7D98C /* SLAlbumDetailsCell.m in Sources */,
				46B2423B1B5DC14100BA20D4 /* SLAlbumCell.m in Sources */,
				466064021B81251F006AB766 /* SLPlayNowViewController.m in Sources */,
				DAEA59572793809400523DF9 /* ExportShortListProvider.swift in Sources */,
				461801231B095206003C0A92 /* SLCreateShortListEnterYearCell.m in Sources */,
				467D55A31AF69746005CD607 /* SLAlbumDetailsVC.m in Sources */,
				465415B41B6E7EE500E51893 /* UIViewController+Utilities.m in Sources */,
				466DF3671B80D3B600563095 /* UIViewController+SLAlbumArtImaging.m in Sources */,
				4694DD2A1C0B7790002A1D78 /* ShortListCoreDataManager.m in Sources */,
				466064001B81251F006AB766 /* SLLoginVC.m in Sources */,
				46A094061AF061C00091C7F7 /* ItunesArtist.m in Sources */,
				46A094111AF06FDF0091C7F7 /* ItunesSearchAlbum.m in Sources */,
				466064091B81260C006AB766 /* SLInstagramController.m in Sources */,
				C9063B7F1C433DE400B1B1C6 /* SLPreviewAlbumDetailsVC.m in Sources */,
				468FB8BC1B1260DE0004DC14 /* SLShortlist.m in Sources */,
				467D55921AF54FB4005CD607 /* SLListAlbumsVC.m in Sources */,
				4664276A1BE1935100ECFCAE /* SLEntryVC.swift in Sources */,
				46CDDCA81B920A05004A5D20 /* UIImage+ImageEffects.m in Sources */,
			);
			runOnlyForDeploymentPostprocessing = 0;
		};
		46CB6AE41AED715800BF1DF3 /* Sources */ = {
			isa = PBXSourcesBuildPhase;
			buildActionMask = 2147483647;
			files = (
				46A094281AF1B3E70091C7F7 /* ItunesSearchTesting.m in Sources */,
				46D4230E1B77D89400D79263 /* SpotifySearchTesting.m in Sources */,
			);
			runOnlyForDeploymentPostprocessing = 0;
		};
/* End PBXSourcesBuildPhase section */

/* Begin PBXTargetDependency section */
		46CB6AEA1AED715800BF1DF3 /* PBXTargetDependency */ = {
			isa = PBXTargetDependency;
			target = 46CB6ACB1AED715800BF1DF3 /* shortList */;
			targetProxy = 46CB6AE91AED715800BF1DF3 /* PBXContainerItemProxy */;
		};
/* End PBXTargetDependency section */

/* Begin PBXVariantGroup section */
		46CB6AE11AED715800BF1DF3 /* LaunchScreen.xib */ = {
			isa = PBXVariantGroup;
			children = (
				46CB6AE21AED715800BF1DF3 /* Base */,
			);
			name = LaunchScreen.xib;
			sourceTree = "<group>";
		};
/* End PBXVariantGroup section */

/* Begin XCBuildConfiguration section */
		46CB6AF01AED715900BF1DF3 /* Debug */ = {
			isa = XCBuildConfiguration;
			buildSettings = {
				ALWAYS_SEARCH_USER_PATHS = NO;
				CLANG_CXX_LANGUAGE_STANDARD = "gnu++0x";
				CLANG_CXX_LIBRARY = "libc++";
				CLANG_ENABLE_MODULES = YES;
				CLANG_ENABLE_OBJC_ARC = YES;
				CLANG_WARN_BLOCK_CAPTURE_AUTORELEASING = YES;
				CLANG_WARN_BOOL_CONVERSION = YES;
				CLANG_WARN_COMMA = YES;
				CLANG_WARN_CONSTANT_CONVERSION = YES;
				CLANG_WARN_DEPRECATED_OBJC_IMPLEMENTATIONS = YES;
				CLANG_WARN_DIRECT_OBJC_ISA_USAGE = YES_ERROR;
				CLANG_WARN_EMPTY_BODY = YES;
				CLANG_WARN_ENUM_CONVERSION = YES;
				CLANG_WARN_INFINITE_RECURSION = YES;
				CLANG_WARN_INT_CONVERSION = YES;
				CLANG_WARN_NON_LITERAL_NULL_CONVERSION = YES;
				CLANG_WARN_OBJC_IMPLICIT_RETAIN_SELF = YES;
				CLANG_WARN_OBJC_LITERAL_CONVERSION = YES;
				CLANG_WARN_OBJC_ROOT_CLASS = YES_ERROR;
				CLANG_WARN_RANGE_LOOP_ANALYSIS = YES;
				CLANG_WARN_STRICT_PROTOTYPES = YES;
				CLANG_WARN_SUSPICIOUS_MOVE = YES;
				CLANG_WARN_UNREACHABLE_CODE = YES;
				CLANG_WARN__DUPLICATE_METHOD_MATCH = YES;
				CODE_SIGN_IDENTITY = "iPhone Developer: Dustin Bergman (4MUWJM84ZE)";
				"CODE_SIGN_IDENTITY[sdk=iphoneos*]" = "iPhone Developer: Dustin Bergman (4MUWJM84ZE)";
				COPY_PHASE_STRIP = NO;
				DEBUG_INFORMATION_FORMAT = "dwarf-with-dsym";
				DEFINES_MODULE = YES;
				ENABLE_STRICT_OBJC_MSGSEND = YES;
				ENABLE_TESTABILITY = YES;
				FRAMEWORK_SEARCH_PATHS = "";
				GCC_C_LANGUAGE_STANDARD = gnu99;
				GCC_DYNAMIC_NO_PIC = NO;
				GCC_NO_COMMON_BLOCKS = YES;
				GCC_OPTIMIZATION_LEVEL = 0;
				GCC_PREPROCESSOR_DEFINITIONS = (
					"DEBUG=1",
					"$(inherited)",
				);
				GCC_SYMBOLS_PRIVATE_EXTERN = NO;
				GCC_WARN_64_TO_32_BIT_CONVERSION = YES;
				GCC_WARN_ABOUT_RETURN_TYPE = YES_ERROR;
				GCC_WARN_UNDECLARED_SELECTOR = YES;
				GCC_WARN_UNINITIALIZED_AUTOS = YES_AGGRESSIVE;
				GCC_WARN_UNUSED_FUNCTION = YES;
				GCC_WARN_UNUSED_VARIABLE = YES;
				IPHONEOS_DEPLOYMENT_TARGET = 10.0;
				MTL_ENABLE_DEBUG_INFO = YES;
				ONLY_ACTIVE_ARCH = YES;
				OTHER_LDFLAGS = "$(inherited)  ";
				PRODUCT_MODULE_NAME = shortList;
				SDKROOT = iphoneos;
				TARGETED_DEVICE_FAMILY = "1,2";
			};
			name = Debug;
		};
		46CB6AF11AED715900BF1DF3 /* AppStore */ = {
			isa = XCBuildConfiguration;
			buildSettings = {
				ALWAYS_SEARCH_USER_PATHS = NO;
				CLANG_CXX_LANGUAGE_STANDARD = "gnu++0x";
				CLANG_CXX_LIBRARY = "libc++";
				CLANG_ENABLE_MODULES = YES;
				CLANG_ENABLE_OBJC_ARC = YES;
				CLANG_WARN_BLOCK_CAPTURE_AUTORELEASING = YES;
				CLANG_WARN_BOOL_CONVERSION = YES;
				CLANG_WARN_COMMA = YES;
				CLANG_WARN_CONSTANT_CONVERSION = YES;
				CLANG_WARN_DEPRECATED_OBJC_IMPLEMENTATIONS = YES;
				CLANG_WARN_DIRECT_OBJC_ISA_USAGE = YES_ERROR;
				CLANG_WARN_EMPTY_BODY = YES;
				CLANG_WARN_ENUM_CONVERSION = YES;
				CLANG_WARN_INFINITE_RECURSION = YES;
				CLANG_WARN_INT_CONVERSION = YES;
				CLANG_WARN_NON_LITERAL_NULL_CONVERSION = YES;
				CLANG_WARN_OBJC_IMPLICIT_RETAIN_SELF = YES;
				CLANG_WARN_OBJC_LITERAL_CONVERSION = YES;
				CLANG_WARN_OBJC_ROOT_CLASS = YES_ERROR;
				CLANG_WARN_RANGE_LOOP_ANALYSIS = YES;
				CLANG_WARN_STRICT_PROTOTYPES = YES;
				CLANG_WARN_SUSPICIOUS_MOVE = YES;
				CLANG_WARN_UNREACHABLE_CODE = YES;
				CLANG_WARN__DUPLICATE_METHOD_MATCH = YES;
				"CODE_SIGN_IDENTITY[sdk=iphoneos*]" = "iPhone Developer";
				COPY_PHASE_STRIP = NO;
				DEBUG_INFORMATION_FORMAT = "dwarf-with-dsym";
				DEFINES_MODULE = YES;
				ENABLE_NS_ASSERTIONS = NO;
				ENABLE_STRICT_OBJC_MSGSEND = YES;
				FRAMEWORK_SEARCH_PATHS = "";
				GCC_C_LANGUAGE_STANDARD = gnu99;
				GCC_NO_COMMON_BLOCKS = YES;
				GCC_PREPROCESSOR_DEFINITIONS = "APPSTORE=1";
				GCC_WARN_64_TO_32_BIT_CONVERSION = YES;
				GCC_WARN_ABOUT_RETURN_TYPE = YES_ERROR;
				GCC_WARN_UNDECLARED_SELECTOR = YES;
				GCC_WARN_UNINITIALIZED_AUTOS = YES_AGGRESSIVE;
				GCC_WARN_UNUSED_FUNCTION = YES;
				GCC_WARN_UNUSED_VARIABLE = YES;
				IPHONEOS_DEPLOYMENT_TARGET = 10.0;
				MTL_ENABLE_DEBUG_INFO = NO;
				OTHER_LDFLAGS = "$(inherited)  ";
				PRODUCT_MODULE_NAME = shortList;
				SDKROOT = iphoneos;
				TARGETED_DEVICE_FAMILY = "1,2";
				VALIDATE_PRODUCT = YES;
			};
			name = AppStore;
		};
		46CB6AF31AED715900BF1DF3 /* Debug */ = {
			isa = XCBuildConfiguration;
			baseConfigurationReference = AF08C75AC186A2D34CAC9EB4 /* Pods-shortList.debug.xcconfig */;
			buildSettings = {
				ALWAYS_EMBED_SWIFT_STANDARD_LIBRARIES = YES;
				ALWAYS_SEARCH_USER_PATHS = NO;
				ASSETCATALOG_COMPILER_APPICON_NAME = AppIcon;
				CLANG_ENABLE_MODULES = YES;
				CLANG_ENABLE_OBJC_WEAK = YES;
				CODE_SIGN_IDENTITY = "iPhone Developer: Dustin Bergman (4MUWJM84ZE)";
				"CODE_SIGN_IDENTITY[sdk=iphoneos*]" = "iPhone Developer";
				CURRENT_PROJECT_VERSION = 1;
				DEFINES_MODULE = YES;
				DEVELOPMENT_TEAM = J93BBX354J;
				ENABLE_BITCODE = NO;
				FRAMEWORK_SEARCH_PATHS = "$(inherited)";
				INFOPLIST_FILE = shortList/Info.plist;
				IPHONEOS_DEPLOYMENT_TARGET = 10.0;
				LD_RUNPATH_SEARCH_PATHS = "$(inherited) @executable_path/Frameworks";
				LIBRARY_SEARCH_PATHS = (
					"$(inherited)",
					"$(PROJECT_DIR)/build/Debug-iphoneos",
				);
				PRODUCT_BUNDLE_IDENTIFIER = com.dus.shortList;
				PRODUCT_NAME = "$(TARGET_NAME)";
				PROVISIONING_PROFILE = "";
				PROVISIONING_PROFILE_SPECIFIER = "";
				SWIFT_OBJC_BRIDGING_HEADER = "shortList/shortList-Bridging-Header.h";
				SWIFT_OPTIMIZATION_LEVEL = "-Onone";
				SWIFT_SWIFT3_OBJC_INFERENCE = Default;
				SWIFT_VERSION = 4.2;
				TARGETED_DEVICE_FAMILY = 1;
				VERSIONING_SYSTEM = "apple-generic";
			};
			name = Debug;
		};
		46CB6AF41AED715900BF1DF3 /* AppStore */ = {
			isa = XCBuildConfiguration;
			baseConfigurationReference = 8ABDC291B26DF9679832C3F3 /* Pods-shortList.appstore.xcconfig */;
			buildSettings = {
				ALWAYS_EMBED_SWIFT_STANDARD_LIBRARIES = YES;
				ALWAYS_SEARCH_USER_PATHS = NO;
				ASSETCATALOG_COMPILER_APPICON_NAME = AppIcon;
				CLANG_ENABLE_MODULES = YES;
				CLANG_ENABLE_OBJC_WEAK = YES;
				CODE_SIGN_IDENTITY = "iPhone Developer: Dustin Bergman (4MUWJM84ZE)";
				"CODE_SIGN_IDENTITY[sdk=iphoneos*]" = "iPhone Developer";
				CURRENT_PROJECT_VERSION = 1;
				DEFINES_MODULE = YES;
				DEVELOPMENT_TEAM = J93BBX354J;
				ENABLE_BITCODE = NO;
				FRAMEWORK_SEARCH_PATHS = "$(inherited)";
				INFOPLIST_FILE = shortList/Info.plist;
				IPHONEOS_DEPLOYMENT_TARGET = 10.0;
				LD_RUNPATH_SEARCH_PATHS = "$(inherited) @executable_path/Frameworks";
				LIBRARY_SEARCH_PATHS = (
					"$(inherited)",
					"$(PROJECT_DIR)/build/Debug-iphoneos",
				);
				PRODUCT_BUNDLE_IDENTIFIER = com.dus.shortList;
				PRODUCT_NAME = "$(TARGET_NAME)";
				PROVISIONING_PROFILE = "";
				PROVISIONING_PROFILE_SPECIFIER = "";
				SWIFT_OBJC_BRIDGING_HEADER = "shortList/shortList-Bridging-Header.h";
				SWIFT_SWIFT3_OBJC_INFERENCE = Default;
				SWIFT_VERSION = 4.2;
				TARGETED_DEVICE_FAMILY = 1;
				VERSIONING_SYSTEM = "apple-generic";
			};
			name = AppStore;
		};
		46CB6AF61AED715900BF1DF3 /* Debug */ = {
			isa = XCBuildConfiguration;
			baseConfigurationReference = B5A9A1D2BDCED8EF911103C3 /* Pods-shortListTests.debug.xcconfig */;
			buildSettings = {
				BUNDLE_LOADER = "$(TEST_HOST)";
				FRAMEWORK_SEARCH_PATHS = (
					"$(SDKROOT)/Developer/Library/Frameworks",
					"$(inherited)",
				);
				GCC_PREPROCESSOR_DEFINITIONS = (
					"DEBUG=1",
					"$(inherited)",
				);
				INFOPLIST_FILE = shortListTests/Info.plist;
				LD_RUNPATH_SEARCH_PATHS = "$(inherited) @executable_path/Frameworks @loader_path/Frameworks";
				PRODUCT_BUNDLE_IDENTIFIER = "com.dus.$(PRODUCT_NAME:rfc1034identifier)";
				PRODUCT_NAME = "$(TARGET_NAME)";
				TEST_HOST = "$(BUILT_PRODUCTS_DIR)/shortList.app/shortList";
			};
			name = Debug;
		};
		46CB6AF71AED715900BF1DF3 /* AppStore */ = {
			isa = XCBuildConfiguration;
			baseConfigurationReference = 0DF7573C6C218B8DD05E3EB7 /* Pods-shortListTests.appstore.xcconfig */;
			buildSettings = {
				BUNDLE_LOADER = "$(TEST_HOST)";
				FRAMEWORK_SEARCH_PATHS = (
					"$(SDKROOT)/Developer/Library/Frameworks",
					"$(inherited)",
				);
				INFOPLIST_FILE = shortListTests/Info.plist;
				LD_RUNPATH_SEARCH_PATHS = "$(inherited) @executable_path/Frameworks @loader_path/Frameworks";
				PRODUCT_BUNDLE_IDENTIFIER = "com.dus.$(PRODUCT_NAME:rfc1034identifier)";
				PRODUCT_NAME = "$(TARGET_NAME)";
				TEST_HOST = "$(BUILT_PRODUCTS_DIR)/shortList.app/shortList";
			};
			name = AppStore;
		};
/* End XCBuildConfiguration section */

/* Begin XCConfigurationList section */
		46CB6AC71AED715800BF1DF3 /* Build configuration list for PBXProject "shortList" */ = {
			isa = XCConfigurationList;
			buildConfigurations = (
				46CB6AF01AED715900BF1DF3 /* Debug */,
				46CB6AF11AED715900BF1DF3 /* AppStore */,
			);
			defaultConfigurationIsVisible = 0;
			defaultConfigurationName = AppStore;
		};
		46CB6AF21AED715900BF1DF3 /* Build configuration list for PBXNativeTarget "shortList" */ = {
			isa = XCConfigurationList;
			buildConfigurations = (
				46CB6AF31AED715900BF1DF3 /* Debug */,
				46CB6AF41AED715900BF1DF3 /* AppStore */,
			);
			defaultConfigurationIsVisible = 0;
			defaultConfigurationName = AppStore;
		};
		46CB6AF51AED715900BF1DF3 /* Build configuration list for PBXNativeTarget "shortListTests" */ = {
			isa = XCConfigurationList;
			buildConfigurations = (
				46CB6AF61AED715900BF1DF3 /* Debug */,
				46CB6AF71AED715900BF1DF3 /* AppStore */,
			);
			defaultConfigurationIsVisible = 0;
			defaultConfigurationName = AppStore;
		};
/* End XCConfigurationList section */

/* Begin XCVersionGroup section */
		4694DD261C0B7790002A1D78 /* ShortListCoreDataTrial.xcdatamodeld */ = {
			isa = XCVersionGroup;
			children = (
				4694DD271C0B7790002A1D78 /* ShortListCoreDataTrial.xcdatamodel */,
			);
			currentVersion = 4694DD271C0B7790002A1D78 /* ShortListCoreDataTrial.xcdatamodel */;
			path = ShortListCoreDataTrial.xcdatamodeld;
			sourceTree = "<group>";
			versionGroupType = wrapper.xcdatamodel;
		};
		46CB6AD61AED715800BF1DF3 /* shortList.xcdatamodeld */ = {
			isa = XCVersionGroup;
			children = (
				46CB6AD71AED715800BF1DF3 /* shortList.xcdatamodel */,
			);
			currentVersion = 46CB6AD71AED715800BF1DF3 /* shortList.xcdatamodel */;
			path = shortList.xcdatamodeld;
			sourceTree = "<group>";
			versionGroupType = wrapper.xcdatamodel;
		};
/* End XCVersionGroup section */
	};
	rootObject = 46CB6AC41AED715800BF1DF3 /* Project object */;
}
