// !$*UTF8*$!
{
	archiveVersion = 1;
	classes = {
	};
	objectVersion = 46;
	objects = {

/* Begin PBXBuildFile section */
		3A67B00A491460F0C0119307 /* libPods.a in Frameworks */ = {isa = PBXBuildFile; fileRef = CE0D5FB60B95EE1C6AAD8165 /* libPods.a */; };
		461801121B077E6C003C0A92 /* SLUserSignUpVC.m in Sources */ = {isa = PBXBuildFile; fileRef = 461801111B077E6C003C0A92 /* SLUserSignUpVC.m */; };
		461801161B08D7A4003C0A92 /* SLCreateShortListVC.m in Sources */ = {isa = PBXBuildFile; fileRef = 461801151B08D7A4003C0A92 /* SLCreateShortListVC.m */; };
		4618011A1B08E6A0003C0A92 /* SLCreateShortListTitleCell.m in Sources */ = {isa = PBXBuildFile; fileRef = 461801191B08E6A0003C0A92 /* SLCreateShortListTitleCell.m */; };
		461801201B09361E003C0A92 /* SLCreateShortListEnterNameCell.m in Sources */ = {isa = PBXBuildFile; fileRef = 4618011F1B09361E003C0A92 /* SLCreateShortListEnterNameCell.m */; };
		461801231B095206003C0A92 /* SLCreateShortListEnterYearCell.m in Sources */ = {isa = PBXBuildFile; fileRef = 461801221B095206003C0A92 /* SLCreateShortListEnterYearCell.m */; };
		461FC9FE1AED98F9001C3F46 /* SLTabBarController.m in Sources */ = {isa = PBXBuildFile; fileRef = 461FC9FD1AED98F9001C3F46 /* SLTabBarController.m */; };
		461FCA021AED9C8E001C3F46 /* ItunesSearchAPIController.m in Sources */ = {isa = PBXBuildFile; fileRef = 461FCA011AED9C8E001C3F46 /* ItunesSearchAPIController.m */; };
		4648A5521B1E663F00F997F8 /* SLParseController.swift in Sources */ = {isa = PBXBuildFile; fileRef = 4648A5511B1E663F00F997F8 /* SLParseController.swift */; };
		4648A5561B234CC300F997F8 /* ShortListAlbum.m in Sources */ = {isa = PBXBuildFile; fileRef = 4648A5551B234CC300F997F8 /* ShortListAlbum.m */; };
		4651CE261B4C9992003E9C0F /* SLListAbumCell.m in Sources */ = {isa = PBXBuildFile; fileRef = 4651CE251B4C9992003E9C0F /* SLListAbumCell.m */; };
		467D55921AF54FB4005CD607 /* SLListAlbumsVC.m in Sources */ = {isa = PBXBuildFile; fileRef = 467D55911AF54FB4005CD607 /* SLListAlbumsVC.m */; };
		467D55961AF55F3A005CD607 /* SLArtistSearchResultsVC.m in Sources */ = {isa = PBXBuildFile; fileRef = 467D55951AF55F3A005CD607 /* SLArtistSearchResultsVC.m */; };
		467D55991AF577D0005CD607 /* SLAlbumSearchResultVC.m in Sources */ = {isa = PBXBuildFile; fileRef = 467D55981AF577D0005CD607 /* SLAlbumSearchResultVC.m */; };
		467D559E1AF62A4F005CD607 /* SLAlbumSearchResultsCellTableViewCell.m in Sources */ = {isa = PBXBuildFile; fileRef = 467D559D1AF62A4F005CD607 /* SLAlbumSearchResultsCellTableViewCell.m */; };
		467D55A31AF69746005CD607 /* SLAlbumDetailsVC.m in Sources */ = {isa = PBXBuildFile; fileRef = 467D55A21AF69746005CD607 /* SLAlbumDetailsVC.m */; };
		467D55A71AF6D98F005CD607 /* UIImage+AverageColor.m in Sources */ = {isa = PBXBuildFile; fileRef = 467D55A61AF6D98F005CD607 /* UIImage+AverageColor.m */; };
		468925651AFFE10500A7D98C /* SLAlbumDetailsCell.m in Sources */ = {isa = PBXBuildFile; fileRef = 468925641AFFE10500A7D98C /* SLAlbumDetailsCell.m */; };
		468925681B00026B00A7D98C /* SLAlbumTrackCell.m in Sources */ = {isa = PBXBuildFile; fileRef = 468925671B00026B00A7D98C /* SLAlbumTrackCell.m */; };
		468FB8BC1B1260DE0004DC14 /* Shortlist.m in Sources */ = {isa = PBXBuildFile; fileRef = 468FB8BB1B1260DE0004DC14 /* Shortlist.m */; };
		46A094061AF061C00091C7F7 /* ItunesArtist.m in Sources */ = {isa = PBXBuildFile; fileRef = 46A094051AF061C00091C7F7 /* ItunesArtist.m */; };
		46A0940B1AF06A3F0091C7F7 /* ItunesAlbum.m in Sources */ = {isa = PBXBuildFile; fileRef = 46A0940A1AF06A3F0091C7F7 /* ItunesAlbum.m */; };
		46A0940E1AF06DDA0091C7F7 /* ItunesSearchArtist.m in Sources */ = {isa = PBXBuildFile; fileRef = 46A0940D1AF06DDA0091C7F7 /* ItunesSearchArtist.m */; };
		46A094111AF06FDF0091C7F7 /* ItunesSearchAlbum.m in Sources */ = {isa = PBXBuildFile; fileRef = 46A094101AF06FDF0091C7F7 /* ItunesSearchAlbum.m */; };
		46A094141AF072730091C7F7 /* ItunesTrack.m in Sources */ = {isa = PBXBuildFile; fileRef = 46A094131AF072730091C7F7 /* ItunesTrack.m */; };
		46A094171AF076C80091C7F7 /* ItunesSearchTracks.m in Sources */ = {isa = PBXBuildFile; fileRef = 46A094161AF076C80091C7F7 /* ItunesSearchTracks.m */; };
		46A0941A1AF079120091C7F7 /* ItunesArtistSearchResults.JSON in Resources */ = {isa = PBXBuildFile; fileRef = 46A094191AF079120091C7F7 /* ItunesArtistSearchResults.JSON */; };
		46A0941E1AF07BB40091C7F7 /* ItunesAlbumSearchResults.JSON in Resources */ = {isa = PBXBuildFile; fileRef = 46A0941D1AF07BB40091C7F7 /* ItunesAlbumSearchResults.JSON */; };
		46A094201AF07C140091C7F7 /* ItunesTracksSearchResult.JSON in Resources */ = {isa = PBXBuildFile; fileRef = 46A0941F1AF07C140091C7F7 /* ItunesTracksSearchResult.JSON */; };
		46A094281AF1B3E70091C7F7 /* ItunesSearchTesting.m in Sources */ = {isa = PBXBuildFile; fileRef = 46A094271AF1B3E70091C7F7 /* ItunesSearchTesting.m */; };
		46A094291AF1B8150091C7F7 /* ItunesArtistSearchResults.JSON in Resources */ = {isa = PBXBuildFile; fileRef = 46A094191AF079120091C7F7 /* ItunesArtistSearchResults.JSON */; };
		46A0942A1AF1B8150091C7F7 /* ItunesAlbumSearchResults.JSON in Resources */ = {isa = PBXBuildFile; fileRef = 46A0941D1AF07BB40091C7F7 /* ItunesAlbumSearchResults.JSON */; };
		46A0942B1AF1B8150091C7F7 /* ItunesTracksSearchResult.JSON in Resources */ = {isa = PBXBuildFile; fileRef = 46A0941F1AF07C140091C7F7 /* ItunesTracksSearchResult.JSON */; };
		46AAEE561B27AB8800E10C42 /* SLBannerMessageView.swift in Sources */ = {isa = PBXBuildFile; fileRef = 46AAEE551B27AB8800E10C42 /* SLBannerMessageView.swift */; };
		46AB4AA21B042EC50056EC35 /* UIViewController+SLLoginGate.m in Sources */ = {isa = PBXBuildFile; fileRef = 46AB4AA11B042EC50056EC35 /* UIViewController+SLLoginGate.m */; };
		46AB4AA51B042F570056EC35 /* SLLoginVC.m in Sources */ = {isa = PBXBuildFile; fileRef = 46AB4AA41B042F570056EC35 /* SLLoginVC.m */; };
		46B242351B57166100BA20D4 /* SLAlbumsCollectionCell.m in Sources */ = {isa = PBXBuildFile; fileRef = 46B242341B57166100BA20D4 /* SLAlbumsCollectionCell.m */; };
		46B2423B1B5DC14100BA20D4 /* SLAlbumCell.m in Sources */ = {isa = PBXBuildFile; fileRef = 46B2423A1B5DC14100BA20D4 /* SLAlbumCell.m */; };
		46CB6AD21AED715800BF1DF3 /* main.m in Sources */ = {isa = PBXBuildFile; fileRef = 46CB6AD11AED715800BF1DF3 /* main.m */; };
		46CB6AD51AED715800BF1DF3 /* AppDelegate.m in Sources */ = {isa = PBXBuildFile; fileRef = 46CB6AD41AED715800BF1DF3 /* AppDelegate.m */; };
		46CB6AD81AED715800BF1DF3 /* shortList.xcdatamodeld in Sources */ = {isa = PBXBuildFile; fileRef = 46CB6AD61AED715800BF1DF3 /* shortList.xcdatamodeld */; };
		46CB6AE01AED715800BF1DF3 /* Images.xcassets in Resources */ = {isa = PBXBuildFile; fileRef = 46CB6ADF1AED715800BF1DF3 /* Images.xcassets */; };
		46CB6AE31AED715800BF1DF3 /* LaunchScreen.xib in Resources */ = {isa = PBXBuildFile; fileRef = 46CB6AE11AED715800BF1DF3 /* LaunchScreen.xib */; };
		46CB6B011AED797A00BF1DF3 /* SLFeedVC.m in Sources */ = {isa = PBXBuildFile; fileRef = 46CB6B001AED797A00BF1DF3 /* SLFeedVC.m */; };
		46CB6B051AED7ADC00BF1DF3 /* SLListsVC.m in Sources */ = {isa = PBXBuildFile; fileRef = 46CB6B041AED7ADC00BF1DF3 /* SLListsVC.m */; };
		46CB6B091AED7BB100BF1DF3 /* SLProfileVC.m in Sources */ = {isa = PBXBuildFile; fileRef = 46CB6B081AED7BB100BF1DF3 /* SLProfileVC.m */; };
		46CB6B0D1AED7C9900BF1DF3 /* SLMoreVC.m in Sources */ = {isa = PBXBuildFile; fileRef = 46CB6B0C1AED7C9900BF1DF3 /* SLMoreVC.m */; };
		46CB6B101AED80FD00BF1DF3 /* SLBaseVC.m in Sources */ = {isa = PBXBuildFile; fileRef = 46CB6B0F1AED80FD00BF1DF3 /* SLBaseVC.m */; };
		46CB6B151AED842200BF1DF3 /* SLStyle.m in Sources */ = {isa = PBXBuildFile; fileRef = 46CB6B141AED842200BF1DF3 /* SLStyle.m */; };
		46CB6B181AED850200BF1DF3 /* UIColor+SLStyle.m in Sources */ = {isa = PBXBuildFile; fileRef = 46CB6B171AED850200BF1DF3 /* UIColor+SLStyle.m */; };
		46CB6B1B1AED94D600BF1DF3 /* SLNavigationController.m in Sources */ = {isa = PBXBuildFile; fileRef = 46CB6B1A1AED94D600BF1DF3 /* SLNavigationController.m */; };
		71B66FE816682F53147BC434 /* libPods-shortListTests.a in Frameworks */ = {isa = PBXBuildFile; fileRef = 96318E4294F9670A88DFF932 /* libPods-shortListTests.a */; };
		C902DB481B3CDA47007822A1 /* appKeys.plist in Resources */ = {isa = PBXBuildFile; fileRef = C902DB471B3CDA47007822A1 /* appKeys.plist */; };
/* End PBXBuildFile section */

/* Begin PBXContainerItemProxy section */
		46CB6AE91AED715800BF1DF3 /* PBXContainerItemProxy */ = {
			isa = PBXContainerItemProxy;
			containerPortal = 46CB6AC41AED715800BF1DF3 /* Project object */;
			proxyType = 1;
			remoteGlobalIDString = 46CB6ACB1AED715800BF1DF3;
			remoteInfo = shortList;
		};
/* End PBXContainerItemProxy section */

/* Begin PBXFileReference section */
		1415B849DC8FE7440FF77432 /* Pods.release.xcconfig */ = {isa = PBXFileReference; includeInIndex = 1; lastKnownFileType = text.xcconfig; name = Pods.release.xcconfig; path = "Pods/Target Support Files/Pods/Pods.release.xcconfig"; sourceTree = "<group>"; };
		387B84E873048CE78F83CF11 /* Pods.debug.xcconfig */ = {isa = PBXFileReference; includeInIndex = 1; lastKnownFileType = text.xcconfig; name = Pods.debug.xcconfig; path = "Pods/Target Support Files/Pods/Pods.debug.xcconfig"; sourceTree = "<group>"; };
		4541FC2A6E9CC99BEBFB5502 /* Pods-shortListTests.release.xcconfig */ = {isa = PBXFileReference; includeInIndex = 1; lastKnownFileType = text.xcconfig; name = "Pods-shortListTests.release.xcconfig"; path = "Pods/Target Support Files/Pods-shortListTests/Pods-shortListTests.release.xcconfig"; sourceTree = "<group>"; };
		461801101B077E6C003C0A92 /* SLUserSignUpVC.h */ = {isa = PBXFileReference; fileEncoding = 4; lastKnownFileType = sourcecode.c.h; path = SLUserSignUpVC.h; sourceTree = "<group>"; };
		461801111B077E6C003C0A92 /* SLUserSignUpVC.m */ = {isa = PBXFileReference; fileEncoding = 4; lastKnownFileType = sourcecode.c.objc; path = SLUserSignUpVC.m; sourceTree = "<group>"; };
		461801141B08D7A4003C0A92 /* SLCreateShortListVC.h */ = {isa = PBXFileReference; fileEncoding = 4; lastKnownFileType = sourcecode.c.h; path = SLCreateShortListVC.h; sourceTree = "<group>"; };
		461801151B08D7A4003C0A92 /* SLCreateShortListVC.m */ = {isa = PBXFileReference; fileEncoding = 4; lastKnownFileType = sourcecode.c.objc; path = SLCreateShortListVC.m; sourceTree = "<group>"; };
		461801181B08E6A0003C0A92 /* SLCreateShortListTitleCell.h */ = {isa = PBXFileReference; fileEncoding = 4; lastKnownFileType = sourcecode.c.h; path = SLCreateShortListTitleCell.h; sourceTree = "<group>"; };
		461801191B08E6A0003C0A92 /* SLCreateShortListTitleCell.m */ = {isa = PBXFileReference; fileEncoding = 4; lastKnownFileType = sourcecode.c.objc; path = SLCreateShortListTitleCell.m; sourceTree = "<group>"; };
		4618011E1B09361E003C0A92 /* SLCreateShortListEnterNameCell.h */ = {isa = PBXFileReference; fileEncoding = 4; lastKnownFileType = sourcecode.c.h; path = SLCreateShortListEnterNameCell.h; sourceTree = "<group>"; };
		4618011F1B09361E003C0A92 /* SLCreateShortListEnterNameCell.m */ = {isa = PBXFileReference; fileEncoding = 4; lastKnownFileType = sourcecode.c.objc; path = SLCreateShortListEnterNameCell.m; sourceTree = "<group>"; };
		461801211B095206003C0A92 /* SLCreateShortListEnterYearCell.h */ = {isa = PBXFileReference; fileEncoding = 4; lastKnownFileType = sourcecode.c.h; path = SLCreateShortListEnterYearCell.h; sourceTree = "<group>"; };
		461801221B095206003C0A92 /* SLCreateShortListEnterYearCell.m */ = {isa = PBXFileReference; fileEncoding = 4; lastKnownFileType = sourcecode.c.objc; path = SLCreateShortListEnterYearCell.m; sourceTree = "<group>"; };
		461FC9FC1AED98F9001C3F46 /* SLTabBarController.h */ = {isa = PBXFileReference; fileEncoding = 4; lastKnownFileType = sourcecode.c.h; path = SLTabBarController.h; sourceTree = "<group>"; };
		461FC9FD1AED98F9001C3F46 /* SLTabBarController.m */ = {isa = PBXFileReference; fileEncoding = 4; lastKnownFileType = sourcecode.c.objc; path = SLTabBarController.m; sourceTree = "<group>"; };
		461FCA001AED9C8E001C3F46 /* ItunesSearchAPIController.h */ = {isa = PBXFileReference; fileEncoding = 4; lastKnownFileType = sourcecode.c.h; path = ItunesSearchAPIController.h; sourceTree = "<group>"; };
		461FCA011AED9C8E001C3F46 /* ItunesSearchAPIController.m */ = {isa = PBXFileReference; fileEncoding = 4; lastKnownFileType = sourcecode.c.objc; path = ItunesSearchAPIController.m; sourceTree = "<group>"; };
		4648A5501B1E663E00F997F8 /* shortList-Bridging-Header.h */ = {isa = PBXFileReference; lastKnownFileType = sourcecode.c.h; path = "shortList-Bridging-Header.h"; sourceTree = "<group>"; };
		4648A5511B1E663F00F997F8 /* SLParseController.swift */ = {isa = PBXFileReference; fileEncoding = 4; lastKnownFileType = sourcecode.swift; path = SLParseController.swift; sourceTree = "<group>"; };
		4648A5541B234CC300F997F8 /* ShortListAlbum.h */ = {isa = PBXFileReference; fileEncoding = 4; lastKnownFileType = sourcecode.c.h; path = ShortListAlbum.h; sourceTree = "<group>"; };
		4648A5551B234CC300F997F8 /* ShortListAlbum.m */ = {isa = PBXFileReference; fileEncoding = 4; lastKnownFileType = sourcecode.c.objc; path = ShortListAlbum.m; sourceTree = "<group>"; };
		4651CE241B4C9992003E9C0F /* SLListAbumCell.h */ = {isa = PBXFileReference; fileEncoding = 4; lastKnownFileType = sourcecode.c.h; path = SLListAbumCell.h; sourceTree = "<group>"; };
		4651CE251B4C9992003E9C0F /* SLListAbumCell.m */ = {isa = PBXFileReference; fileEncoding = 4; lastKnownFileType = sourcecode.c.objc; path = SLListAbumCell.m; sourceTree = "<group>"; };
		467D55901AF54FB4005CD607 /* SLListAlbumsVC.h */ = {isa = PBXFileReference; fileEncoding = 4; lastKnownFileType = sourcecode.c.h; path = SLListAlbumsVC.h; sourceTree = "<group>"; };
		467D55911AF54FB4005CD607 /* SLListAlbumsVC.m */ = {isa = PBXFileReference; fileEncoding = 4; lastKnownFileType = sourcecode.c.objc; path = SLListAlbumsVC.m; sourceTree = "<group>"; };
		467D55941AF55F3A005CD607 /* SLArtistSearchResultsVC.h */ = {isa = PBXFileReference; fileEncoding = 4; lastKnownFileType = sourcecode.c.h; path = SLArtistSearchResultsVC.h; sourceTree = "<group>"; };
		467D55951AF55F3A005CD607 /* SLArtistSearchResultsVC.m */ = {isa = PBXFileReference; fileEncoding = 4; lastKnownFileType = sourcecode.c.objc; path = SLArtistSearchResultsVC.m; sourceTree = "<group>"; };
		467D55971AF577D0005CD607 /* SLAlbumSearchResultVC.h */ = {isa = PBXFileReference; fileEncoding = 4; lastKnownFileType = sourcecode.c.h; path = SLAlbumSearchResultVC.h; sourceTree = "<group>"; };
		467D55981AF577D0005CD607 /* SLAlbumSearchResultVC.m */ = {isa = PBXFileReference; fileEncoding = 4; lastKnownFileType = sourcecode.c.objc; path = SLAlbumSearchResultVC.m; sourceTree = "<group>"; };
		467D559C1AF62A4F005CD607 /* SLAlbumSearchResultsCellTableViewCell.h */ = {isa = PBXFileReference; fileEncoding = 4; lastKnownFileType = sourcecode.c.h; path = SLAlbumSearchResultsCellTableViewCell.h; sourceTree = "<group>"; };
		467D559D1AF62A4F005CD607 /* SLAlbumSearchResultsCellTableViewCell.m */ = {isa = PBXFileReference; fileEncoding = 4; lastKnownFileType = sourcecode.c.objc; path = SLAlbumSearchResultsCellTableViewCell.m; sourceTree = "<group>"; };
		467D55A11AF69746005CD607 /* SLAlbumDetailsVC.h */ = {isa = PBXFileReference; fileEncoding = 4; lastKnownFileType = sourcecode.c.h; path = SLAlbumDetailsVC.h; sourceTree = "<group>"; };
		467D55A21AF69746005CD607 /* SLAlbumDetailsVC.m */ = {isa = PBXFileReference; fileEncoding = 4; lastKnownFileType = sourcecode.c.objc; path = SLAlbumDetailsVC.m; sourceTree = "<group>"; };
		467D55A51AF6D98F005CD607 /* UIImage+AverageColor.h */ = {isa = PBXFileReference; fileEncoding = 4; lastKnownFileType = sourcecode.c.h; path = "UIImage+AverageColor.h"; sourceTree = "<group>"; };
		467D55A61AF6D98F005CD607 /* UIImage+AverageColor.m */ = {isa = PBXFileReference; fileEncoding = 4; lastKnownFileType = sourcecode.c.objc; path = "UIImage+AverageColor.m"; sourceTree = "<group>"; };
		468925631AFFE10500A7D98C /* SLAlbumDetailsCell.h */ = {isa = PBXFileReference; fileEncoding = 4; lastKnownFileType = sourcecode.c.h; path = SLAlbumDetailsCell.h; sourceTree = "<group>"; };
		468925641AFFE10500A7D98C /* SLAlbumDetailsCell.m */ = {isa = PBXFileReference; fileEncoding = 4; lastKnownFileType = sourcecode.c.objc; path = SLAlbumDetailsCell.m; sourceTree = "<group>"; };
		468925661B00026B00A7D98C /* SLAlbumTrackCell.h */ = {isa = PBXFileReference; fileEncoding = 4; lastKnownFileType = sourcecode.c.h; path = SLAlbumTrackCell.h; sourceTree = "<group>"; };
		468925671B00026B00A7D98C /* SLAlbumTrackCell.m */ = {isa = PBXFileReference; fileEncoding = 4; lastKnownFileType = sourcecode.c.objc; path = SLAlbumTrackCell.m; sourceTree = "<group>"; };
		468FB8BA1B1260DE0004DC14 /* Shortlist.h */ = {isa = PBXFileReference; fileEncoding = 4; lastKnownFileType = sourcecode.c.h; path = Shortlist.h; sourceTree = "<group>"; };
		468FB8BB1B1260DE0004DC14 /* Shortlist.m */ = {isa = PBXFileReference; fileEncoding = 4; lastKnownFileType = sourcecode.c.objc; path = Shortlist.m; sourceTree = "<group>"; };
		46A094041AF061C00091C7F7 /* ItunesArtist.h */ = {isa = PBXFileReference; fileEncoding = 4; lastKnownFileType = sourcecode.c.h; path = ItunesArtist.h; sourceTree = "<group>"; };
		46A094051AF061C00091C7F7 /* ItunesArtist.m */ = {isa = PBXFileReference; fileEncoding = 4; lastKnownFileType = sourcecode.c.objc; path = ItunesArtist.m; sourceTree = "<group>"; };
		46A094091AF06A3F0091C7F7 /* ItunesAlbum.h */ = {isa = PBXFileReference; fileEncoding = 4; lastKnownFileType = sourcecode.c.h; path = ItunesAlbum.h; sourceTree = "<group>"; };
		46A0940A1AF06A3F0091C7F7 /* ItunesAlbum.m */ = {isa = PBXFileReference; fileEncoding = 4; lastKnownFileType = sourcecode.c.objc; path = ItunesAlbum.m; sourceTree = "<group>"; };
		46A0940C1AF06DDA0091C7F7 /* ItunesSearchArtist.h */ = {isa = PBXFileReference; fileEncoding = 4; lastKnownFileType = sourcecode.c.h; path = ItunesSearchArtist.h; sourceTree = "<group>"; };
		46A0940D1AF06DDA0091C7F7 /* ItunesSearchArtist.m */ = {isa = PBXFileReference; fileEncoding = 4; lastKnownFileType = sourcecode.c.objc; path = ItunesSearchArtist.m; sourceTree = "<group>"; };
		46A0940F1AF06FDF0091C7F7 /* ItunesSearchAlbum.h */ = {isa = PBXFileReference; fileEncoding = 4; lastKnownFileType = sourcecode.c.h; path = ItunesSearchAlbum.h; sourceTree = "<group>"; };
		46A094101AF06FDF0091C7F7 /* ItunesSearchAlbum.m */ = {isa = PBXFileReference; fileEncoding = 4; lastKnownFileType = sourcecode.c.objc; path = ItunesSearchAlbum.m; sourceTree = "<group>"; };
		46A094121AF072730091C7F7 /* ItunesTrack.h */ = {isa = PBXFileReference; fileEncoding = 4; lastKnownFileType = sourcecode.c.h; path = ItunesTrack.h; sourceTree = "<group>"; };
		46A094131AF072730091C7F7 /* ItunesTrack.m */ = {isa = PBXFileReference; fileEncoding = 4; lastKnownFileType = sourcecode.c.objc; path = ItunesTrack.m; sourceTree = "<group>"; };
		46A094151AF076C80091C7F7 /* ItunesSearchTracks.h */ = {isa = PBXFileReference; fileEncoding = 4; lastKnownFileType = sourcecode.c.h; path = ItunesSearchTracks.h; sourceTree = "<group>"; };
		46A094161AF076C80091C7F7 /* ItunesSearchTracks.m */ = {isa = PBXFileReference; fileEncoding = 4; lastKnownFileType = sourcecode.c.objc; path = ItunesSearchTracks.m; sourceTree = "<group>"; };
		46A094191AF079120091C7F7 /* ItunesArtistSearchResults.JSON */ = {isa = PBXFileReference; fileEncoding = 4; lastKnownFileType = text.json; path = ItunesArtistSearchResults.JSON; sourceTree = "<group>"; };
		46A0941D1AF07BB40091C7F7 /* ItunesAlbumSearchResults.JSON */ = {isa = PBXFileReference; fileEncoding = 4; lastKnownFileType = text.json; path = ItunesAlbumSearchResults.JSON; sourceTree = "<group>"; };
		46A0941F1AF07C140091C7F7 /* ItunesTracksSearchResult.JSON */ = {isa = PBXFileReference; fileEncoding = 4; lastKnownFileType = text.json; path = ItunesTracksSearchResult.JSON; sourceTree = "<group>"; };
		46A094271AF1B3E70091C7F7 /* ItunesSearchTesting.m */ = {isa = PBXFileReference; fileEncoding = 4; lastKnownFileType = sourcecode.c.objc; path = ItunesSearchTesting.m; sourceTree = "<group>"; };
		46AAEE551B27AB8800E10C42 /* SLBannerMessageView.swift */ = {isa = PBXFileReference; fileEncoding = 4; lastKnownFileType = sourcecode.swift; path = SLBannerMessageView.swift; sourceTree = "<group>"; };
		46AB4AA01B042EC50056EC35 /* UIViewController+SLLoginGate.h */ = {isa = PBXFileReference; fileEncoding = 4; lastKnownFileType = sourcecode.c.h; path = "UIViewController+SLLoginGate.h"; sourceTree = "<group>"; };
		46AB4AA11B042EC50056EC35 /* UIViewController+SLLoginGate.m */ = {isa = PBXFileReference; fileEncoding = 4; lastKnownFileType = sourcecode.c.objc; path = "UIViewController+SLLoginGate.m"; sourceTree = "<group>"; };
		46AB4AA31B042F570056EC35 /* SLLoginVC.h */ = {isa = PBXFileReference; fileEncoding = 4; lastKnownFileType = sourcecode.c.h; path = SLLoginVC.h; sourceTree = "<group>"; };
		46AB4AA41B042F570056EC35 /* SLLoginVC.m */ = {isa = PBXFileReference; fileEncoding = 4; lastKnownFileType = sourcecode.c.objc; path = SLLoginVC.m; sourceTree = "<group>"; };
		46B242331B57166100BA20D4 /* SLAlbumsCollectionCell.h */ = {isa = PBXFileReference; fileEncoding = 4; lastKnownFileType = sourcecode.c.h; path = SLAlbumsCollectionCell.h; sourceTree = "<group>"; };
		46B242341B57166100BA20D4 /* SLAlbumsCollectionCell.m */ = {isa = PBXFileReference; fileEncoding = 4; lastKnownFileType = sourcecode.c.objc; path = SLAlbumsCollectionCell.m; sourceTree = "<group>"; };
		46B242391B5DC14100BA20D4 /* SLAlbumCell.h */ = {isa = PBXFileReference; fileEncoding = 4; lastKnownFileType = sourcecode.c.h; path = SLAlbumCell.h; sourceTree = "<group>"; };
		46B2423A1B5DC14100BA20D4 /* SLAlbumCell.m */ = {isa = PBXFileReference; fileEncoding = 4; lastKnownFileType = sourcecode.c.objc; path = SLAlbumCell.m; sourceTree = "<group>"; };
		46CB6ACC1AED715800BF1DF3 /* shortList.app */ = {isa = PBXFileReference; explicitFileType = wrapper.application; includeInIndex = 0; path = shortList.app; sourceTree = BUILT_PRODUCTS_DIR; };
		46CB6AD01AED715800BF1DF3 /* Info.plist */ = {isa = PBXFileReference; lastKnownFileType = text.plist.xml; path = Info.plist; sourceTree = "<group>"; };
		46CB6AD11AED715800BF1DF3 /* main.m */ = {isa = PBXFileReference; lastKnownFileType = sourcecode.c.objc; path = main.m; sourceTree = "<group>"; };
		46CB6AD31AED715800BF1DF3 /* AppDelegate.h */ = {isa = PBXFileReference; lastKnownFileType = sourcecode.c.h; path = AppDelegate.h; sourceTree = "<group>"; };
		46CB6AD41AED715800BF1DF3 /* AppDelegate.m */ = {isa = PBXFileReference; lastKnownFileType = sourcecode.c.objc; path = AppDelegate.m; sourceTree = "<group>"; };
		46CB6AD71AED715800BF1DF3 /* shortList.xcdatamodel */ = {isa = PBXFileReference; lastKnownFileType = wrapper.xcdatamodel; path = shortList.xcdatamodel; sourceTree = "<group>"; };
		46CB6ADF1AED715800BF1DF3 /* Images.xcassets */ = {isa = PBXFileReference; lastKnownFileType = folder.assetcatalog; path = Images.xcassets; sourceTree = "<group>"; };
		46CB6AE21AED715800BF1DF3 /* Base */ = {isa = PBXFileReference; lastKnownFileType = file.xib; name = Base; path = Base.lproj/LaunchScreen.xib; sourceTree = "<group>"; };
		46CB6AE81AED715800BF1DF3 /* shortListTests.xctest */ = {isa = PBXFileReference; explicitFileType = wrapper.cfbundle; includeInIndex = 0; path = shortListTests.xctest; sourceTree = BUILT_PRODUCTS_DIR; };
		46CB6AED1AED715900BF1DF3 /* Info.plist */ = {isa = PBXFileReference; lastKnownFileType = text.plist.xml; path = Info.plist; sourceTree = "<group>"; };
		46CB6AFF1AED797A00BF1DF3 /* SLFeedVC.h */ = {isa = PBXFileReference; fileEncoding = 4; lastKnownFileType = sourcecode.c.h; path = SLFeedVC.h; sourceTree = "<group>"; };
		46CB6B001AED797A00BF1DF3 /* SLFeedVC.m */ = {isa = PBXFileReference; fileEncoding = 4; lastKnownFileType = sourcecode.c.objc; path = SLFeedVC.m; sourceTree = "<group>"; };
		46CB6B031AED7ADC00BF1DF3 /* SLListsVC.h */ = {isa = PBXFileReference; fileEncoding = 4; lastKnownFileType = sourcecode.c.h; path = SLListsVC.h; sourceTree = "<group>"; };
		46CB6B041AED7ADC00BF1DF3 /* SLListsVC.m */ = {isa = PBXFileReference; fileEncoding = 4; lastKnownFileType = sourcecode.c.objc; path = SLListsVC.m; sourceTree = "<group>"; };
		46CB6B071AED7BB100BF1DF3 /* SLProfileVC.h */ = {isa = PBXFileReference; fileEncoding = 4; lastKnownFileType = sourcecode.c.h; path = SLProfileVC.h; sourceTree = "<group>"; };
		46CB6B081AED7BB100BF1DF3 /* SLProfileVC.m */ = {isa = PBXFileReference; fileEncoding = 4; lastKnownFileType = sourcecode.c.objc; path = SLProfileVC.m; sourceTree = "<group>"; };
		46CB6B0B1AED7C9900BF1DF3 /* SLMoreVC.h */ = {isa = PBXFileReference; fileEncoding = 4; lastKnownFileType = sourcecode.c.h; path = SLMoreVC.h; sourceTree = "<group>"; };
		46CB6B0C1AED7C9900BF1DF3 /* SLMoreVC.m */ = {isa = PBXFileReference; fileEncoding = 4; lastKnownFileType = sourcecode.c.objc; path = SLMoreVC.m; sourceTree = "<group>"; };
		46CB6B0E1AED80FD00BF1DF3 /* SLBaseVC.h */ = {isa = PBXFileReference; fileEncoding = 4; lastKnownFileType = sourcecode.c.h; path = SLBaseVC.h; sourceTree = "<group>"; };
		46CB6B0F1AED80FD00BF1DF3 /* SLBaseVC.m */ = {isa = PBXFileReference; fileEncoding = 4; lastKnownFileType = sourcecode.c.objc; path = SLBaseVC.m; sourceTree = "<group>"; };
		46CB6B131AED842200BF1DF3 /* SLStyle.h */ = {isa = PBXFileReference; fileEncoding = 4; lastKnownFileType = sourcecode.c.h; path = SLStyle.h; sourceTree = "<group>"; };
		46CB6B141AED842200BF1DF3 /* SLStyle.m */ = {isa = PBXFileReference; fileEncoding = 4; lastKnownFileType = sourcecode.c.objc; path = SLStyle.m; sourceTree = "<group>"; };
		46CB6B161AED850200BF1DF3 /* UIColor+SLStyle.h */ = {isa = PBXFileReference; fileEncoding = 4; lastKnownFileType = sourcecode.c.h; path = "UIColor+SLStyle.h"; sourceTree = "<group>"; };
		46CB6B171AED850200BF1DF3 /* UIColor+SLStyle.m */ = {isa = PBXFileReference; fileEncoding = 4; lastKnownFileType = sourcecode.c.objc; path = "UIColor+SLStyle.m"; sourceTree = "<group>"; };
		46CB6B191AED94D600BF1DF3 /* SLNavigationController.h */ = {isa = PBXFileReference; fileEncoding = 4; lastKnownFileType = sourcecode.c.h; path = SLNavigationController.h; sourceTree = "<group>"; };
		46CB6B1A1AED94D600BF1DF3 /* SLNavigationController.m */ = {isa = PBXFileReference; fileEncoding = 4; lastKnownFileType = sourcecode.c.objc; path = SLNavigationController.m; sourceTree = "<group>"; };
		6EFCC671B3C3AACECC69EBC0 /* Pods-shortListTests.debug.xcconfig */ = {isa = PBXFileReference; includeInIndex = 1; lastKnownFileType = text.xcconfig; name = "Pods-shortListTests.debug.xcconfig"; path = "Pods/Target Support Files/Pods-shortListTests/Pods-shortListTests.debug.xcconfig"; sourceTree = "<group>"; };
		96318E4294F9670A88DFF932 /* libPods-shortListTests.a */ = {isa = PBXFileReference; explicitFileType = archive.ar; includeInIndex = 0; path = "libPods-shortListTests.a"; sourceTree = BUILT_PRODUCTS_DIR; };
		C902DB471B3CDA47007822A1 /* appKeys.plist */ = {isa = PBXFileReference; fileEncoding = 4; lastKnownFileType = text.plist.xml; path = appKeys.plist; sourceTree = "<group>"; };
		CE0D5FB60B95EE1C6AAD8165 /* libPods.a */ = {isa = PBXFileReference; explicitFileType = archive.ar; includeInIndex = 0; path = libPods.a; sourceTree = BUILT_PRODUCTS_DIR; };
/* End PBXFileReference section */

/* Begin PBXFrameworksBuildPhase section */
		46CB6AC91AED715800BF1DF3 /* Frameworks */ = {
			isa = PBXFrameworksBuildPhase;
			buildActionMask = 2147483647;
			files = (
				3A67B00A491460F0C0119307 /* libPods.a in Frameworks */,
			);
			runOnlyForDeploymentPostprocessing = 0;
		};
		46CB6AE51AED715800BF1DF3 /* Frameworks */ = {
			isa = PBXFrameworksBuildPhase;
			buildActionMask = 2147483647;
			files = (
				71B66FE816682F53147BC434 /* libPods-shortListTests.a in Frameworks */,
			);
			runOnlyForDeploymentPostprocessing = 0;
		};
/* End PBXFrameworksBuildPhase section */

/* Begin PBXGroup section */
		461801131B08D590003C0A92 /* Create ShortList */ = {
			isa = PBXGroup;
			children = (
				461801171B08E668003C0A92 /* Cells */,
				461801141B08D7A4003C0A92 /* SLCreateShortListVC.h */,
				461801151B08D7A4003C0A92 /* SLCreateShortListVC.m */,
			);
			name = "Create ShortList";
			sourceTree = "<group>";
		};
		461801171B08E668003C0A92 /* Cells */ = {
			isa = PBXGroup;
			children = (
				461801181B08E6A0003C0A92 /* SLCreateShortListTitleCell.h */,
				461801191B08E6A0003C0A92 /* SLCreateShortListTitleCell.m */,
				4618011E1B09361E003C0A92 /* SLCreateShortListEnterNameCell.h */,
				4618011F1B09361E003C0A92 /* SLCreateShortListEnterNameCell.m */,
				461801211B095206003C0A92 /* SLCreateShortListEnterYearCell.h */,
				461801221B095206003C0A92 /* SLCreateShortListEnterYearCell.m */,
			);
			name = Cells;
			sourceTree = "<group>";
		};
		461FC9F91AED9888001C3F46 /* Components */ = {
			isa = PBXGroup;
			children = (
				468FB8B11B113AE20004DC14 /* Banner */,
				46AB4A9F1B042E850056EC35 /* Login */,
				461FC9FB1AED98B6001C3F46 /* Tab */,
				461FC9FA1AED98A8001C3F46 /* Navigation */,
			);
			name = Components;
			sourceTree = "<group>";
		};
		461FC9FA1AED98A8001C3F46 /* Navigation */ = {
			isa = PBXGroup;
			children = (
				46CB6B191AED94D600BF1DF3 /* SLNavigationController.h */,
				46CB6B1A1AED94D600BF1DF3 /* SLNavigationController.m */,
			);
			name = Navigation;
			sourceTree = "<group>";
		};
		461FC9FB1AED98B6001C3F46 /* Tab */ = {
			isa = PBXGroup;
			children = (
				461FC9FC1AED98F9001C3F46 /* SLTabBarController.h */,
				461FC9FD1AED98F9001C3F46 /* SLTabBarController.m */,
			);
			name = Tab;
			sourceTree = "<group>";
		};
		461FC9FF1AED9A68001C3F46 /* Controllers */ = {
			isa = PBXGroup;
			children = (
				461FCA001AED9C8E001C3F46 /* ItunesSearchAPIController.h */,
				461FCA011AED9C8E001C3F46 /* ItunesSearchAPIController.m */,
				4648A5511B1E663F00F997F8 /* SLParseController.swift */,
			);
			name = Controllers;
			sourceTree = "<group>";
		};
		4651CE231B4C993B003E9C0F /* Albums */ = {
			isa = PBXGroup;
			children = (
				467D55901AF54FB4005CD607 /* SLListAlbumsVC.h */,
				467D55911AF54FB4005CD607 /* SLListAlbumsVC.m */,
				4651CE241B4C9992003E9C0F /* SLListAbumCell.h */,
				4651CE251B4C9992003E9C0F /* SLListAbumCell.m */,
			);
			name = Albums;
			sourceTree = "<group>";
		};
		467D55931AF55E71005CD607 /* Search */ = {
			isa = PBXGroup;
			children = (
				467D559A1AF577DB005CD607 /* Artist */,
				467D559B1AF577EB005CD607 /* Album */,
			);
			name = Search;
			sourceTree = "<group>";
		};
		467D559A1AF577DB005CD607 /* Artist */ = {
			isa = PBXGroup;
			children = (
				467D55941AF55F3A005CD607 /* SLArtistSearchResultsVC.h */,
				467D55951AF55F3A005CD607 /* SLArtistSearchResultsVC.m */,
			);
			name = Artist;
			sourceTree = "<group>";
		};
		467D559B1AF577EB005CD607 /* Album */ = {
			isa = PBXGroup;
			children = (
				467D55971AF577D0005CD607 /* SLAlbumSearchResultVC.h */,
				467D55981AF577D0005CD607 /* SLAlbumSearchResultVC.m */,
				467D559C1AF62A4F005CD607 /* SLAlbumSearchResultsCellTableViewCell.h */,
				467D559D1AF62A4F005CD607 /* SLAlbumSearchResultsCellTableViewCell.m */,
			);
			name = Album;
			sourceTree = "<group>";
		};
		467D55A01AF696FF005CD607 /* Album Details */ = {
			isa = PBXGroup;
			children = (
				468925691B00027400A7D98C /* Cells */,
				467D55A11AF69746005CD607 /* SLAlbumDetailsVC.h */,
				467D55A21AF69746005CD607 /* SLAlbumDetailsVC.m */,
			);
			name = "Album Details";
			sourceTree = "<group>";
		};
		467D55A41AF6D914005CD607 /* Categories */ = {
			isa = PBXGroup;
			children = (
				467D55A51AF6D98F005CD607 /* UIImage+AverageColor.h */,
				467D55A61AF6D98F005CD607 /* UIImage+AverageColor.m */,
			);
			name = Categories;
			sourceTree = "<group>";
		};
		468925691B00027400A7D98C /* Cells */ = {
			isa = PBXGroup;
			children = (
				468925631AFFE10500A7D98C /* SLAlbumDetailsCell.h */,
				468925641AFFE10500A7D98C /* SLAlbumDetailsCell.m */,
				468925661B00026B00A7D98C /* SLAlbumTrackCell.h */,
				468925671B00026B00A7D98C /* SLAlbumTrackCell.m */,
			);
			name = Cells;
			sourceTree = "<group>";
		};
		468FB8B11B113AE20004DC14 /* Banner */ = {
			isa = PBXGroup;
			children = (
				46AAEE551B27AB8800E10C42 /* SLBannerMessageView.swift */,
			);
			name = Banner;
			sourceTree = "<group>";
		};
		468FB8B81B1260290004DC14 /* itunes */ = {
			isa = PBXGroup;
			children = (
				46A0940C1AF06DDA0091C7F7 /* ItunesSearchArtist.h */,
				46A0940D1AF06DDA0091C7F7 /* ItunesSearchArtist.m */,
				46A0940F1AF06FDF0091C7F7 /* ItunesSearchAlbum.h */,
				46A094101AF06FDF0091C7F7 /* ItunesSearchAlbum.m */,
				46A094151AF076C80091C7F7 /* ItunesSearchTracks.h */,
				46A094161AF076C80091C7F7 /* ItunesSearchTracks.m */,
				46A094041AF061C00091C7F7 /* ItunesArtist.h */,
				46A094051AF061C00091C7F7 /* ItunesArtist.m */,
				46A094091AF06A3F0091C7F7 /* ItunesAlbum.h */,
				46A0940A1AF06A3F0091C7F7 /* ItunesAlbum.m */,
				46A094121AF072730091C7F7 /* ItunesTrack.h */,
				46A094131AF072730091C7F7 /* ItunesTrack.m */,
			);
			name = itunes;
			sourceTree = "<group>";
		};
		468FB8B91B1260B40004DC14 /* ShortList */ = {
			isa = PBXGroup;
			children = (
				468FB8BA1B1260DE0004DC14 /* Shortlist.h */,
				468FB8BB1B1260DE0004DC14 /* Shortlist.m */,
				4648A5541B234CC300F997F8 /* ShortListAlbum.h */,
				4648A5551B234CC300F997F8 /* ShortListAlbum.m */,
			);
			name = ShortList;
			sourceTree = "<group>";
		};
		46A094071AF061E60091C7F7 /* itunes API */ = {
			isa = PBXGroup;
			children = (
				46A094081AF061FD0091C7F7 /* Models */,
				461FC9FF1AED9A68001C3F46 /* Controllers */,
			);
			name = "itunes API";
			sourceTree = "<group>";
		};
		46A094081AF061FD0091C7F7 /* Models */ = {
			isa = PBXGroup;
			children = (
				468FB8B91B1260B40004DC14 /* ShortList */,
				468FB8B81B1260290004DC14 /* itunes */,
			);
			name = Models;
			sourceTree = "<group>";
		};
		46A094181AF078270091C7F7 /* Itunes API Test Files */ = {
			isa = PBXGroup;
			children = (
				46A094191AF079120091C7F7 /* ItunesArtistSearchResults.JSON */,
				46A0941D1AF07BB40091C7F7 /* ItunesAlbumSearchResults.JSON */,
				46A0941F1AF07C140091C7F7 /* ItunesTracksSearchResult.JSON */,
			);
			name = "Itunes API Test Files";
			sourceTree = "<group>";
		};
		46A16A991B1D3828007F21FA /* ShortLists */ = {
			isa = PBXGroup;
			children = (
				46CB6B031AED7ADC00BF1DF3 /* SLListsVC.h */,
				46CB6B041AED7ADC00BF1DF3 /* SLListsVC.m */,
				46B242331B57166100BA20D4 /* SLAlbumsCollectionCell.h */,
				46B242341B57166100BA20D4 /* SLAlbumsCollectionCell.m */,
				46B242391B5DC14100BA20D4 /* SLAlbumCell.h */,
				46B2423A1B5DC14100BA20D4 /* SLAlbumCell.m */,
				4651CE231B4C993B003E9C0F /* Albums */,
			);
			name = ShortLists;
			sourceTree = "<group>";
		};
		46AB4A9F1B042E850056EC35 /* Login */ = {
			isa = PBXGroup;
			children = (
				46AB4AA01B042EC50056EC35 /* UIViewController+SLLoginGate.h */,
				46AB4AA11B042EC50056EC35 /* UIViewController+SLLoginGate.m */,
				46AB4AA31B042F570056EC35 /* SLLoginVC.h */,
				46AB4AA41B042F570056EC35 /* SLLoginVC.m */,
				461801101B077E6C003C0A92 /* SLUserSignUpVC.h */,
				461801111B077E6C003C0A92 /* SLUserSignUpVC.m */,
			);
			name = Login;
			sourceTree = "<group>";
		};
		46CB6AC31AED715800BF1DF3 = {
			isa = PBXGroup;
			children = (
				46CB6ACE1AED715800BF1DF3 /* shortList */,
				46CB6AEB1AED715800BF1DF3 /* shortListTests */,
				46CB6ACD1AED715800BF1DF3 /* Products */,
				E1C19EF74320190C92849CF2 /* Pods */,
				E1761E54DFFFFE8F0167477C /* Frameworks */,
			);
			sourceTree = "<group>";
		};
		46CB6ACD1AED715800BF1DF3 /* Products */ = {
			isa = PBXGroup;
			children = (
				46CB6ACC1AED715800BF1DF3 /* shortList.app */,
				46CB6AE81AED715800BF1DF3 /* shortListTests.xctest */,
			);
			name = Products;
			sourceTree = "<group>";
		};
		46CB6ACE1AED715800BF1DF3 /* shortList */ = {
			isa = PBXGroup;
			children = (
				46CB6AD31AED715800BF1DF3 /* AppDelegate.h */,
				46CB6AD41AED715800BF1DF3 /* AppDelegate.m */,
				46CB6AFA1AED76F400BF1DF3 /* UI */,
				46CB6AF91AED76EB00BF1DF3 /* Models */,
				46CB6ACF1AED715800BF1DF3 /* Supporting Files */,
			);
			path = shortList;
			sourceTree = "<group>";
		};
		46CB6ACF1AED715800BF1DF3 /* Supporting Files */ = {
			isa = PBXGroup;
			children = (
				4648A5501B1E663E00F997F8 /* shortList-Bridging-Header.h */,
				46CB6AD61AED715800BF1DF3 /* shortList.xcdatamodeld */,
				46CB6ADF1AED715800BF1DF3 /* Images.xcassets */,
				46CB6AE11AED715800BF1DF3 /* LaunchScreen.xib */,
				46CB6AD01AED715800BF1DF3 /* Info.plist */,
				46CB6AD11AED715800BF1DF3 /* main.m */,
				C902DB471B3CDA47007822A1 /* appKeys.plist */,
			);
			name = "Supporting Files";
			sourceTree = "<group>";
		};
		46CB6AEB1AED715800BF1DF3 /* shortListTests */ = {
			isa = PBXGroup;
			children = (
				46A094271AF1B3E70091C7F7 /* ItunesSearchTesting.m */,
				46A094181AF078270091C7F7 /* Itunes API Test Files */,
				46CB6AEC1AED715900BF1DF3 /* Supporting Files */,
			);
			path = shortListTests;
			sourceTree = "<group>";
		};
		46CB6AEC1AED715900BF1DF3 /* Supporting Files */ = {
			isa = PBXGroup;
			children = (
				46CB6AED1AED715900BF1DF3 /* Info.plist */,
			);
			name = "Supporting Files";
			sourceTree = "<group>";
		};
		46CB6AF91AED76EB00BF1DF3 /* Models */ = {
			isa = PBXGroup;
			children = (
				46A094071AF061E60091C7F7 /* itunes API */,
			);
			name = Models;
			sourceTree = "<group>";
		};
		46CB6AFA1AED76F400BF1DF3 /* UI */ = {
			isa = PBXGroup;
			children = (
				467D55A41AF6D914005CD607 /* Categories */,
				461FC9F91AED9888001C3F46 /* Components */,
				46CB6B121AED83F000BF1DF3 /* SL Style */,
				46CB6B111AED83D700BF1DF3 /* SL Sections */,
				46CB6B0E1AED80FD00BF1DF3 /* SLBaseVC.h */,
				46CB6B0F1AED80FD00BF1DF3 /* SLBaseVC.m */,
			);
			name = UI;
			sourceTree = "<group>";
		};
		46CB6AFE1AED794000BF1DF3 /* Feed */ = {
			isa = PBXGroup;
			children = (
				46CB6AFF1AED797A00BF1DF3 /* SLFeedVC.h */,
				46CB6B001AED797A00BF1DF3 /* SLFeedVC.m */,
			);
			name = Feed;
			sourceTree = "<group>";
		};
		46CB6B021AED7A9100BF1DF3 /* Lists */ = {
			isa = PBXGroup;
			children = (
				461801131B08D590003C0A92 /* Create ShortList */,
				467D55A01AF696FF005CD607 /* Album Details */,
				467D55931AF55E71005CD607 /* Search */,
				46A16A991B1D3828007F21FA /* ShortLists */,
			);
			name = Lists;
			sourceTree = "<group>";
		};
		46CB6B061AED7B9A00BF1DF3 /* Profile */ = {
			isa = PBXGroup;
			children = (
				46CB6B071AED7BB100BF1DF3 /* SLProfileVC.h */,
				46CB6B081AED7BB100BF1DF3 /* SLProfileVC.m */,
			);
			name = Profile;
			sourceTree = "<group>";
		};
		46CB6B0A1AED7C8300BF1DF3 /* More */ = {
			isa = PBXGroup;
			children = (
				46CB6B0B1AED7C9900BF1DF3 /* SLMoreVC.h */,
				46CB6B0C1AED7C9900BF1DF3 /* SLMoreVC.m */,
			);
			name = More;
			sourceTree = "<group>";
		};
		46CB6B111AED83D700BF1DF3 /* SL Sections */ = {
			isa = PBXGroup;
			children = (
				46CB6B0A1AED7C8300BF1DF3 /* More */,
				46CB6B061AED7B9A00BF1DF3 /* Profile */,
				46CB6B021AED7A9100BF1DF3 /* Lists */,
				46CB6AFE1AED794000BF1DF3 /* Feed */,
			);
			name = "SL Sections";
			sourceTree = "<group>";
		};
		46CB6B121AED83F000BF1DF3 /* SL Style */ = {
			isa = PBXGroup;
			children = (
				46CB6B131AED842200BF1DF3 /* SLStyle.h */,
				46CB6B141AED842200BF1DF3 /* SLStyle.m */,
				46CB6B161AED850200BF1DF3 /* UIColor+SLStyle.h */,
				46CB6B171AED850200BF1DF3 /* UIColor+SLStyle.m */,
			);
			name = "SL Style";
			sourceTree = "<group>";
		};
		E1761E54DFFFFE8F0167477C /* Frameworks */ = {
			isa = PBXGroup;
			children = (
				CE0D5FB60B95EE1C6AAD8165 /* libPods.a */,
				96318E4294F9670A88DFF932 /* libPods-shortListTests.a */,
			);
			name = Frameworks;
			sourceTree = "<group>";
		};
		E1C19EF74320190C92849CF2 /* Pods */ = {
			isa = PBXGroup;
			children = (
				387B84E873048CE78F83CF11 /* Pods.debug.xcconfig */,
				1415B849DC8FE7440FF77432 /* Pods.release.xcconfig */,
				6EFCC671B3C3AACECC69EBC0 /* Pods-shortListTests.debug.xcconfig */,
				4541FC2A6E9CC99BEBFB5502 /* Pods-shortListTests.release.xcconfig */,
			);
			name = Pods;
			sourceTree = "<group>";
		};
/* End PBXGroup section */

/* Begin PBXNativeTarget section */
		46CB6ACB1AED715800BF1DF3 /* shortList */ = {
			isa = PBXNativeTarget;
			buildConfigurationList = 46CB6AF21AED715900BF1DF3 /* Build configuration list for PBXNativeTarget "shortList" */;
			buildPhases = (
				AADDE83235A427A52B52687E /* Check Pods Manifest.lock */,
				46CB6AC81AED715800BF1DF3 /* Sources */,
				46CB6AC91AED715800BF1DF3 /* Frameworks */,
				46AB4A9E1B042B680056EC35 /* Copy ShortList Keys */,
				46CB6ACA1AED715800BF1DF3 /* Resources */,
				46714766D042C982A4C328BD /* Copy Pods Resources */,
			);
			buildRules = (
			);
			dependencies = (
			);
			name = shortList;
			productName = shortList;
			productReference = 46CB6ACC1AED715800BF1DF3 /* shortList.app */;
			productType = "com.apple.product-type.application";
		};
		46CB6AE71AED715800BF1DF3 /* shortListTests */ = {
			isa = PBXNativeTarget;
			buildConfigurationList = 46CB6AF51AED715900BF1DF3 /* Build configuration list for PBXNativeTarget "shortListTests" */;
			buildPhases = (
				A0861F878F72317DFCE57765 /* Check Pods Manifest.lock */,
				46CB6AE41AED715800BF1DF3 /* Sources */,
				46CB6AE51AED715800BF1DF3 /* Frameworks */,
				46CB6AE61AED715800BF1DF3 /* Resources */,
				D74E838B1ED1BBB3DED45ADD /* Copy Pods Resources */,
			);
			buildRules = (
			);
			dependencies = (
				46CB6AEA1AED715800BF1DF3 /* PBXTargetDependency */,
			);
			name = shortListTests;
			productName = shortListTests;
			productReference = 46CB6AE81AED715800BF1DF3 /* shortListTests.xctest */;
			productType = "com.apple.product-type.bundle.unit-test";
		};
/* End PBXNativeTarget section */

/* Begin PBXProject section */
		46CB6AC41AED715800BF1DF3 /* Project object */ = {
			isa = PBXProject;
			attributes = {
				LastSwiftUpdateCheck = 0700;
				LastUpgradeCheck = 0630;
				ORGANIZATIONNAME = "Dustin Bergman";
				TargetAttributes = {
					46CB6ACB1AED715800BF1DF3 = {
						CreatedOnToolsVersion = 6.3.1;
					};
					46CB6AE71AED715800BF1DF3 = {
						CreatedOnToolsVersion = 6.3.1;
						TestTargetID = 46CB6ACB1AED715800BF1DF3;
					};
				};
			};
			buildConfigurationList = 46CB6AC71AED715800BF1DF3 /* Build configuration list for PBXProject "shortList" */;
			compatibilityVersion = "Xcode 3.2";
			developmentRegion = English;
			hasScannedForEncodings = 0;
			knownRegions = (
				en,
				Base,
			);
			mainGroup = 46CB6AC31AED715800BF1DF3;
			productRefGroup = 46CB6ACD1AED715800BF1DF3 /* Products */;
			projectDirPath = "";
			projectRoot = "";
			targets = (
				46CB6ACB1AED715800BF1DF3 /* shortList */,
				46CB6AE71AED715800BF1DF3 /* shortListTests */,
			);
		};
/* End PBXProject section */

/* Begin PBXResourcesBuildPhase section */
		46CB6ACA1AED715800BF1DF3 /* Resources */ = {
			isa = PBXResourcesBuildPhase;
			buildActionMask = 2147483647;
			files = (
				46A094291AF1B8150091C7F7 /* ItunesArtistSearchResults.JSON in Resources */,
				46A0942A1AF1B8150091C7F7 /* ItunesAlbumSearchResults.JSON in Resources */,
				46A0942B1AF1B8150091C7F7 /* ItunesTracksSearchResult.JSON in Resources */,
				46CB6AE31AED715800BF1DF3 /* LaunchScreen.xib in Resources */,
				C902DB481B3CDA47007822A1 /* appKeys.plist in Resources */,
				46CB6AE01AED715800BF1DF3 /* Images.xcassets in Resources */,
			);
			runOnlyForDeploymentPostprocessing = 0;
		};
		46CB6AE61AED715800BF1DF3 /* Resources */ = {
			isa = PBXResourcesBuildPhase;
			buildActionMask = 2147483647;
			files = (
				46A0941E1AF07BB40091C7F7 /* ItunesAlbumSearchResults.JSON in Resources */,
				46A094201AF07C140091C7F7 /* ItunesTracksSearchResult.JSON in Resources */,
				46A0941A1AF079120091C7F7 /* ItunesArtistSearchResults.JSON in Resources */,
			);
			runOnlyForDeploymentPostprocessing = 0;
		};
/* End PBXResourcesBuildPhase section */

/* Begin PBXShellScriptBuildPhase section */
		46714766D042C982A4C328BD /* Copy Pods Resources */ = {
			isa = PBXShellScriptBuildPhase;
			buildActionMask = 2147483647;
			files = (
			);
			inputPaths = (
			);
			name = "Copy Pods Resources";
			outputPaths = (
			);
			runOnlyForDeploymentPostprocessing = 0;
			shellPath = /bin/sh;
			shellScript = "\"${SRCROOT}/Pods/Target Support Files/Pods/Pods-resources.sh\"\n";
			showEnvVarsInLog = 0;
		};
		46AB4A9E1B042B680056EC35 /* Copy ShortList Keys */ = {
			isa = PBXShellScriptBuildPhase;
			buildActionMask = 2147483647;
			files = (
			);
			inputPaths = (
			);
			name = "Copy ShortList Keys";
			outputPaths = (
			);
			runOnlyForDeploymentPostprocessing = 0;
			shellPath = /bin/sh;
			shellScript = "
";
			showEnvVarsInLog = 0;
		};
		A0861F878F72317DFCE57765 /* Check Pods Manifest.lock */ = {
			isa = PBXShellScriptBuildPhase;
			buildActionMask = 2147483647;
			files = (
			);
			inputPaths = (
			);
			name = "Check Pods Manifest.lock";
			outputPaths = (
			);
			runOnlyForDeploymentPostprocessing = 0;
			shellPath = /bin/sh;
			shellScript = "diff \"${PODS_ROOT}/../Podfile.lock\" \"${PODS_ROOT}/Manifest.lock\" > /dev/null\nif [[ $? != 0 ]] ; then\n    cat << EOM\nerror: The sandbox is not in sync with the Podfile.lock. Run 'pod install' or update your CocoaPods installation.\nEOM\n    exit 1\nfi\n";
			showEnvVarsInLog = 0;
		};
		AADDE83235A427A52B52687E /* Check Pods Manifest.lock */ = {
			isa = PBXShellScriptBuildPhase;
			buildActionMask = 2147483647;
			files = (
			);
			inputPaths = (
			);
			name = "Check Pods Manifest.lock";
			outputPaths = (
			);
			runOnlyForDeploymentPostprocessing = 0;
			shellPath = /bin/sh;
			shellScript = "diff \"${PODS_ROOT}/../Podfile.lock\" \"${PODS_ROOT}/Manifest.lock\" > /dev/null\nif [[ $? != 0 ]] ; then\n    cat << EOM\nerror: The sandbox is not in sync with the Podfile.lock. Run 'pod install' or update your CocoaPods installation.\nEOM\n    exit 1\nfi\n";
			showEnvVarsInLog = 0;
		};
		D74E838B1ED1BBB3DED45ADD /* Copy Pods Resources */ = {
			isa = PBXShellScriptBuildPhase;
			buildActionMask = 2147483647;
			files = (
			);
			inputPaths = (
			);
			name = "Copy Pods Resources";
			outputPaths = (
			);
			runOnlyForDeploymentPostprocessing = 0;
			shellPath = /bin/sh;
			shellScript = "\"${SRCROOT}/Pods/Target Support Files/Pods-shortListTests/Pods-shortListTests-resources.sh\"\n";
			showEnvVarsInLog = 0;
		};
/* End PBXShellScriptBuildPhase section */

/* Begin PBXSourcesBuildPhase section */
		46CB6AC81AED715800BF1DF3 /* Sources */ = {
			isa = PBXSourcesBuildPhase;
			buildActionMask = 2147483647;
			files = (
				46CB6B101AED80FD00BF1DF3 /* SLBaseVC.m in Sources */,
				46A0940B1AF06A3F0091C7F7 /* ItunesAlbum.m in Sources */,
				46CB6B0D1AED7C9900BF1DF3 /* SLMoreVC.m in Sources */,
				4648A5561B234CC300F997F8 /* ShortListAlbum.m in Sources */,
				46A094141AF072730091C7F7 /* ItunesTrack.m in Sources */,
				46CB6B091AED7BB100BF1DF3 /* SLProfileVC.m in Sources */,
				46CB6AD51AED715800BF1DF3 /* AppDelegate.m in Sources */,
				46CB6B1B1AED94D600BF1DF3 /* SLNavigationController.m in Sources */,
				4648A5521B1E663F00F997F8 /* SLParseController.swift in Sources */,
				467D55991AF577D0005CD607 /* SLAlbumSearchResultVC.m in Sources */,
				4651CE261B4C9992003E9C0F /* SLListAbumCell.m in Sources */,
				46CB6B011AED797A00BF1DF3 /* SLFeedVC.m in Sources */,
				461FCA021AED9C8E001C3F46 /* ItunesSearchAPIController.m in Sources */,
				461801201B09361E003C0A92 /* SLCreateShortListEnterNameCell.m in Sources */,
				467D55A71AF6D98F005CD607 /* UIImage+AverageColor.m in Sources */,
				46CB6AD81AED715800BF1DF3 /* shortList.xcdatamodeld in Sources */,
				461801121B077E6C003C0A92 /* SLUserSignUpVC.m in Sources */,
				46CB6B181AED850200BF1DF3 /* UIColor+SLStyle.m in Sources */,
				46CB6B151AED842200BF1DF3 /* SLStyle.m in Sources */,
				46A094171AF076C80091C7F7 /* ItunesSearchTracks.m in Sources */,
				46B242351B57166100BA20D4 /* SLAlbumsCollectionCell.m in Sources */,
				46CB6AD21AED715800BF1DF3 /* main.m in Sources */,
				467D55961AF55F3A005CD607 /* SLArtistSearchResultsVC.m in Sources */,
				46AAEE561B27AB8800E10C42 /* SLBannerMessageView.swift in Sources */,
				461FC9FE1AED98F9001C3F46 /* SLTabBarController.m in Sources */,
				468925681B00026B00A7D98C /* SLAlbumTrackCell.m in Sources */,
				467D559E1AF62A4F005CD607 /* SLAlbumSearchResultsCellTableViewCell.m in Sources */,
				461801161B08D7A4003C0A92 /* SLCreateShortListVC.m in Sources */,
				46A0940E1AF06DDA0091C7F7 /* ItunesSearchArtist.m in Sources */,
				46CB6B051AED7ADC00BF1DF3 /* SLListsVC.m in Sources */,
				4618011A1B08E6A0003C0A92 /* SLCreateShortListTitleCell.m in Sources */,
				46AB4AA21B042EC50056EC35 /* UIViewController+SLLoginGate.m in Sources */,
				468925651AFFE10500A7D98C /* SLAlbumDetailsCell.m in Sources */,
				46B2423B1B5DC14100BA20D4 /* SLAlbumCell.m in Sources */,
				461801231B095206003C0A92 /* SLCreateShortListEnterYearCell.m in Sources */,
				467D55A31AF69746005CD607 /* SLAlbumDetailsVC.m in Sources */,
				46AB4AA51B042F570056EC35 /* SLLoginVC.m in Sources */,
				46A094061AF061C00091C7F7 /* ItunesArtist.m in Sources */,
				46A094111AF06FDF0091C7F7 /* ItunesSearchAlbum.m in Sources */,
				468FB8BC1B1260DE0004DC14 /* Shortlist.m in Sources */,
				467D55921AF54FB4005CD607 /* SLListAlbumsVC.m in Sources */,
			);
			runOnlyForDeploymentPostprocessing = 0;
		};
		46CB6AE41AED715800BF1DF3 /* Sources */ = {
			isa = PBXSourcesBuildPhase;
			buildActionMask = 2147483647;
			files = (
				46A094281AF1B3E70091C7F7 /* ItunesSearchTesting.m in Sources */,
			);
			runOnlyForDeploymentPostprocessing = 0;
		};
/* End PBXSourcesBuildPhase section */

/* Begin PBXTargetDependency section */
		46CB6AEA1AED715800BF1DF3 /* PBXTargetDependency */ = {
			isa = PBXTargetDependency;
			target = 46CB6ACB1AED715800BF1DF3 /* shortList */;
			targetProxy = 46CB6AE91AED715800BF1DF3 /* PBXContainerItemProxy */;
		};
/* End PBXTargetDependency section */

/* Begin PBXVariantGroup section */
		46CB6AE11AED715800BF1DF3 /* LaunchScreen.xib */ = {
			isa = PBXVariantGroup;
			children = (
				46CB6AE21AED715800BF1DF3 /* Base */,
			);
			name = LaunchScreen.xib;
			sourceTree = "<group>";
		};
/* End PBXVariantGroup section */

/* Begin XCBuildConfiguration section */
		46CB6AF01AED715900BF1DF3 /* Debug */ = {
			isa = XCBuildConfiguration;
			buildSettings = {
				ALWAYS_SEARCH_USER_PATHS = NO;
				CLANG_CXX_LANGUAGE_STANDARD = "gnu++0x";
				CLANG_CXX_LIBRARY = "libc++";
				CLANG_ENABLE_MODULES = YES;
				CLANG_ENABLE_OBJC_ARC = YES;
				CLANG_WARN_BOOL_CONVERSION = YES;
				CLANG_WARN_CONSTANT_CONVERSION = YES;
				CLANG_WARN_DIRECT_OBJC_ISA_USAGE = YES_ERROR;
				CLANG_WARN_EMPTY_BODY = YES;
				CLANG_WARN_ENUM_CONVERSION = YES;
				CLANG_WARN_INT_CONVERSION = YES;
				CLANG_WARN_OBJC_ROOT_CLASS = YES_ERROR;
				CLANG_WARN_UNREACHABLE_CODE = YES;
				CLANG_WARN__DUPLICATE_METHOD_MATCH = YES;
				"CODE_SIGN_IDENTITY[sdk=iphoneos*]" = "iPhone Developer";
				COPY_PHASE_STRIP = NO;
				DEBUG_INFORMATION_FORMAT = "dwarf-with-dsym";
				DEFINES_MODULE = YES;
				ENABLE_STRICT_OBJC_MSGSEND = YES;
				GCC_C_LANGUAGE_STANDARD = gnu99;
				GCC_DYNAMIC_NO_PIC = NO;
				GCC_NO_COMMON_BLOCKS = YES;
				GCC_OPTIMIZATION_LEVEL = 0;
				GCC_PREPROCESSOR_DEFINITIONS = (
					"DEBUG=1",
					"$(inherited)",
				);
				GCC_SYMBOLS_PRIVATE_EXTERN = NO;
				GCC_WARN_64_TO_32_BIT_CONVERSION = YES;
				GCC_WARN_ABOUT_RETURN_TYPE = YES_ERROR;
				GCC_WARN_UNDECLARED_SELECTOR = YES;
				GCC_WARN_UNINITIALIZED_AUTOS = YES_AGGRESSIVE;
				GCC_WARN_UNUSED_FUNCTION = YES;
				GCC_WARN_UNUSED_VARIABLE = YES;
				IPHONEOS_DEPLOYMENT_TARGET = 8.3;
				MTL_ENABLE_DEBUG_INFO = YES;
				ONLY_ACTIVE_ARCH = YES;
				PRODUCT_MODULE_NAME = shortList;
				SDKROOT = iphoneos;
				TARGETED_DEVICE_FAMILY = "1,2";
			};
			name = Debug;
		};
		46CB6AF11AED715900BF1DF3 /* Release */ = {
			isa = XCBuildConfiguration;
			buildSettings = {
				ALWAYS_SEARCH_USER_PATHS = NO;
				CLANG_CXX_LANGUAGE_STANDARD = "gnu++0x";
				CLANG_CXX_LIBRARY = "libc++";
				CLANG_ENABLE_MODULES = YES;
				CLANG_ENABLE_OBJC_ARC = YES;
				CLANG_WARN_BOOL_CONVERSION = YES;
				CLANG_WARN_CONSTANT_CONVERSION = YES;
				CLANG_WARN_DIRECT_OBJC_ISA_USAGE = YES_ERROR;
				CLANG_WARN_EMPTY_BODY = YES;
				CLANG_WARN_ENUM_CONVERSION = YES;
				CLANG_WARN_INT_CONVERSION = YES;
				CLANG_WARN_OBJC_ROOT_CLASS = YES_ERROR;
				CLANG_WARN_UNREACHABLE_CODE = YES;
				CLANG_WARN__DUPLICATE_METHOD_MATCH = YES;
				"CODE_SIGN_IDENTITY[sdk=iphoneos*]" = "iPhone Developer";
				COPY_PHASE_STRIP = NO;
				DEBUG_INFORMATION_FORMAT = "dwarf-with-dsym";
				DEFINES_MODULE = YES;
				ENABLE_NS_ASSERTIONS = NO;
				ENABLE_STRICT_OBJC_MSGSEND = YES;
				GCC_C_LANGUAGE_STANDARD = gnu99;
				GCC_NO_COMMON_BLOCKS = YES;
				GCC_WARN_64_TO_32_BIT_CONVERSION = YES;
				GCC_WARN_ABOUT_RETURN_TYPE = YES_ERROR;
				GCC_WARN_UNDECLARED_SELECTOR = YES;
				GCC_WARN_UNINITIALIZED_AUTOS = YES_AGGRESSIVE;
				GCC_WARN_UNUSED_FUNCTION = YES;
				GCC_WARN_UNUSED_VARIABLE = YES;
				IPHONEOS_DEPLOYMENT_TARGET = 8.3;
				MTL_ENABLE_DEBUG_INFO = NO;
				PRODUCT_MODULE_NAME = shortList;
				SDKROOT = iphoneos;
				TARGETED_DEVICE_FAMILY = "1,2";
				VALIDATE_PRODUCT = YES;
			};
			name = Release;
		};
		46CB6AF31AED715900BF1DF3 /* Debug */ = {
			isa = XCBuildConfiguration;
			baseConfigurationReference = 387B84E873048CE78F83CF11 /* Pods.debug.xcconfig */;
			buildSettings = {
				ASSETCATALOG_COMPILER_APPICON_NAME = AppIcon;
				CLANG_ENABLE_MODULES = YES;
				DEFINES_MODULE = YES;
				EMBEDDED_CONTENT_CONTAINS_SWIFT = YES;
				INFOPLIST_FILE = shortList/Info.plist;
				LD_RUNPATH_SEARCH_PATHS = "$(inherited) @executable_path/Frameworks";
				PRODUCT_NAME = "$(TARGET_NAME)";
				SWIFT_OBJC_BRIDGING_HEADER = "shortList/shortList-Bridging-Header.h";
				SWIFT_OPTIMIZATION_LEVEL = "-Onone";
			};
			name = Debug;
		};
		46CB6AF41AED715900BF1DF3 /* Release */ = {
			isa = XCBuildConfiguration;
			baseConfigurationReference = 1415B849DC8FE7440FF77432 /* Pods.release.xcconfig */;
			buildSettings = {
				ASSETCATALOG_COMPILER_APPICON_NAME = AppIcon;
				CLANG_ENABLE_MODULES = YES;
				DEFINES_MODULE = YES;
				EMBEDDED_CONTENT_CONTAINS_SWIFT = YES;
				INFOPLIST_FILE = shortList/Info.plist;
				LD_RUNPATH_SEARCH_PATHS = "$(inherited) @executable_path/Frameworks";
				PRODUCT_NAME = "$(TARGET_NAME)";
				SWIFT_OBJC_BRIDGING_HEADER = "shortList/shortList-Bridging-Header.h";
			};
			name = Release;
		};
		46CB6AF61AED715900BF1DF3 /* Debug */ = {
			isa = XCBuildConfiguration;
			baseConfigurationReference = 6EFCC671B3C3AACECC69EBC0 /* Pods-shortListTests.debug.xcconfig */;
			buildSettings = {
				BUNDLE_LOADER = "$(TEST_HOST)";
				FRAMEWORK_SEARCH_PATHS = (
					"$(SDKROOT)/Developer/Library/Frameworks",
					"$(inherited)",
				);
				GCC_PREPROCESSOR_DEFINITIONS = (
					"DEBUG=1",
					"$(inherited)",
				);
				INFOPLIST_FILE = shortListTests/Info.plist;
				LD_RUNPATH_SEARCH_PATHS = "$(inherited) @executable_path/Frameworks @loader_path/Frameworks";
				PRODUCT_NAME = "$(TARGET_NAME)";
				TEST_HOST = "$(BUILT_PRODUCTS_DIR)/shortList.app/shortList";
			};
			name = Debug;
		};
		46CB6AF71AED715900BF1DF3 /* Release */ = {
			isa = XCBuildConfiguration;
			baseConfigurationReference = 4541FC2A6E9CC99BEBFB5502 /* Pods-shortListTests.release.xcconfig */;
			buildSettings = {
				BUNDLE_LOADER = "$(TEST_HOST)";
				FRAMEWORK_SEARCH_PATHS = (
					"$(SDKROOT)/Developer/Library/Frameworks",
					"$(inherited)",
				);
				INFOPLIST_FILE = shortListTests/Info.plist;
				LD_RUNPATH_SEARCH_PATHS = "$(inherited) @executable_path/Frameworks @loader_path/Frameworks";
				PRODUCT_NAME = "$(TARGET_NAME)";
				TEST_HOST = "$(BUILT_PRODUCTS_DIR)/shortList.app/shortList";
			};
			name = Release;
		};
/* End XCBuildConfiguration section */

/* Begin XCConfigurationList section */
		46CB6AC71AED715800BF1DF3 /* Build configuration list for PBXProject "shortList" */ = {
			isa = XCConfigurationList;
			buildConfigurations = (
				46CB6AF01AED715900BF1DF3 /* Debug */,
				46CB6AF11AED715900BF1DF3 /* Release */,
			);
			defaultConfigurationIsVisible = 0;
			defaultConfigurationName = Release;
		};
		46CB6AF21AED715900BF1DF3 /* Build configuration list for PBXNativeTarget "shortList" */ = {
			isa = XCConfigurationList;
			buildConfigurations = (
				46CB6AF31AED715900BF1DF3 /* Debug */,
				46CB6AF41AED715900BF1DF3 /* Release */,
			);
			defaultConfigurationIsVisible = 0;
			defaultConfigurationName = Release;
		};
		46CB6AF51AED715900BF1DF3 /* Build configuration list for PBXNativeTarget "shortListTests" */ = {
			isa = XCConfigurationList;
			buildConfigurations = (
				46CB6AF61AED715900BF1DF3 /* Debug */,
				46CB6AF71AED715900BF1DF3 /* Release */,
			);
			defaultConfigurationIsVisible = 0;
			defaultConfigurationName = Release;
		};
/* End XCConfigurationList section */

/* Begin XCVersionGroup section */
		46CB6AD61AED715800BF1DF3 /* shortList.xcdatamodeld */ = {
			isa = XCVersionGroup;
			children = (
				46CB6AD71AED715800BF1DF3 /* shortList.xcdatamodel */,
			);
			currentVersion = 46CB6AD71AED715800BF1DF3 /* shortList.xcdatamodel */;
			path = shortList.xcdatamodeld;
			sourceTree = "<group>";
			versionGroupType = wrapper.xcdatamodel;
		};
/* End XCVersionGroup section */
	};
	rootObject = 46CB6AC41AED715800BF1DF3 /* Project object */;
}
